// !$*UTF8*$!
{
	archiveVersion = 1;
	classes = {
	};
	objectVersion = 77;
	objects = {

/* Begin PBXBuildFile section */
		01626FD089AB73C720C73E65 /* Crypto.swift in Sources */ = {isa = PBXBuildFile; fileRef = 84CCE38AD7448DE1A3B0ED18 /* Crypto.swift */; };
		02C09233DA489D02A5C286FC /* LegalConsent.swift in Sources */ = {isa = PBXBuildFile; fileRef = D5C561CFCFED153F1ECD7132 /* LegalConsent.swift */; };
		030186A5592AF2566BF3A812 /* DevLog.swift in Sources */ = {isa = PBXBuildFile; fileRef = E7E88BE1BED027F0864A4FDB /* DevLog.swift */; };
		04F5698226FD084B49684BD0 /* CameraCaptureView.swift in Sources */ = {isa = PBXBuildFile; fileRef = E427F7F984C8ABCB45FFF002 /* CameraCaptureView.swift */; };
		053433B0296C008EA6FE1A03 /* QRScannerView.swift in Sources */ = {isa = PBXBuildFile; fileRef = 5C29A3E4F96C993008633E2C /* QRScannerView.swift */; };
		084569AB63D80472D0918921 /* chat94App.swift in Sources */ = {isa = PBXBuildFile; fileRef = C012745C0C13413AF6D800EB /* chat94App.swift */; };
		0B79A76B2FD69113EC92858E /* chat94Shortcuts.swift in Sources */ = {isa = PBXBuildFile; fileRef = C1DCA6328EB75A86E2F6B9E6 /* chat94Shortcuts.swift */; };
		11532D0ED9D5E4EE21DEFBD2 /* dev-config.json in Resources */ = {isa = PBXBuildFile; fileRef = E29AFC5489AAF0A82A1F81F5 /* dev-config.json */; };
		12774D518C9C4DE7E305F67B /* ConnectionState.swift in Sources */ = {isa = PBXBuildFile; fileRef = 7FDF3B4C47C18100E92BD69F /* ConnectionState.swift */; };
		12B0A078901260CE89D7B5E1 /* LaunchActionStore.swift in Sources */ = {isa = PBXBuildFile; fileRef = C9E1EC1EDB009D5F77DE02C3 /* LaunchActionStore.swift */; };
		12D9ED439730046879F62297 /* SettingsSheet.swift in Sources */ = {isa = PBXBuildFile; fileRef = CEF8088CD1D168B0EA00A1F4 /* SettingsSheet.swift */; };
		15EA2C9BAB528555DE950A69 /* chat94App.swift in Sources */ = {isa = PBXBuildFile; fileRef = C012745C0C13413AF6D800EB /* chat94App.swift */; };
		165CFB7203FB5E6069512EED /* DevLog.swift in Sources */ = {isa = PBXBuildFile; fileRef = E7E88BE1BED027F0864A4FDB /* DevLog.swift */; };
		16EB6AD7DA90602387FCF402 /* Haptics.swift in Sources */ = {isa = PBXBuildFile; fileRef = A2093C01877EDCC593EC4885 /* Haptics.swift */; };
		1721F22BEEC67DB024A4D901 /* Assets.xcassets in Resources */ = {isa = PBXBuildFile; fileRef = 38EB16E8C689CE6F80777653 /* Assets.xcassets */; };
		18501903DBC7472116BEC531 /* TelemetryPreferences.swift in Sources */ = {isa = PBXBuildFile; fileRef = EAE0CD9B0A1BE6F823E1236F /* TelemetryPreferences.swift */; };
		1976474F523E570E0C3F96D6 /* CameraCaptureView.swift in Sources */ = {isa = PBXBuildFile; fileRef = E427F7F984C8ABCB45FFF002 /* CameraCaptureView.swift */; };
		1B3D6898215113AA6CD86164 /* ConnectingView.swift in Sources */ = {isa = PBXBuildFile; fileRef = 9003BFA399EAB8F56EDD2549 /* ConnectingView.swift */; };
		1C0C99D052A34F39DBB6A265 /* TelemetryManager.swift in Sources */ = {isa = PBXBuildFile; fileRef = CC4F713441477AEF744FEF36 /* TelemetryManager.swift */; };
		1CDBB816771A0AFD2E35252D /* Theme.swift in Sources */ = {isa = PBXBuildFile; fileRef = CD54275A7BA90BCF9F4C766A /* Theme.swift */; };
		1D26C8DDE23B6093512180AD /* PushNotificationService.swift in Sources */ = {isa = PBXBuildFile; fileRef = C9D8E1D01228AE4C0BC46C07 /* PushNotificationService.swift */; };
		1D7F5440CF45441FC3F21B00 /* PostHog in Frameworks */ = {isa = PBXBuildFile; productRef = 5F6758C4001873E6CDD7D872 /* PostHog */; };
		1DB051BD205F2D757AA2781C /* MessageBubble.swift in Sources */ = {isa = PBXBuildFile; fileRef = C06EB3DD5E80A6C3E974C83C /* MessageBubble.swift */; };
		1E3E7432E40456D021232EE1 /* ChatView.swift in Sources */ = {isa = PBXBuildFile; fileRef = 577ADEA7063CF3E5A806AD2A /* ChatView.swift */; };
		1F3D3BF8D7480092FEEF8C6E /* QRScannerView.swift in Sources */ = {isa = PBXBuildFile; fileRef = 5C29A3E4F96C993008633E2C /* QRScannerView.swift */; };
		2081FC8256856732F1D5FCA9 /* PendingIncomingMessageStore.swift in Sources */ = {isa = PBXBuildFile; fileRef = 32F87B107C233FF77336205C /* PendingIncomingMessageStore.swift */; };
		217FECFEF6A65FAD04DED6AF /* PairingService.swift in Sources */ = {isa = PBXBuildFile; fileRef = 36607BC902C46F1100644A18 /* PairingService.swift */; };
		22234145F089C19F05A4D63F /* SettingsSheet.swift in Sources */ = {isa = PBXBuildFile; fileRef = CEF8088CD1D168B0EA00A1F4 /* SettingsSheet.swift */; };
		2233932E5D184BA99A654EDE /* PostHog in Frameworks */ = {isa = PBXBuildFile; productRef = 9973024F260BC48D06066F7C /* PostHog */; };
		228B975836A64473CED78B79 /* ServerConfig.swift in Sources */ = {isa = PBXBuildFile; fileRef = C9F3D6DEDAEAF48BAF2774ED /* ServerConfig.swift */; };
		24C332C9EB5F73E6DCE23037 /* VoiceNotes.swift in Sources */ = {isa = PBXBuildFile; fileRef = 1E300ADB2E61972580FDF412 /* VoiceNotes.swift */; };
		2635964C07FDAD25B4314633 /* MessageBubble.swift in Sources */ = {isa = PBXBuildFile; fileRef = C06EB3DD5E80A6C3E974C83C /* MessageBubble.swift */; };
		27756E4EEE3F55E73BEF14F4 /* AppEnvironment.swift in Sources */ = {isa = PBXBuildFile; fileRef = B885C5A33631D162453D0E24 /* AppEnvironment.swift */; };
		27A4841CCA57EB0A5228FE6A /* VoiceMessageViews.swift in Sources */ = {isa = PBXBuildFile; fileRef = 4A0B3E196D639638FD365D6F /* VoiceMessageViews.swift */; };
		298310456AA512CF0C602D5C /* PostHog in Frameworks */ = {isa = PBXBuildFile; productRef = 4DEAC32190AE74BE2C8A2892 /* PostHog */; };
		29F0C5BD2DF0AFF7B3AA4BE8 /* PendingIncomingMessageStore.swift in Sources */ = {isa = PBXBuildFile; fileRef = 32F87B107C233FF77336205C /* PendingIncomingMessageStore.swift */; };
		2A96B1CF15B17725ED82587B /* Sodium in Frameworks */ = {isa = PBXBuildFile; productRef = 4D4074E31998C3C714B6CE45 /* Sodium */; };
		2AAE6D27B7BC418D82992A7E /* SetupView.swift in Sources */ = {isa = PBXBuildFile; fileRef = B751766A9DE994E94506BDFC /* SetupView.swift */; };
		2B92027D05FA2686A5A0F4F4 /* VoiceMessageViews.swift in Sources */ = {isa = PBXBuildFile; fileRef = 4A0B3E196D639638FD365D6F /* VoiceMessageViews.swift */; };
		2D43EED9DEBDBF2C12F310F2 /* WebSocketClient.swift in Sources */ = {isa = PBXBuildFile; fileRef = 7212B7B1D71D42C12CEC58E2 /* WebSocketClient.swift */; };
		2E37B9AB484BC1E92B5BEA96 /* RelaySessionDelegate.swift in Sources */ = {isa = PBXBuildFile; fileRef = C5A11BA96C078171C15765D1 /* RelaySessionDelegate.swift */; };
		30202E0A41BB679BD34E2EEA /* VoiceMessageViews.swift in Sources */ = {isa = PBXBuildFile; fileRef = 4A0B3E196D639638FD365D6F /* VoiceMessageViews.swift */; };
		344A05E136F415C5102725DD /* PlatformAppDelegate.swift in Sources */ = {isa = PBXBuildFile; fileRef = 764C99CB293E4B1DCDC56A1D /* PlatformAppDelegate.swift */; };
		36BF85A4826F855BB15C13C2 /* Sodium in Frameworks */ = {isa = PBXBuildFile; productRef = 8E156C45D8B75231F21B0B19 /* Sodium */; };
		3B018BB7D8C721E430576052 /* VersionPolicyTests.swift in Sources */ = {isa = PBXBuildFile; fileRef = 42611641C24C652DA6F57790 /* VersionPolicyTests.swift */; };
		3DA16D689082A7DDC433CE8D /* VersionPolicy.swift in Sources */ = {isa = PBXBuildFile; fileRef = 1AE3038A79D4C5B029B911F2 /* VersionPolicy.swift */; };
		3E5D656B4CA207C18D2ED543 /* ConnectingView.swift in Sources */ = {isa = PBXBuildFile; fileRef = 9003BFA399EAB8F56EDD2549 /* ConnectingView.swift */; };
		3E5E6DE4AFD88BF3EDAB61BC /* ChatMessage.swift in Sources */ = {isa = PBXBuildFile; fileRef = A8AB43480945E32913A2A9B4 /* ChatMessage.swift */; };
		40ED37AB0D1B5B1F8C034375 /* SetupView.swift in Sources */ = {isa = PBXBuildFile; fileRef = B751766A9DE994E94506BDFC /* SetupView.swift */; };
		412975C55BAB8D3E560916F4 /* CryptoTests.swift in Sources */ = {isa = PBXBuildFile; fileRef = F6CB72802587F22FE97540B5 /* CryptoTests.swift */; };
		43A70EE6BB8B1EF33F532B06 /* DevLog.swift in Sources */ = {isa = PBXBuildFile; fileRef = E7E88BE1BED027F0864A4FDB /* DevLog.swift */; };
		43F0CB438A01EACB017FB4F3 /* ChatView.swift in Sources */ = {isa = PBXBuildFile; fileRef = 577ADEA7063CF3E5A806AD2A /* ChatView.swift */; };
		44E341342DFE2CE430BD2B9D /* TalkToTeamButton.swift in Sources */ = {isa = PBXBuildFile; fileRef = 9CE9C485C5E6DD76940558D4 /* TalkToTeamButton.swift */; };
		450407BA9099DA9EC52FC98A /* LaunchActionStore.swift in Sources */ = {isa = PBXBuildFile; fileRef = C9E1EC1EDB009D5F77DE02C3 /* LaunchActionStore.swift */; };
		4B0002D54AA351174B8DC894 /* CameraCaptureView.swift in Sources */ = {isa = PBXBuildFile; fileRef = E427F7F984C8ABCB45FFF002 /* CameraCaptureView.swift */; };
		4B5678966F4C03DC60A346DB /* SetupView.swift in Sources */ = {isa = PBXBuildFile; fileRef = B751766A9DE994E94506BDFC /* SetupView.swift */; };
		4C7DCB35770934C47DDCE1B1 /* VoiceNotes.swift in Sources */ = {isa = PBXBuildFile; fileRef = 1E300ADB2E61972580FDF412 /* VoiceNotes.swift */; };
		4D0693F0D4BB9F40CFDEE64F /* PushNotificationService.swift in Sources */ = {isa = PBXBuildFile; fileRef = C9D8E1D01228AE4C0BC46C07 /* PushNotificationService.swift */; };
		50A5E014644ED743AF34B2A4 /* AppEnvironment.swift in Sources */ = {isa = PBXBuildFile; fileRef = B885C5A33631D162453D0E24 /* AppEnvironment.swift */; };
		51E4B56AA7A68D3C0DB6A24D /* RelaySessionDelegate.swift in Sources */ = {isa = PBXBuildFile; fileRef = C5A11BA96C078171C15765D1 /* RelaySessionDelegate.swift */; };
		52418E09EC8510DD536C6627 /* Crypto.swift in Sources */ = {isa = PBXBuildFile; fileRef = 84CCE38AD7448DE1A3B0ED18 /* Crypto.swift */; };
		57AC8870EC6632FBE41BB83B /* PlatformAppDelegate.swift in Sources */ = {isa = PBXBuildFile; fileRef = 764C99CB293E4B1DCDC56A1D /* PlatformAppDelegate.swift */; };
		57CB62E06D2063583B77FC78 /* AppAttestService.swift in Sources */ = {isa = PBXBuildFile; fileRef = 9D1D7FA7FCA3C256EDDDE405 /* AppAttestService.swift */; };
		59022092C9C0B91640340ABC /* AnalyticsEvent.swift in Sources */ = {isa = PBXBuildFile; fileRef = A429981B01F1D40D64FFEAFD /* AnalyticsEvent.swift */; };
		59A43038551730F79359DC1B /* Sentry in Frameworks */ = {isa = PBXBuildFile; productRef = 61250F6A2C9172E30651022A /* Sentry */; };
		5A17698C19BC3A788A641D63 /* TelemetryManager.swift in Sources */ = {isa = PBXBuildFile; fileRef = CC4F713441477AEF744FEF36 /* TelemetryManager.swift */; };
		5CC7E75E1FB6E4BDAFA28EEB /* TalkToTeamButton.swift in Sources */ = {isa = PBXBuildFile; fileRef = 9CE9C485C5E6DD76940558D4 /* TalkToTeamButton.swift */; };
		61B7DE4B0562549A1C8832E9 /* MessageBubble.swift in Sources */ = {isa = PBXBuildFile; fileRef = C06EB3DD5E80A6C3E974C83C /* MessageBubble.swift */; };
		62598B3E1E47F72CC5B34FAD /* QRScannerView.swift in Sources */ = {isa = PBXBuildFile; fileRef = 5C29A3E4F96C993008633E2C /* QRScannerView.swift */; };
		62982823C1848B4A40710932 /* ChatMessage.swift in Sources */ = {isa = PBXBuildFile; fileRef = A8AB43480945E32913A2A9B4 /* ChatMessage.swift */; };
		62AB1AA76064FD0B898C2368 /* ProtocolModels.swift in Sources */ = {isa = PBXBuildFile; fileRef = 37F7B7351A3AB59ABE4BF876 /* ProtocolModels.swift */; };
		654C6A0AF3F71F45AB92D800 /* dev-config.json in Resources */ = {isa = PBXBuildFile; fileRef = E29AFC5489AAF0A82A1F81F5 /* dev-config.json */; };
		6601C0B89BB62DA39D5F6CB5 /* VoiceNotes.swift in Sources */ = {isa = PBXBuildFile; fileRef = 1E300ADB2E61972580FDF412 /* VoiceNotes.swift */; };
		66AFF7ED14FE4423F50DE7C8 /* VersionPolicy.swift in Sources */ = {isa = PBXBuildFile; fileRef = 1AE3038A79D4C5B029B911F2 /* VersionPolicy.swift */; };
		679293EF7C710CB1B328C3EF /* ProtocolModels.swift in Sources */ = {isa = PBXBuildFile; fileRef = 37F7B7351A3AB59ABE4BF876 /* ProtocolModels.swift */; };
		692F7366C41A3B319E1829E8 /* TelemetryManager.swift in Sources */ = {isa = PBXBuildFile; fileRef = CC4F713441477AEF744FEF36 /* TelemetryManager.swift */; };
		6B4E06693DA162F48FAB7FAA /* ServerConfig.swift in Sources */ = {isa = PBXBuildFile; fileRef = C9F3D6DEDAEAF48BAF2774ED /* ServerConfig.swift */; };
		6C7C3DBBB5AA9316255776A2 /* SetupView.swift in Sources */ = {isa = PBXBuildFile; fileRef = B751766A9DE994E94506BDFC /* SetupView.swift */; };
		6DF6087DAFF194D5D1EFF16A /* AppEnvironment.swift in Sources */ = {isa = PBXBuildFile; fileRef = B885C5A33631D162453D0E24 /* AppEnvironment.swift */; };
		73A1B9EA8EA098E4253F2AC4 /* Assets.xcassets in Resources */ = {isa = PBXBuildFile; fileRef = 38EB16E8C689CE6F80777653 /* Assets.xcassets */; };
		751F70FFB7831546AD49EDD5 /* SettingsSheet.swift in Sources */ = {isa = PBXBuildFile; fileRef = CEF8088CD1D168B0EA00A1F4 /* SettingsSheet.swift */; };
		76A45A4F56B13972BC87CD28 /* KeychainService.swift in Sources */ = {isa = PBXBuildFile; fileRef = 1B0C7365F1294F01464654AC /* KeychainService.swift */; };
		77A58C4DE6416D2845B0B1D1 /* Haptics.swift in Sources */ = {isa = PBXBuildFile; fileRef = A2093C01877EDCC593EC4885 /* Haptics.swift */; };
		7A0E25DAE924D880F9FF8944 /* QRScannerView.swift in Sources */ = {isa = PBXBuildFile; fileRef = 5C29A3E4F96C993008633E2C /* QRScannerView.swift */; };
		7C72D2649F5F9B6D8929BD50 /* Theme.swift in Sources */ = {isa = PBXBuildFile; fileRef = CD54275A7BA90BCF9F4C766A /* Theme.swift */; };
		81982BD76654728D34DED5E9 /* AnalyticsEvent.swift in Sources */ = {isa = PBXBuildFile; fileRef = A429981B01F1D40D64FFEAFD /* AnalyticsEvent.swift */; };
		85BC6689FEAFE367ECE5D69F /* ConnectionState.swift in Sources */ = {isa = PBXBuildFile; fileRef = 7FDF3B4C47C18100E92BD69F /* ConnectionState.swift */; };
		866786A91D1253B73CE5F03D /* LegalConsent.swift in Sources */ = {isa = PBXBuildFile; fileRef = D5C561CFCFED153F1ECD7132 /* LegalConsent.swift */; };
		87A4115B14872C1549267380 /* Sentry in Frameworks */ = {isa = PBXBuildFile; productRef = 58BCDD3D3E5F7D3FA5D907BC /* Sentry */; };
		8867007CE0CD8F88C3745510 /* ChatMessage.swift in Sources */ = {isa = PBXBuildFile; fileRef = A8AB43480945E32913A2A9B4 /* ChatMessage.swift */; };
		8A57CF71E7AF42EE5571562C /* TelemetryManager.swift in Sources */ = {isa = PBXBuildFile; fileRef = CC4F713441477AEF744FEF36 /* TelemetryManager.swift */; };
		8D585238136B1A23C8F0E4F0 /* VoiceMessageViews.swift in Sources */ = {isa = PBXBuildFile; fileRef = 4A0B3E196D639638FD365D6F /* VoiceMessageViews.swift */; };
		8F2539196E240681C3A70E3B /* ServerConfig.swift in Sources */ = {isa = PBXBuildFile; fileRef = C9F3D6DEDAEAF48BAF2774ED /* ServerConfig.swift */; };
		9116C4E24E1CFECDAEE0AA74 /* ConnectionState.swift in Sources */ = {isa = PBXBuildFile; fileRef = 7FDF3B4C47C18100E92BD69F /* ConnectionState.swift */; };
		918E57A813722DBA482551AF /* AppEnvironment.swift in Sources */ = {isa = PBXBuildFile; fileRef = B885C5A33631D162453D0E24 /* AppEnvironment.swift */; };
		938AF750E730608F70E8C298 /* dev-config.json in Resources */ = {isa = PBXBuildFile; fileRef = E29AFC5489AAF0A82A1F81F5 /* dev-config.json */; };
		9733E980507A693FA2AA6435 /* LegalConsent.swift in Sources */ = {isa = PBXBuildFile; fileRef = D5C561CFCFED153F1ECD7132 /* LegalConsent.swift */; };
		9861B07E9338981C848A4DA3 /* RelaySessionDelegate.swift in Sources */ = {isa = PBXBuildFile; fileRef = C5A11BA96C078171C15765D1 /* RelaySessionDelegate.swift */; };
		98C70AFB2819BEC2750A8082 /* AppAttestService.swift in Sources */ = {isa = PBXBuildFile; fileRef = 9D1D7FA7FCA3C256EDDDE405 /* AppAttestService.swift */; };
		9AC4C411DA7F049C15A014DF /* ProtocolModels.swift in Sources */ = {isa = PBXBuildFile; fileRef = 37F7B7351A3AB59ABE4BF876 /* ProtocolModels.swift */; };
		9AC765FA5496F41E21D75E64 /* TalkToTeamButton.swift in Sources */ = {isa = PBXBuildFile; fileRef = 9CE9C485C5E6DD76940558D4 /* TalkToTeamButton.swift */; };
		9DA48D6A663B75159E9793CF /* chat94Shortcuts.swift in Sources */ = {isa = PBXBuildFile; fileRef = C1DCA6328EB75A86E2F6B9E6 /* chat94Shortcuts.swift */; };
		9DDB5CE0E20844A77192065B /* PushNotificationService.swift in Sources */ = {isa = PBXBuildFile; fileRef = C9D8E1D01228AE4C0BC46C07 /* PushNotificationService.swift */; };
		9EAB8019CDC89516F71E7DCF /* Theme.swift in Sources */ = {isa = PBXBuildFile; fileRef = CD54275A7BA90BCF9F4C766A /* Theme.swift */; };
		9F61DA4836CF36D9D79C3715 /* chat94Shortcuts.swift in Sources */ = {isa = PBXBuildFile; fileRef = C1DCA6328EB75A86E2F6B9E6 /* chat94Shortcuts.swift */; };
		A033B33247678EB25C8F7410 /* Crypto.swift in Sources */ = {isa = PBXBuildFile; fileRef = 84CCE38AD7448DE1A3B0ED18 /* Crypto.swift */; };
		A2A142B1C60DC497559F5BE3 /* VersionPolicy.swift in Sources */ = {isa = PBXBuildFile; fileRef = 1AE3038A79D4C5B029B911F2 /* VersionPolicy.swift */; };
		A2D65A0B4CB206AB0C550892 /* ProtocolModels.swift in Sources */ = {isa = PBXBuildFile; fileRef = 37F7B7351A3AB59ABE4BF876 /* ProtocolModels.swift */; };
		A51A7E6D5A5888B033DB75B0 /* ChatView.swift in Sources */ = {isa = PBXBuildFile; fileRef = 577ADEA7063CF3E5A806AD2A /* ChatView.swift */; };
		A53FD36AD86DDE90529D6338 /* PushNotificationService.swift in Sources */ = {isa = PBXBuildFile; fileRef = C9D8E1D01228AE4C0BC46C07 /* PushNotificationService.swift */; };
		A9E4F139F6B2F61892F59FE8 /* LaunchActionStore.swift in Sources */ = {isa = PBXBuildFile; fileRef = C9E1EC1EDB009D5F77DE02C3 /* LaunchActionStore.swift */; };
		AC38882511752239BD6145DA /* CameraCaptureView.swift in Sources */ = {isa = PBXBuildFile; fileRef = E427F7F984C8ABCB45FFF002 /* CameraCaptureView.swift */; };
		ADCE9CD5E5FAA47AB429ADDD /* Sodium in Frameworks */ = {isa = PBXBuildFile; productRef = A399E96E31D6F44EB9815242 /* Sodium */; };
		AE9E2F9B605314C5F9902119 /* Sentry in Frameworks */ = {isa = PBXBuildFile; productRef = 2733D8A6721878EA49E686C0 /* Sentry */; };
		AF723590A6D1F9C258EA6658 /* PlatformAppDelegate.swift in Sources */ = {isa = PBXBuildFile; fileRef = 764C99CB293E4B1DCDC56A1D /* PlatformAppDelegate.swift */; };
		AFAD0F1322F418C804773BF8 /* LegalConsent.swift in Sources */ = {isa = PBXBuildFile; fileRef = D5C561CFCFED153F1ECD7132 /* LegalConsent.swift */; };
		B094A17CC47296D3243B2A9B /* Sentry in Frameworks */ = {isa = PBXBuildFile; productRef = 9C75A915106C614F5BB49E98 /* Sentry */; };
		B0DFBE4ECF5FECFB951DA32C /* PairingCryptoTests.swift in Sources */ = {isa = PBXBuildFile; fileRef = C68FD305E2BB3CA6E819CE4A /* PairingCryptoTests.swift */; };
		B101461B0934B27BBE68BF94 /* PendingIncomingMessageStore.swift in Sources */ = {isa = PBXBuildFile; fileRef = 32F87B107C233FF77336205C /* PendingIncomingMessageStore.swift */; };
		B1EC112E6C8228B99A68EB1B /* KeychainService.swift in Sources */ = {isa = PBXBuildFile; fileRef = 1B0C7365F1294F01464654AC /* KeychainService.swift */; };
		B27715B30961B631CDAEC007 /* ProtocolTests.swift in Sources */ = {isa = PBXBuildFile; fileRef = 002ACA9EEFC7A1A9DFB7FBCB /* ProtocolTests.swift */; };
		B283160AFFB3A17A6749806E /* KeychainService.swift in Sources */ = {isa = PBXBuildFile; fileRef = 1B0C7365F1294F01464654AC /* KeychainService.swift */; };
		B47E74558078788102A942E8 /* WebSocketClient.swift in Sources */ = {isa = PBXBuildFile; fileRef = 7212B7B1D71D42C12CEC58E2 /* WebSocketClient.swift */; };
		B51ABD30CC207A82DA71B2D3 /* TelemetryPreferences.swift in Sources */ = {isa = PBXBuildFile; fileRef = EAE0CD9B0A1BE6F823E1236F /* TelemetryPreferences.swift */; };
		B568FBF10968B284C2A19DC1 /* ChatMessage.swift in Sources */ = {isa = PBXBuildFile; fileRef = A8AB43480945E32913A2A9B4 /* ChatMessage.swift */; };
		B569F9274DA9015BA9692607 /* ChatView.swift in Sources */ = {isa = PBXBuildFile; fileRef = 577ADEA7063CF3E5A806AD2A /* ChatView.swift */; };
		B7B9AF66C5E13BFFD733A2B1 /* WebSocketClient.swift in Sources */ = {isa = PBXBuildFile; fileRef = 7212B7B1D71D42C12CEC58E2 /* WebSocketClient.swift */; };
		B92009DD33C7A205D4C3D33E /* ConnectionState.swift in Sources */ = {isa = PBXBuildFile; fileRef = 7FDF3B4C47C18100E92BD69F /* ConnectionState.swift */; };
		BA509AA270C64AE9B6277D59 /* Sodium in Frameworks */ = {isa = PBXBuildFile; productRef = BF20820214D7974CE85F3556 /* Sodium */; };
		BB35C328E94A25EA26305EE8 /* chat94Shortcuts.swift in Sources */ = {isa = PBXBuildFile; fileRef = C1DCA6328EB75A86E2F6B9E6 /* chat94Shortcuts.swift */; };
		BF4539CC4427160393DA6D5D /* AnalyticsEvent.swift in Sources */ = {isa = PBXBuildFile; fileRef = A429981B01F1D40D64FFEAFD /* AnalyticsEvent.swift */; };
		BF9200AD9FE7014035D33B48 /* Haptics.swift in Sources */ = {isa = PBXBuildFile; fileRef = A2093C01877EDCC593EC4885 /* Haptics.swift */; };
		C03E9F17CD4CF4E1A71C53AD /* Theme.swift in Sources */ = {isa = PBXBuildFile; fileRef = CD54275A7BA90BCF9F4C766A /* Theme.swift */; };
		C333A7ABD5F23080E715EC01 /* PairingService.swift in Sources */ = {isa = PBXBuildFile; fileRef = 36607BC902C46F1100644A18 /* PairingService.swift */; };
		C38E8CBD70BE7EDF0DE41E27 /* ConnectingView.swift in Sources */ = {isa = PBXBuildFile; fileRef = 9003BFA399EAB8F56EDD2549 /* ConnectingView.swift */; };
		C5DD26EF14E6A733DB21CC96 /* MessageBubble.swift in Sources */ = {isa = PBXBuildFile; fileRef = C06EB3DD5E80A6C3E974C83C /* MessageBubble.swift */; };
		C668E30A5D3FB2B2C6A5F6B5 /* RelaySessionDelegate.swift in Sources */ = {isa = PBXBuildFile; fileRef = C5A11BA96C078171C15765D1 /* RelaySessionDelegate.swift */; };
		C744E78C20428565A0EFA720 /* PendingIncomingMessageStore.swift in Sources */ = {isa = PBXBuildFile; fileRef = 32F87B107C233FF77336205C /* PendingIncomingMessageStore.swift */; };
		CE1005E54D3825FE63305EC0 /* KeychainService.swift in Sources */ = {isa = PBXBuildFile; fileRef = 1B0C7365F1294F01464654AC /* KeychainService.swift */; };
		D45A3C2FB94FAE2B6AE2A681 /* PlatformAppDelegate.swift in Sources */ = {isa = PBXBuildFile; fileRef = 764C99CB293E4B1DCDC56A1D /* PlatformAppDelegate.swift */; };
		D6C5B9CC2C35CEE54376A31F /* InnerMessageTests.swift in Sources */ = {isa = PBXBuildFile; fileRef = 6B9AA1D442C250AB906A5D17 /* InnerMessageTests.swift */; };
		D8D4B35E214EA9118CC20914 /* PostHog in Frameworks */ = {isa = PBXBuildFile; productRef = EC64B484044B2717CC97227D /* PostHog */; };
		DAF60461CC6B21500950090E /* ServerConfig.swift in Sources */ = {isa = PBXBuildFile; fileRef = C9F3D6DEDAEAF48BAF2774ED /* ServerConfig.swift */; };
		DE6523C56DAAAF77DAE72975 /* AppAttestService.swift in Sources */ = {isa = PBXBuildFile; fileRef = 9D1D7FA7FCA3C256EDDDE405 /* AppAttestService.swift */; };
		E044F07BE6630BE11B74879F /* PairingService.swift in Sources */ = {isa = PBXBuildFile; fileRef = 36607BC902C46F1100644A18 /* PairingService.swift */; };
		E0BDB2D7B6552DB6458971CE /* DevLog.swift in Sources */ = {isa = PBXBuildFile; fileRef = E7E88BE1BED027F0864A4FDB /* DevLog.swift */; };
		E1D3CE46349A5900FC7C6257 /* Haptics.swift in Sources */ = {isa = PBXBuildFile; fileRef = A2093C01877EDCC593EC4885 /* Haptics.swift */; };
		E2A46665A0AB858B6E8391A3 /* dev-config.json in Resources */ = {isa = PBXBuildFile; fileRef = E29AFC5489AAF0A82A1F81F5 /* dev-config.json */; };
		E343A9882CD379C3F9B4069B /* TelemetryPreferences.swift in Sources */ = {isa = PBXBuildFile; fileRef = EAE0CD9B0A1BE6F823E1236F /* TelemetryPreferences.swift */; };
		E6505C867225CD7759D0B7A6 /* Assets.xcassets in Resources */ = {isa = PBXBuildFile; fileRef = 38EB16E8C689CE6F80777653 /* Assets.xcassets */; };
		E7BA1ACC01B438B43E719CDC /* PairingService.swift in Sources */ = {isa = PBXBuildFile; fileRef = 36607BC902C46F1100644A18 /* PairingService.swift */; };
		E8EE3E02B324BE8CCAEEEC21 /* chat94App.swift in Sources */ = {isa = PBXBuildFile; fileRef = C012745C0C13413AF6D800EB /* chat94App.swift */; };
		ED21CD285F4691EAC1334C33 /* TalkToTeamButton.swift in Sources */ = {isa = PBXBuildFile; fileRef = 9CE9C485C5E6DD76940558D4 /* TalkToTeamButton.swift */; };
		EFAC958A054DA059225BA6CC /* ConnectingView.swift in Sources */ = {isa = PBXBuildFile; fileRef = 9003BFA399EAB8F56EDD2549 /* ConnectingView.swift */; };
		F10B0A54ABB338E37FEDE1DF /* AppAttestService.swift in Sources */ = {isa = PBXBuildFile; fileRef = 9D1D7FA7FCA3C256EDDDE405 /* AppAttestService.swift */; };
		F1EF93FD1CFDBD078CC38C3E /* Crypto.swift in Sources */ = {isa = PBXBuildFile; fileRef = 84CCE38AD7448DE1A3B0ED18 /* Crypto.swift */; };
		F37C7DCD253A6245DDDE8A8C /* LaunchActionStore.swift in Sources */ = {isa = PBXBuildFile; fileRef = C9E1EC1EDB009D5F77DE02C3 /* LaunchActionStore.swift */; };
		F4FFFF635C95F3E0BA51F363 /* TelemetryPreferences.swift in Sources */ = {isa = PBXBuildFile; fileRef = EAE0CD9B0A1BE6F823E1236F /* TelemetryPreferences.swift */; };
		F5063615E1759FF149E07B6E /* PairConfigTests.swift in Sources */ = {isa = PBXBuildFile; fileRef = C62651F554C1EDD4D67F7745 /* PairConfigTests.swift */; };
		F5FFB8987CCB0F120A05BC7C /* SettingsSheet.swift in Sources */ = {isa = PBXBuildFile; fileRef = CEF8088CD1D168B0EA00A1F4 /* SettingsSheet.swift */; };
		F6C9E8A41A8FA2C6F5E12290 /* chat94App.swift in Sources */ = {isa = PBXBuildFile; fileRef = C012745C0C13413AF6D800EB /* chat94App.swift */; };
		FD2D174DA63610D4F5EC8E54 /* WebSocketClient.swift in Sources */ = {isa = PBXBuildFile; fileRef = 7212B7B1D71D42C12CEC58E2 /* WebSocketClient.swift */; };
		FE0410C1998940399CA61484 /* VersionPolicy.swift in Sources */ = {isa = PBXBuildFile; fileRef = 1AE3038A79D4C5B029B911F2 /* VersionPolicy.swift */; };
		FE04C7CD320AB785C930F332 /* Assets.xcassets in Resources */ = {isa = PBXBuildFile; fileRef = 38EB16E8C689CE6F80777653 /* Assets.xcassets */; };
		FECAEEA049D6C9E2030BBCF6 /* AnalyticsEvent.swift in Sources */ = {isa = PBXBuildFile; fileRef = A429981B01F1D40D64FFEAFD /* AnalyticsEvent.swift */; };
		FFA29F5142F2F0F77B120503 /* VoiceNotes.swift in Sources */ = {isa = PBXBuildFile; fileRef = 1E300ADB2E61972580FDF412 /* VoiceNotes.swift */; };
/* End PBXBuildFile section */

/* Begin PBXContainerItemProxy section */
		D2C0CA3DAF53BF48EC28FDCA /* PBXContainerItemProxy */ = {
			isa = PBXContainerItemProxy;
			containerPortal = 4A28AE3F7D711CBC1D737F96 /* Project object */;
			proxyType = 1;
			remoteGlobalIDString = E51870253854D5F3552E4A5A;
			remoteInfo = chat94iphoneprod;
		};
/* End PBXContainerItemProxy section */

/* Begin PBXFileReference section */
		002ACA9EEFC7A1A9DFB7FBCB /* ProtocolTests.swift */ = {isa = PBXFileReference; lastKnownFileType = sourcecode.swift; path = ProtocolTests.swift; sourceTree = "<group>"; };
		1AE3038A79D4C5B029B911F2 /* VersionPolicy.swift */ = {isa = PBXFileReference; lastKnownFileType = sourcecode.swift; path = VersionPolicy.swift; sourceTree = "<group>"; };
		1B0C7365F1294F01464654AC /* KeychainService.swift */ = {isa = PBXFileReference; lastKnownFileType = sourcecode.swift; path = KeychainService.swift; sourceTree = "<group>"; };
		1E300ADB2E61972580FDF412 /* VoiceNotes.swift */ = {isa = PBXFileReference; lastKnownFileType = sourcecode.swift; path = VoiceNotes.swift; sourceTree = "<group>"; };
		32F87B107C233FF77336205C /* PendingIncomingMessageStore.swift */ = {isa = PBXFileReference; lastKnownFileType = sourcecode.swift; path = PendingIncomingMessageStore.swift; sourceTree = "<group>"; };
		36607BC902C46F1100644A18 /* PairingService.swift */ = {isa = PBXFileReference; lastKnownFileType = sourcecode.swift; path = PairingService.swift; sourceTree = "<group>"; };
		37F7B7351A3AB59ABE4BF876 /* ProtocolModels.swift */ = {isa = PBXFileReference; lastKnownFileType = sourcecode.swift; path = ProtocolModels.swift; sourceTree = "<group>"; };
		38EB16E8C689CE6F80777653 /* Assets.xcassets */ = {isa = PBXFileReference; lastKnownFileType = folder.assetcatalog; path = Assets.xcassets; sourceTree = "<group>"; };
		42611641C24C652DA6F57790 /* VersionPolicyTests.swift */ = {isa = PBXFileReference; lastKnownFileType = sourcecode.swift; path = VersionPolicyTests.swift; sourceTree = "<group>"; };
		4A0B3E196D639638FD365D6F /* VoiceMessageViews.swift */ = {isa = PBXFileReference; lastKnownFileType = sourcecode.swift; path = VoiceMessageViews.swift; sourceTree = "<group>"; };
		577ADEA7063CF3E5A806AD2A /* ChatView.swift */ = {isa = PBXFileReference; lastKnownFileType = sourcecode.swift; path = ChatView.swift; sourceTree = "<group>"; };
		5C29A3E4F96C993008633E2C /* QRScannerView.swift */ = {isa = PBXFileReference; lastKnownFileType = sourcecode.swift; path = QRScannerView.swift; sourceTree = "<group>"; };
		6B9AA1D442C250AB906A5D17 /* InnerMessageTests.swift */ = {isa = PBXFileReference; lastKnownFileType = sourcecode.swift; path = InnerMessageTests.swift; sourceTree = "<group>"; };
		7212B7B1D71D42C12CEC58E2 /* WebSocketClient.swift */ = {isa = PBXFileReference; lastKnownFileType = sourcecode.swift; path = WebSocketClient.swift; sourceTree = "<group>"; };
		764C99CB293E4B1DCDC56A1D /* PlatformAppDelegate.swift */ = {isa = PBXFileReference; lastKnownFileType = sourcecode.swift; path = PlatformAppDelegate.swift; sourceTree = "<group>"; };
		7FDF3B4C47C18100E92BD69F /* ConnectionState.swift */ = {isa = PBXFileReference; lastKnownFileType = sourcecode.swift; path = ConnectionState.swift; sourceTree = "<group>"; };
		80F448808960F4F842CBA7BC /* chat94Tests.xctest */ = {isa = PBXFileReference; includeInIndex = 0; lastKnownFileType = wrapper.cfbundle; path = chat94Tests.xctest; sourceTree = BUILT_PRODUCTS_DIR; };
		84CCE38AD7448DE1A3B0ED18 /* Crypto.swift */ = {isa = PBXFileReference; lastKnownFileType = sourcecode.swift; path = Crypto.swift; sourceTree = "<group>"; };
		9003BFA399EAB8F56EDD2549 /* ConnectingView.swift */ = {isa = PBXFileReference; lastKnownFileType = sourcecode.swift; path = ConnectingView.swift; sourceTree = "<group>"; };
		9CE9C485C5E6DD76940558D4 /* TalkToTeamButton.swift */ = {isa = PBXFileReference; lastKnownFileType = sourcecode.swift; path = TalkToTeamButton.swift; sourceTree = "<group>"; };
		9D1D7FA7FCA3C256EDDDE405 /* AppAttestService.swift */ = {isa = PBXFileReference; lastKnownFileType = sourcecode.swift; path = AppAttestService.swift; sourceTree = "<group>"; };
		A2093C01877EDCC593EC4885 /* Haptics.swift */ = {isa = PBXFileReference; lastKnownFileType = sourcecode.swift; path = Haptics.swift; sourceTree = "<group>"; };
		A429981B01F1D40D64FFEAFD /* AnalyticsEvent.swift */ = {isa = PBXFileReference; lastKnownFileType = sourcecode.swift; path = AnalyticsEvent.swift; sourceTree = "<group>"; };
		A8AB43480945E32913A2A9B4 /* ChatMessage.swift */ = {isa = PBXFileReference; lastKnownFileType = sourcecode.swift; path = ChatMessage.swift; sourceTree = "<group>"; };
		B751766A9DE994E94506BDFC /* SetupView.swift */ = {isa = PBXFileReference; lastKnownFileType = sourcecode.swift; path = SetupView.swift; sourceTree = "<group>"; };
		B885C5A33631D162453D0E24 /* AppEnvironment.swift */ = {isa = PBXFileReference; lastKnownFileType = sourcecode.swift; path = AppEnvironment.swift; sourceTree = "<group>"; };
		C012745C0C13413AF6D800EB /* chat94App.swift */ = {isa = PBXFileReference; lastKnownFileType = sourcecode.swift; path = chat94App.swift; sourceTree = "<group>"; };
		C06EB3DD5E80A6C3E974C83C /* MessageBubble.swift */ = {isa = PBXFileReference; lastKnownFileType = sourcecode.swift; path = MessageBubble.swift; sourceTree = "<group>"; };
		C1DCA6328EB75A86E2F6B9E6 /* chat94Shortcuts.swift */ = {isa = PBXFileReference; lastKnownFileType = sourcecode.swift; path = chat94Shortcuts.swift; sourceTree = "<group>"; };
		C5A11BA96C078171C15765D1 /* RelaySessionDelegate.swift */ = {isa = PBXFileReference; lastKnownFileType = sourcecode.swift; path = RelaySessionDelegate.swift; sourceTree = "<group>"; };
		C62651F554C1EDD4D67F7745 /* PairConfigTests.swift */ = {isa = PBXFileReference; lastKnownFileType = sourcecode.swift; path = PairConfigTests.swift; sourceTree = "<group>"; };
		C68FD305E2BB3CA6E819CE4A /* PairingCryptoTests.swift */ = {isa = PBXFileReference; lastKnownFileType = sourcecode.swift; path = PairingCryptoTests.swift; sourceTree = "<group>"; };
		C9D8E1D01228AE4C0BC46C07 /* PushNotificationService.swift */ = {isa = PBXFileReference; lastKnownFileType = sourcecode.swift; path = PushNotificationService.swift; sourceTree = "<group>"; };
		C9E1EC1EDB009D5F77DE02C3 /* LaunchActionStore.swift */ = {isa = PBXFileReference; lastKnownFileType = sourcecode.swift; path = LaunchActionStore.swift; sourceTree = "<group>"; };
		C9F3D6DEDAEAF48BAF2774ED /* ServerConfig.swift */ = {isa = PBXFileReference; lastKnownFileType = sourcecode.swift; path = ServerConfig.swift; sourceTree = "<group>"; };
		CC4F713441477AEF744FEF36 /* TelemetryManager.swift */ = {isa = PBXFileReference; lastKnownFileType = sourcecode.swift; path = TelemetryManager.swift; sourceTree = "<group>"; };
		CD54275A7BA90BCF9F4C766A /* Theme.swift */ = {isa = PBXFileReference; lastKnownFileType = sourcecode.swift; path = Theme.swift; sourceTree = "<group>"; };
		CEF8088CD1D168B0EA00A1F4 /* SettingsSheet.swift */ = {isa = PBXFileReference; lastKnownFileType = sourcecode.swift; path = SettingsSheet.swift; sourceTree = "<group>"; };
		D1B86079150FD47E71EDEB9F /* chat94iphonedev.app */ = {isa = PBXFileReference; includeInIndex = 0; lastKnownFileType = wrapper.application; path = chat94iphonedev.app; sourceTree = BUILT_PRODUCTS_DIR; };
		D312E36C1F6EDF9E1803F31E /* chat94mac.app */ = {isa = PBXFileReference; explicitFileType = wrapper.application; includeInIndex = 0; path = chat94mac.app; sourceTree = BUILT_PRODUCTS_DIR; };
		D5C561CFCFED153F1ECD7132 /* LegalConsent.swift */ = {isa = PBXFileReference; lastKnownFileType = sourcecode.swift; path = LegalConsent.swift; sourceTree = "<group>"; };
		E29AFC5489AAF0A82A1F81F5 /* dev-config.json */ = {isa = PBXFileReference; lastKnownFileType = text.json; path = "dev-config.json"; sourceTree = "<group>"; };
		E427F7F984C8ABCB45FFF002 /* CameraCaptureView.swift */ = {isa = PBXFileReference; lastKnownFileType = sourcecode.swift; path = CameraCaptureView.swift; sourceTree = "<group>"; };
		E7E88BE1BED027F0864A4FDB /* DevLog.swift */ = {isa = PBXFileReference; lastKnownFileType = sourcecode.swift; path = DevLog.swift; sourceTree = "<group>"; };
		EA139724725490C00344F525 /* chat94iphoneappstore.app */ = {isa = PBXFileReference; includeInIndex = 0; lastKnownFileType = wrapper.application; path = chat94iphoneappstore.app; sourceTree = BUILT_PRODUCTS_DIR; };
		EAE0CD9B0A1BE6F823E1236F /* TelemetryPreferences.swift */ = {isa = PBXFileReference; lastKnownFileType = sourcecode.swift; path = TelemetryPreferences.swift; sourceTree = "<group>"; };
		EF8399B5FE5AE92E7BDA6A50 /* chat94iphoneprod.app */ = {isa = PBXFileReference; includeInIndex = 0; lastKnownFileType = wrapper.application; path = chat94iphoneprod.app; sourceTree = BUILT_PRODUCTS_DIR; };
		F6CB72802587F22FE97540B5 /* CryptoTests.swift */ = {isa = PBXFileReference; lastKnownFileType = sourcecode.swift; path = CryptoTests.swift; sourceTree = "<group>"; };
/* End PBXFileReference section */

/* Begin PBXFrameworksBuildPhase section */
		00A5BC1EE944CE42153E4913 /* Frameworks */ = {
			isa = PBXFrameworksBuildPhase;
			buildActionMask = 2147483647;
			files = (
				B094A17CC47296D3243B2A9B /* Sentry in Frameworks */,
				1D7F5440CF45441FC3F21B00 /* PostHog in Frameworks */,
				BA509AA270C64AE9B6277D59 /* Sodium in Frameworks */,
			);
			runOnlyForDeploymentPostprocessing = 0;
		};
		3FE3F07CA68220C90B329E0B /* Frameworks */ = {
			isa = PBXFrameworksBuildPhase;
			buildActionMask = 2147483647;
			files = (
				59A43038551730F79359DC1B /* Sentry in Frameworks */,
				2233932E5D184BA99A654EDE /* PostHog in Frameworks */,
				36BF85A4826F855BB15C13C2 /* Sodium in Frameworks */,
			);
			runOnlyForDeploymentPostprocessing = 0;
		};
		C47E6412A29F0B7C2FF4A10B /* Frameworks */ = {
			isa = PBXFrameworksBuildPhase;
			buildActionMask = 2147483647;
			files = (
				87A4115B14872C1549267380 /* Sentry in Frameworks */,
				298310456AA512CF0C602D5C /* PostHog in Frameworks */,
				2A96B1CF15B17725ED82587B /* Sodium in Frameworks */,
			);
			runOnlyForDeploymentPostprocessing = 0;
		};
		C7ABFCEE0B4550CC32672250 /* Frameworks */ = {
			isa = PBXFrameworksBuildPhase;
			buildActionMask = 2147483647;
			files = (
				AE9E2F9B605314C5F9902119 /* Sentry in Frameworks */,
				D8D4B35E214EA9118CC20914 /* PostHog in Frameworks */,
				ADCE9CD5E5FAA47AB429ADDD /* Sodium in Frameworks */,
			);
			runOnlyForDeploymentPostprocessing = 0;
		};
/* End PBXFrameworksBuildPhase section */

/* Begin PBXGroup section */
		5F316320225A405A1625B621 /* Sources */ = {
			isa = PBXGroup;
			children = (
				E937A24AC168A7218E417E8D /* App */,
				D4430EA8DF9348945A2323AA /* Gateway */,
				E37EF6FF0966A4CB9F4A7EAF /* Models */,
				837F26007D8922E1EA6BAB49 /* Services */,
				C3FD57E07F3C1992B0890316 /* Views */,
			);
			path = Sources;
			sourceTree = "<group>";
		};
		788D6A9E092885568E7ED114 = {
			isa = PBXGroup;
			children = (
				8C6262E49B64B12115DDA179 /* Resources */,
				5F316320225A405A1625B621 /* Sources */,
				B22B36E1916777DDAA231B86 /* Tests */,
				8DCC77F757101F6A2A34EEA9 /* Products */,
			);
			sourceTree = "<group>";
		};
		837F26007D8922E1EA6BAB49 /* Services */ = {
			isa = PBXGroup;
			children = (
				A429981B01F1D40D64FFEAFD /* AnalyticsEvent.swift */,
				9D1D7FA7FCA3C256EDDDE405 /* AppAttestService.swift */,
				B885C5A33631D162453D0E24 /* AppEnvironment.swift */,
				84CCE38AD7448DE1A3B0ED18 /* Crypto.swift */,
				E7E88BE1BED027F0864A4FDB /* DevLog.swift */,
				A2093C01877EDCC593EC4885 /* Haptics.swift */,
				1B0C7365F1294F01464654AC /* KeychainService.swift */,
				C9E1EC1EDB009D5F77DE02C3 /* LaunchActionStore.swift */,
				D5C561CFCFED153F1ECD7132 /* LegalConsent.swift */,
				36607BC902C46F1100644A18 /* PairingService.swift */,
				32F87B107C233FF77336205C /* PendingIncomingMessageStore.swift */,
				C9D8E1D01228AE4C0BC46C07 /* PushNotificationService.swift */,
				C5A11BA96C078171C15765D1 /* RelaySessionDelegate.swift */,
				CC4F713441477AEF744FEF36 /* TelemetryManager.swift */,
				EAE0CD9B0A1BE6F823E1236F /* TelemetryPreferences.swift */,
				1AE3038A79D4C5B029B911F2 /* VersionPolicy.swift */,
				1E300ADB2E61972580FDF412 /* VoiceNotes.swift */,
			);
			path = Services;
			sourceTree = "<group>";
		};
		8C6262E49B64B12115DDA179 /* Resources */ = {
			isa = PBXGroup;
			children = (
				38EB16E8C689CE6F80777653 /* Assets.xcassets */,
				E29AFC5489AAF0A82A1F81F5 /* dev-config.json */,
			);
			path = Resources;
			sourceTree = "<group>";
		};
		8DCC77F757101F6A2A34EEA9 /* Products */ = {
			isa = PBXGroup;
			children = (
				EA139724725490C00344F525 /* chat94iphoneappstore.app */,
				D1B86079150FD47E71EDEB9F /* chat94iphonedev.app */,
				EF8399B5FE5AE92E7BDA6A50 /* chat94iphoneprod.app */,
				D312E36C1F6EDF9E1803F31E /* chat94mac.app */,
				80F448808960F4F842CBA7BC /* chat94Tests.xctest */,
			);
			name = Products;
			sourceTree = "<group>";
		};
		8FBBCD9A848CDAC239FE6CE4 /* Components */ = {
			isa = PBXGroup;
			children = (
				E427F7F984C8ABCB45FFF002 /* CameraCaptureView.swift */,
				C06EB3DD5E80A6C3E974C83C /* MessageBubble.swift */,
				9CE9C485C5E6DD76940558D4 /* TalkToTeamButton.swift */,
				4A0B3E196D639638FD365D6F /* VoiceMessageViews.swift */,
			);
			path = Components;
			sourceTree = "<group>";
		};
		B22B36E1916777DDAA231B86 /* Tests */ = {
			isa = PBXGroup;
			children = (
				F6CB72802587F22FE97540B5 /* CryptoTests.swift */,
				6B9AA1D442C250AB906A5D17 /* InnerMessageTests.swift */,
				C62651F554C1EDD4D67F7745 /* PairConfigTests.swift */,
				C68FD305E2BB3CA6E819CE4A /* PairingCryptoTests.swift */,
				002ACA9EEFC7A1A9DFB7FBCB /* ProtocolTests.swift */,
				42611641C24C652DA6F57790 /* VersionPolicyTests.swift */,
			);
			path = Tests;
			sourceTree = "<group>";
		};
		C3FD57E07F3C1992B0890316 /* Views */ = {
			isa = PBXGroup;
			children = (
				577ADEA7063CF3E5A806AD2A /* ChatView.swift */,
				9003BFA399EAB8F56EDD2549 /* ConnectingView.swift */,
				5C29A3E4F96C993008633E2C /* QRScannerView.swift */,
				CEF8088CD1D168B0EA00A1F4 /* SettingsSheet.swift */,
				B751766A9DE994E94506BDFC /* SetupView.swift */,
				CD54275A7BA90BCF9F4C766A /* Theme.swift */,
				8FBBCD9A848CDAC239FE6CE4 /* Components */,
			);
			path = Views;
			sourceTree = "<group>";
		};
		D4430EA8DF9348945A2323AA /* Gateway */ = {
			isa = PBXGroup;
			children = (
				37F7B7351A3AB59ABE4BF876 /* ProtocolModels.swift */,
				7212B7B1D71D42C12CEC58E2 /* WebSocketClient.swift */,
			);
			path = Gateway;
			sourceTree = "<group>";
		};
		E37EF6FF0966A4CB9F4A7EAF /* Models */ = {
			isa = PBXGroup;
			children = (
				A8AB43480945E32913A2A9B4 /* ChatMessage.swift */,
				7FDF3B4C47C18100E92BD69F /* ConnectionState.swift */,
				C9F3D6DEDAEAF48BAF2774ED /* ServerConfig.swift */,
			);
			path = Models;
			sourceTree = "<group>";
		};
		E937A24AC168A7218E417E8D /* App */ = {
			isa = PBXGroup;
			children = (
				C012745C0C13413AF6D800EB /* chat94App.swift */,
				C1DCA6328EB75A86E2F6B9E6 /* chat94Shortcuts.swift */,
				764C99CB293E4B1DCDC56A1D /* PlatformAppDelegate.swift */,
			);
			path = App;
			sourceTree = "<group>";
		};
/* End PBXGroup section */

/* Begin PBXNativeTarget section */
		13B0C64B9902E9A6E3ACA389 /* chat94Tests */ = {
			isa = PBXNativeTarget;
			buildConfigurationList = 7A326C62F28D10163FE736CF /* Build configuration list for PBXNativeTarget "chat94Tests" */;
			buildPhases = (
				ED0A9915836C86DCCB86BA1F /* Sources */,
			);
			buildRules = (
			);
			dependencies = (
				ABA5AB1FE0E68C8AFE8E0E52 /* PBXTargetDependency */,
			);
			name = chat94Tests;
			packageProductDependencies = (
			);
			productName = chat94Tests;
			productReference = 80F448808960F4F842CBA7BC /* chat94Tests.xctest */;
			productType = "com.apple.product-type.bundle.unit-test";
		};
		1A98C791E3F090BA9580B204 /* chat94mac */ = {
			isa = PBXNativeTarget;
			buildConfigurationList = A770F927A9AA758AF529DFCA /* Build configuration list for PBXNativeTarget "chat94mac" */;
			buildPhases = (
				AC1B3CCAC9E566545D33ACA9 /* Sources */,
				D51A01B51C116BE13DEB8EF0 /* Resources */,
				00A5BC1EE944CE42153E4913 /* Frameworks */,
			);
			buildRules = (
			);
			dependencies = (
			);
			name = chat94mac;
			packageProductDependencies = (
				9C75A915106C614F5BB49E98 /* Sentry */,
				5F6758C4001873E6CDD7D872 /* PostHog */,
				BF20820214D7974CE85F3556 /* Sodium */,
			);
			productName = chat94mac;
			productReference = D312E36C1F6EDF9E1803F31E /* chat94mac.app */;
			productType = "com.apple.product-type.application";
		};
		2FB00C6064A63CF277905EA1 /* chat94iphonedev */ = {
			isa = PBXNativeTarget;
			buildConfigurationList = 36FE7A04B9174694F5390DBE /* Build configuration list for PBXNativeTarget "chat94iphonedev" */;
			buildPhases = (
				15C7C5DDEF8CF2178E5B7E83 /* Sources */,
				7A7BA35E9E3C6CE268134D9A /* Resources */,
				3FE3F07CA68220C90B329E0B /* Frameworks */,
				241BACCE0C484967D9A4824C /* Upload dSYM to Sentry */,
			);
			buildRules = (
			);
			dependencies = (
			);
			name = chat94iphonedev;
			packageProductDependencies = (
				61250F6A2C9172E30651022A /* Sentry */,
				9973024F260BC48D06066F7C /* PostHog */,
				8E156C45D8B75231F21B0B19 /* Sodium */,
			);
			productName = chat94iphonedev;
			productReference = D1B86079150FD47E71EDEB9F /* chat94iphonedev.app */;
			productType = "com.apple.product-type.application";
		};
		E51870253854D5F3552E4A5A /* chat94iphoneprod */ = {
			isa = PBXNativeTarget;
			buildConfigurationList = E18917ED5E69C256B4DE1328 /* Build configuration list for PBXNativeTarget "chat94iphoneprod" */;
			buildPhases = (
				F6EBFF24C2EFD1B6227E534B /* Sources */,
				6E2D04DE462B802D4A3164F1 /* Resources */,
				C7ABFCEE0B4550CC32672250 /* Frameworks */,
				48F06404E230A2BDE4FF5C9A /* Upload dSYM to Sentry */,
			);
			buildRules = (
			);
			dependencies = (
			);
			name = chat94iphoneprod;
			packageProductDependencies = (
				2733D8A6721878EA49E686C0 /* Sentry */,
				EC64B484044B2717CC97227D /* PostHog */,
				A399E96E31D6F44EB9815242 /* Sodium */,
			);
			productName = chat94iphoneprod;
			productReference = EF8399B5FE5AE92E7BDA6A50 /* chat94iphoneprod.app */;
			productType = "com.apple.product-type.application";
		};
		FDE1CF380F5C441EAA41BF5C /* chat94iphoneappstore */ = {
			isa = PBXNativeTarget;
			buildConfigurationList = E217B3FF69893170247D2B70 /* Build configuration list for PBXNativeTarget "chat94iphoneappstore" */;
			buildPhases = (
				13116B39E87AC338BB3A676D /* Sources */,
				00FD838E8B4313DB3AE23DFB /* Resources */,
				C47E6412A29F0B7C2FF4A10B /* Frameworks */,
				099C00805085BAF1EBA83D66 /* Upload dSYM to Sentry */,
			);
			buildRules = (
			);
			dependencies = (
			);
			name = chat94iphoneappstore;
			packageProductDependencies = (
				58BCDD3D3E5F7D3FA5D907BC /* Sentry */,
				4DEAC32190AE74BE2C8A2892 /* PostHog */,
				4D4074E31998C3C714B6CE45 /* Sodium */,
			);
			productName = chat94iphoneappstore;
			productReference = EA139724725490C00344F525 /* chat94iphoneappstore.app */;
			productType = "com.apple.product-type.application";
		};
/* End PBXNativeTarget section */

/* Begin PBXProject section */
		4A28AE3F7D711CBC1D737F96 /* Project object */ = {
			isa = PBXProject;
			attributes = {
				BuildIndependentTargetsInParallel = YES;
				LastUpgradeCheck = 1600;
				TargetAttributes = {
					13B0C64B9902E9A6E3ACA389 = {
						DevelopmentTeam = H45JD827CU;
						ProvisioningStyle = Automatic;
					};
					1A98C791E3F090BA9580B204 = {
						DevelopmentTeam = H45JD827CU;
						ProvisioningStyle = Automatic;
					};
					2FB00C6064A63CF277905EA1 = {
						DevelopmentTeam = H45JD827CU;
						ProvisioningStyle = Automatic;
					};
					E51870253854D5F3552E4A5A = {
						DevelopmentTeam = H45JD827CU;
						ProvisioningStyle = Automatic;
					};
					FDE1CF380F5C441EAA41BF5C = {
						DevelopmentTeam = H45JD827CU;
						ProvisioningStyle = Automatic;
					};
				};
			};
			buildConfigurationList = EB6C2EAC6ABA17CA7C8948D1 /* Build configuration list for PBXProject "chat94" */;
			developmentRegion = en;
			hasScannedForEncodings = 0;
			knownRegions = (
				Base,
				en,
			);
			mainGroup = 788D6A9E092885568E7ED114;
			minimizedProjectReferenceProxies = 1;
			packageReferences = (
				3966106830328BD4B24000DE /* XCRemoteSwiftPackageReference "posthog-ios" */,
				F91564C9D3B90A9468D2A716 /* XCRemoteSwiftPackageReference "sentry-cocoa" */,
				3986C5E7F40B5752D67256AE /* XCRemoteSwiftPackageReference "swift-sodium" */,
			);
			preferredProjectObjectVersion = 77;
			productRefGroup = 8DCC77F757101F6A2A34EEA9 /* Products */;
			projectDirPath = "";
			projectRoot = "";
			targets = (
				13B0C64B9902E9A6E3ACA389 /* chat94Tests */,
				FDE1CF380F5C441EAA41BF5C /* chat94iphoneappstore */,
				2FB00C6064A63CF277905EA1 /* chat94iphonedev */,
				E51870253854D5F3552E4A5A /* chat94iphoneprod */,
				1A98C791E3F090BA9580B204 /* chat94mac */,
			);
		};
/* End PBXProject section */

/* Begin PBXResourcesBuildPhase section */
		00FD838E8B4313DB3AE23DFB /* Resources */ = {
			isa = PBXResourcesBuildPhase;
			buildActionMask = 2147483647;
			files = (
				1721F22BEEC67DB024A4D901 /* Assets.xcassets in Resources */,
				11532D0ED9D5E4EE21DEFBD2 /* dev-config.json in Resources */,
			);
			runOnlyForDeploymentPostprocessing = 0;
		};
		6E2D04DE462B802D4A3164F1 /* Resources */ = {
			isa = PBXResourcesBuildPhase;
			buildActionMask = 2147483647;
			files = (
				FE04C7CD320AB785C930F332 /* Assets.xcassets in Resources */,
				938AF750E730608F70E8C298 /* dev-config.json in Resources */,
			);
			runOnlyForDeploymentPostprocessing = 0;
		};
		7A7BA35E9E3C6CE268134D9A /* Resources */ = {
			isa = PBXResourcesBuildPhase;
			buildActionMask = 2147483647;
			files = (
				E6505C867225CD7759D0B7A6 /* Assets.xcassets in Resources */,
				E2A46665A0AB858B6E8391A3 /* dev-config.json in Resources */,
			);
			runOnlyForDeploymentPostprocessing = 0;
		};
		D51A01B51C116BE13DEB8EF0 /* Resources */ = {
			isa = PBXResourcesBuildPhase;
			buildActionMask = 2147483647;
			files = (
				73A1B9EA8EA098E4253F2AC4 /* Assets.xcassets in Resources */,
				654C6A0AF3F71F45AB92D800 /* dev-config.json in Resources */,
			);
			runOnlyForDeploymentPostprocessing = 0;
		};
/* End PBXResourcesBuildPhase section */

/* Begin PBXShellScriptBuildPhase section */
		099C00805085BAF1EBA83D66 /* Upload dSYM to Sentry */ = {
			isa = PBXShellScriptBuildPhase;
			alwaysOutOfDate = 1;
			buildActionMask = 2147483647;
			files = (
			);
			inputFileListPaths = (
			);
			inputPaths = (
			);
			name = "Upload dSYM to Sentry";
			outputFileListPaths = (
			);
			outputPaths = (
			);
			runOnlyForDeploymentPostprocessing = 0;
			shellPath = /bin/sh;
			shellScript = "\"$SRCROOT/scripts/upload-dsym-to-sentry.sh\"\n";
		};
		241BACCE0C484967D9A4824C /* Upload dSYM to Sentry */ = {
			isa = PBXShellScriptBuildPhase;
			alwaysOutOfDate = 1;
			buildActionMask = 2147483647;
			files = (
			);
			inputFileListPaths = (
			);
			inputPaths = (
			);
			name = "Upload dSYM to Sentry";
			outputFileListPaths = (
			);
			outputPaths = (
			);
			runOnlyForDeploymentPostprocessing = 0;
			shellPath = /bin/sh;
			shellScript = "\"$SRCROOT/scripts/upload-dsym-to-sentry.sh\"\n";
		};
		48F06404E230A2BDE4FF5C9A /* Upload dSYM to Sentry */ = {
			isa = PBXShellScriptBuildPhase;
			alwaysOutOfDate = 1;
			buildActionMask = 2147483647;
			files = (
			);
			inputFileListPaths = (
			);
			inputPaths = (
			);
			name = "Upload dSYM to Sentry";
			outputFileListPaths = (
			);
			outputPaths = (
			);
			runOnlyForDeploymentPostprocessing = 0;
			shellPath = /bin/sh;
			shellScript = "\"$SRCROOT/scripts/upload-dsym-to-sentry.sh\"\n";
		};
/* End PBXShellScriptBuildPhase section */

/* Begin PBXSourcesBuildPhase section */
		13116B39E87AC338BB3A676D /* Sources */ = {
			isa = PBXSourcesBuildPhase;
			buildActionMask = 2147483647;
			files = (
				59022092C9C0B91640340ABC /* AnalyticsEvent.swift in Sources */,
				DE6523C56DAAAF77DAE72975 /* AppAttestService.swift in Sources */,
				6DF6087DAFF194D5D1EFF16A /* AppEnvironment.swift in Sources */,
				AC38882511752239BD6145DA /* CameraCaptureView.swift in Sources */,
				8867007CE0CD8F88C3745510 /* ChatMessage.swift in Sources */,
				1E3E7432E40456D021232EE1 /* ChatView.swift in Sources */,
				1B3D6898215113AA6CD86164 /* ConnectingView.swift in Sources */,
				B92009DD33C7A205D4C3D33E /* ConnectionState.swift in Sources */,
				52418E09EC8510DD536C6627 /* Crypto.swift in Sources */,
				165CFB7203FB5E6069512EED /* DevLog.swift in Sources */,
				BF9200AD9FE7014035D33B48 /* Haptics.swift in Sources */,
				76A45A4F56B13972BC87CD28 /* KeychainService.swift in Sources */,
				450407BA9099DA9EC52FC98A /* LaunchActionStore.swift in Sources */,
				9733E980507A693FA2AA6435 /* LegalConsent.swift in Sources */,
				C5DD26EF14E6A733DB21CC96 /* MessageBubble.swift in Sources */,
				E044F07BE6630BE11B74879F /* PairingService.swift in Sources */,
				B101461B0934B27BBE68BF94 /* PendingIncomingMessageStore.swift in Sources */,
				AF723590A6D1F9C258EA6658 /* PlatformAppDelegate.swift in Sources */,
				679293EF7C710CB1B328C3EF /* ProtocolModels.swift in Sources */,
				9DDB5CE0E20844A77192065B /* PushNotificationService.swift in Sources */,
				1F3D3BF8D7480092FEEF8C6E /* QRScannerView.swift in Sources */,
				C668E30A5D3FB2B2C6A5F6B5 /* RelaySessionDelegate.swift in Sources */,
				6B4E06693DA162F48FAB7FAA /* ServerConfig.swift in Sources */,
				22234145F089C19F05A4D63F /* SettingsSheet.swift in Sources */,
				2AAE6D27B7BC418D82992A7E /* SetupView.swift in Sources */,
				5CC7E75E1FB6E4BDAFA28EEB /* TalkToTeamButton.swift in Sources */,
				5A17698C19BC3A788A641D63 /* TelemetryManager.swift in Sources */,
				B51ABD30CC207A82DA71B2D3 /* TelemetryPreferences.swift in Sources */,
				7C72D2649F5F9B6D8929BD50 /* Theme.swift in Sources */,
				3DA16D689082A7DDC433CE8D /* VersionPolicy.swift in Sources */,
				8D585238136B1A23C8F0E4F0 /* VoiceMessageViews.swift in Sources */,
				FFA29F5142F2F0F77B120503 /* VoiceNotes.swift in Sources */,
				B47E74558078788102A942E8 /* WebSocketClient.swift in Sources */,
				E8EE3E02B324BE8CCAEEEC21 /* chat94App.swift in Sources */,
				0B79A76B2FD69113EC92858E /* chat94Shortcuts.swift in Sources */,
			);
			runOnlyForDeploymentPostprocessing = 0;
		};
		15C7C5DDEF8CF2178E5B7E83 /* Sources */ = {
			isa = PBXSourcesBuildPhase;
			buildActionMask = 2147483647;
			files = (
				FECAEEA049D6C9E2030BBCF6 /* AnalyticsEvent.swift in Sources */,
				57CB62E06D2063583B77FC78 /* AppAttestService.swift in Sources */,
				27756E4EEE3F55E73BEF14F4 /* AppEnvironment.swift in Sources */,
				4B0002D54AA351174B8DC894 /* CameraCaptureView.swift in Sources */,
				3E5E6DE4AFD88BF3EDAB61BC /* ChatMessage.swift in Sources */,
				B569F9274DA9015BA9692607 /* ChatView.swift in Sources */,
				3E5D656B4CA207C18D2ED543 /* ConnectingView.swift in Sources */,
				12774D518C9C4DE7E305F67B /* ConnectionState.swift in Sources */,
				A033B33247678EB25C8F7410 /* Crypto.swift in Sources */,
				030186A5592AF2566BF3A812 /* DevLog.swift in Sources */,
				77A58C4DE6416D2845B0B1D1 /* Haptics.swift in Sources */,
				CE1005E54D3825FE63305EC0 /* KeychainService.swift in Sources */,
				12B0A078901260CE89D7B5E1 /* LaunchActionStore.swift in Sources */,
				AFAD0F1322F418C804773BF8 /* LegalConsent.swift in Sources */,
				2635964C07FDAD25B4314633 /* MessageBubble.swift in Sources */,
				C333A7ABD5F23080E715EC01 /* PairingService.swift in Sources */,
				29F0C5BD2DF0AFF7B3AA4BE8 /* PendingIncomingMessageStore.swift in Sources */,
				57AC8870EC6632FBE41BB83B /* PlatformAppDelegate.swift in Sources */,
				9AC4C411DA7F049C15A014DF /* ProtocolModels.swift in Sources */,
				A53FD36AD86DDE90529D6338 /* PushNotificationService.swift in Sources */,
				62598B3E1E47F72CC5B34FAD /* QRScannerView.swift in Sources */,
				9861B07E9338981C848A4DA3 /* RelaySessionDelegate.swift in Sources */,
				228B975836A64473CED78B79 /* ServerConfig.swift in Sources */,
				F5FFB8987CCB0F120A05BC7C /* SettingsSheet.swift in Sources */,
				4B5678966F4C03DC60A346DB /* SetupView.swift in Sources */,
				ED21CD285F4691EAC1334C33 /* TalkToTeamButton.swift in Sources */,
				8A57CF71E7AF42EE5571562C /* TelemetryManager.swift in Sources */,
				E343A9882CD379C3F9B4069B /* TelemetryPreferences.swift in Sources */,
				C03E9F17CD4CF4E1A71C53AD /* Theme.swift in Sources */,
				A2A142B1C60DC497559F5BE3 /* VersionPolicy.swift in Sources */,
				2B92027D05FA2686A5A0F4F4 /* VoiceMessageViews.swift in Sources */,
				6601C0B89BB62DA39D5F6CB5 /* VoiceNotes.swift in Sources */,
				2D43EED9DEBDBF2C12F310F2 /* WebSocketClient.swift in Sources */,
				15EA2C9BAB528555DE950A69 /* chat94App.swift in Sources */,
				9DA48D6A663B75159E9793CF /* chat94Shortcuts.swift in Sources */,
			);
			runOnlyForDeploymentPostprocessing = 0;
		};
		AC1B3CCAC9E566545D33ACA9 /* Sources */ = {
			isa = PBXSourcesBuildPhase;
			buildActionMask = 2147483647;
			files = (
				81982BD76654728D34DED5E9 /* AnalyticsEvent.swift in Sources */,
				98C70AFB2819BEC2750A8082 /* AppAttestService.swift in Sources */,
				50A5E014644ED743AF34B2A4 /* AppEnvironment.swift in Sources */,
				04F5698226FD084B49684BD0 /* CameraCaptureView.swift in Sources */,
				B568FBF10968B284C2A19DC1 /* ChatMessage.swift in Sources */,
				43F0CB438A01EACB017FB4F3 /* ChatView.swift in Sources */,
				EFAC958A054DA059225BA6CC /* ConnectingView.swift in Sources */,
				85BC6689FEAFE367ECE5D69F /* ConnectionState.swift in Sources */,
				F1EF93FD1CFDBD078CC38C3E /* Crypto.swift in Sources */,
				E0BDB2D7B6552DB6458971CE /* DevLog.swift in Sources */,
				16EB6AD7DA90602387FCF402 /* Haptics.swift in Sources */,
				B1EC112E6C8228B99A68EB1B /* KeychainService.swift in Sources */,
				F37C7DCD253A6245DDDE8A8C /* LaunchActionStore.swift in Sources */,
				866786A91D1253B73CE5F03D /* LegalConsent.swift in Sources */,
				61B7DE4B0562549A1C8832E9 /* MessageBubble.swift in Sources */,
				217FECFEF6A65FAD04DED6AF /* PairingService.swift in Sources */,
				C744E78C20428565A0EFA720 /* PendingIncomingMessageStore.swift in Sources */,
				344A05E136F415C5102725DD /* PlatformAppDelegate.swift in Sources */,
				62AB1AA76064FD0B898C2368 /* ProtocolModels.swift in Sources */,
				1D26C8DDE23B6093512180AD /* PushNotificationService.swift in Sources */,
				053433B0296C008EA6FE1A03 /* QRScannerView.swift in Sources */,
				51E4B56AA7A68D3C0DB6A24D /* RelaySessionDelegate.swift in Sources */,
				8F2539196E240681C3A70E3B /* ServerConfig.swift in Sources */,
				751F70FFB7831546AD49EDD5 /* SettingsSheet.swift in Sources */,
				6C7C3DBBB5AA9316255776A2 /* SetupView.swift in Sources */,
				9AC765FA5496F41E21D75E64 /* TalkToTeamButton.swift in Sources */,
				1C0C99D052A34F39DBB6A265 /* TelemetryManager.swift in Sources */,
				F4FFFF635C95F3E0BA51F363 /* TelemetryPreferences.swift in Sources */,
				9EAB8019CDC89516F71E7DCF /* Theme.swift in Sources */,
				66AFF7ED14FE4423F50DE7C8 /* VersionPolicy.swift in Sources */,
				30202E0A41BB679BD34E2EEA /* VoiceMessageViews.swift in Sources */,
				4C7DCB35770934C47DDCE1B1 /* VoiceNotes.swift in Sources */,
				FD2D174DA63610D4F5EC8E54 /* WebSocketClient.swift in Sources */,
				F6C9E8A41A8FA2C6F5E12290 /* chat94App.swift in Sources */,
				BB35C328E94A25EA26305EE8 /* chat94Shortcuts.swift in Sources */,
			);
			runOnlyForDeploymentPostprocessing = 0;
		};
		ED0A9915836C86DCCB86BA1F /* Sources */ = {
			isa = PBXSourcesBuildPhase;
			buildActionMask = 2147483647;
			files = (
				412975C55BAB8D3E560916F4 /* CryptoTests.swift in Sources */,
				D6C5B9CC2C35CEE54376A31F /* InnerMessageTests.swift in Sources */,
				F5063615E1759FF149E07B6E /* PairConfigTests.swift in Sources */,
				B0DFBE4ECF5FECFB951DA32C /* PairingCryptoTests.swift in Sources */,
				B27715B30961B631CDAEC007 /* ProtocolTests.swift in Sources */,
				3B018BB7D8C721E430576052 /* VersionPolicyTests.swift in Sources */,
			);
			runOnlyForDeploymentPostprocessing = 0;
		};
		F6EBFF24C2EFD1B6227E534B /* Sources */ = {
			isa = PBXSourcesBuildPhase;
			buildActionMask = 2147483647;
			files = (
				BF4539CC4427160393DA6D5D /* AnalyticsEvent.swift in Sources */,
				F10B0A54ABB338E37FEDE1DF /* AppAttestService.swift in Sources */,
				918E57A813722DBA482551AF /* AppEnvironment.swift in Sources */,
				1976474F523E570E0C3F96D6 /* CameraCaptureView.swift in Sources */,
				62982823C1848B4A40710932 /* ChatMessage.swift in Sources */,
				A51A7E6D5A5888B033DB75B0 /* ChatView.swift in Sources */,
				C38E8CBD70BE7EDF0DE41E27 /* ConnectingView.swift in Sources */,
				9116C4E24E1CFECDAEE0AA74 /* ConnectionState.swift in Sources */,
				01626FD089AB73C720C73E65 /* Crypto.swift in Sources */,
				43A70EE6BB8B1EF33F532B06 /* DevLog.swift in Sources */,
				E1D3CE46349A5900FC7C6257 /* Haptics.swift in Sources */,
				B283160AFFB3A17A6749806E /* KeychainService.swift in Sources */,
				A9E4F139F6B2F61892F59FE8 /* LaunchActionStore.swift in Sources */,
				02C09233DA489D02A5C286FC /* LegalConsent.swift in Sources */,
				1DB051BD205F2D757AA2781C /* MessageBubble.swift in Sources */,
				E7BA1ACC01B438B43E719CDC /* PairingService.swift in Sources */,
				2081FC8256856732F1D5FCA9 /* PendingIncomingMessageStore.swift in Sources */,
				D45A3C2FB94FAE2B6AE2A681 /* PlatformAppDelegate.swift in Sources */,
				A2D65A0B4CB206AB0C550892 /* ProtocolModels.swift in Sources */,
				4D0693F0D4BB9F40CFDEE64F /* PushNotificationService.swift in Sources */,
				7A0E25DAE924D880F9FF8944 /* QRScannerView.swift in Sources */,
				2E37B9AB484BC1E92B5BEA96 /* RelaySessionDelegate.swift in Sources */,
				DAF60461CC6B21500950090E /* ServerConfig.swift in Sources */,
				12D9ED439730046879F62297 /* SettingsSheet.swift in Sources */,
				40ED37AB0D1B5B1F8C034375 /* SetupView.swift in Sources */,
				44E341342DFE2CE430BD2B9D /* TalkToTeamButton.swift in Sources */,
				692F7366C41A3B319E1829E8 /* TelemetryManager.swift in Sources */,
				18501903DBC7472116BEC531 /* TelemetryPreferences.swift in Sources */,
				1CDBB816771A0AFD2E35252D /* Theme.swift in Sources */,
				FE0410C1998940399CA61484 /* VersionPolicy.swift in Sources */,
				27A4841CCA57EB0A5228FE6A /* VoiceMessageViews.swift in Sources */,
				24C332C9EB5F73E6DCE23037 /* VoiceNotes.swift in Sources */,
				B7B9AF66C5E13BFFD733A2B1 /* WebSocketClient.swift in Sources */,
				084569AB63D80472D0918921 /* chat94App.swift in Sources */,
				9F61DA4836CF36D9D79C3715 /* chat94Shortcuts.swift in Sources */,
			);
			runOnlyForDeploymentPostprocessing = 0;
		};
/* End PBXSourcesBuildPhase section */

/* Begin PBXTargetDependency section */
		ABA5AB1FE0E68C8AFE8E0E52 /* PBXTargetDependency */ = {
			isa = PBXTargetDependency;
			target = E51870253854D5F3552E4A5A /* chat94iphoneprod */;
			targetProxy = D2C0CA3DAF53BF48EC28FDCA /* PBXContainerItemProxy */;
		};
/* End PBXTargetDependency section */

/* Begin XCBuildConfiguration section */
		02DA7CECC8B23D79E59FC63D /* Release */ = {
			isa = XCBuildConfiguration;
			buildSettings = {
				BUNDLE_LOADER = "$(TEST_HOST)";
				GENERATE_INFOPLIST_FILE = YES;
				LD_RUNPATH_SEARCH_PATHS = (
					"$(inherited)",
					"@executable_path/Frameworks",
					"@loader_path/Frameworks",
				);
				PRODUCT_BUNDLE_IDENTIFIER = com.chat94.chat94Tests;
				SDKROOT = iphoneos;
				TARGETED_DEVICE_FAMILY = "1,2";
				TEST_HOST = "$(BUILT_PRODUCTS_DIR)/chat94iphoneprod.app/chat94iphoneprod";
			};
			name = Release;
		};
		24B186D4829DA1A932BC9A43 /* Debug */ = {
			isa = XCBuildConfiguration;
			buildSettings = {
				APP_APNS_ENV = development;
				APP_APPATTEST_ENV = development;
				APP_DISPLAY_NAME = chat94;
				APP_DISTRIBUTION_CHANNEL = dev;
				ASSETCATALOG_COMPILER_APPICON_NAME = AppIcon;
				CODE_SIGN_ENTITLEMENTS = Resources/chat94Debug.entitlements;
				CODE_SIGN_IDENTITY = "iPhone Developer";
				INFOPLIST_FILE = Resources/Info.plist;
				LD_RUNPATH_SEARCH_PATHS = (
					"$(inherited)",
					"@executable_path/Frameworks",
				);
				PRODUCT_BUNDLE_IDENTIFIER = com.neonnode.chat94app;
				PRODUCT_MODULE_NAME = chat94;
				SDKROOT = iphoneos;
				SUPPORTS_XR_DESIGNED_FOR_IPHONE_IPAD = NO;
				TARGETED_DEVICE_FAMILY = 1;
			};
			name = Debug;
		};
		4F85C2CDCF094C695F11FE15 /* Release */ = {
			isa = XCBuildConfiguration;
			buildSettings = {
				APP_APNS_ENV = development;
				APP_APPATTEST_ENV = development;
				APP_DISPLAY_NAME = chat94Dev;
				APP_DISTRIBUTION_CHANNEL = dev;
				ASSETCATALOG_COMPILER_APPICON_NAME = AppIcon;
				CODE_SIGN_ENTITLEMENTS = Resources/chat94.entitlements;
				CODE_SIGN_IDENTITY = "iPhone Developer";
				DEBUG_INFORMATION_FORMAT = "dwarf-with-dsym";
				INFOPLIST_FILE = Resources/Info.plist;
				LD_RUNPATH_SEARCH_PATHS = (
					"$(inherited)",
					"@executable_path/Frameworks",
				);
				PRODUCT_BUNDLE_IDENTIFIER = com.neonnode.chat94app.dev;
				PRODUCT_MODULE_NAME = chat94;
				SDKROOT = iphoneos;
				SUPPORTS_XR_DESIGNED_FOR_IPHONE_IPAD = NO;
				TARGETED_DEVICE_FAMILY = 1;
			};
			name = Release;
		};
		691EFAC4967D4B1A2EB54298 /* Debug */ = {
			isa = XCBuildConfiguration;
			buildSettings = {
				ALWAYS_SEARCH_USER_PATHS = NO;
				APP_APNS_ENV = development;
				APP_APPATTEST_ENV = development;
				APP_DISPLAY_NAME = chat94;
				APP_DISTRIBUTION_CHANNEL = dev;
				CLANG_ANALYZER_NONNULL = YES;
				CLANG_ANALYZER_NUMBER_OBJECT_CONVERSION = YES_AGGRESSIVE;
				CLANG_CXX_LANGUAGE_STANDARD = "gnu++14";
				CLANG_CXX_LIBRARY = "libc++";
				CLANG_ENABLE_MODULES = YES;
				CLANG_ENABLE_OBJC_ARC = YES;
				CLANG_ENABLE_OBJC_WEAK = YES;
				CLANG_WARN_BLOCK_CAPTURE_AUTORELEASING = YES;
				CLANG_WARN_BOOL_CONVERSION = YES;
				CLANG_WARN_COMMA = YES;
				CLANG_WARN_CONSTANT_CONVERSION = YES;
				CLANG_WARN_DEPRECATED_OBJC_IMPLEMENTATIONS = YES;
				CLANG_WARN_DIRECT_OBJC_ISA_USAGE = YES_ERROR;
				CLANG_WARN_DOCUMENTATION_COMMENTS = YES;
				CLANG_WARN_EMPTY_BODY = YES;
				CLANG_WARN_ENUM_CONVERSION = YES;
				CLANG_WARN_INFINITE_RECURSION = YES;
				CLANG_WARN_INT_CONVERSION = YES;
				CLANG_WARN_NON_LITERAL_NULL_CONVERSION = YES;
				CLANG_WARN_OBJC_IMPLICIT_RETAIN_SELF = YES;
				CLANG_WARN_OBJC_LITERAL_CONVERSION = YES;
				CLANG_WARN_OBJC_ROOT_CLASS = YES_ERROR;
				CLANG_WARN_QUOTED_INCLUDE_IN_FRAMEWORK_HEADER = YES;
				CLANG_WARN_RANGE_LOOP_ANALYSIS = YES;
				CLANG_WARN_STRICT_PROTOTYPES = YES;
				CLANG_WARN_SUSPICIOUS_MOVE = YES;
				CLANG_WARN_UNGUARDED_AVAILABILITY = YES_AGGRESSIVE;
				CLANG_WARN_UNREACHABLE_CODE = YES;
				CLANG_WARN__DUPLICATE_METHOD_MATCH = YES;
				CODE_SIGN_STYLE = Automatic;
				COPY_PHASE_STRIP = NO;
				CURRENT_PROJECT_VERSION = 1;
				DEBUG_INFORMATION_FORMAT = dwarf;
				DEVELOPMENT_TEAM = H45JD827CU;
				ENABLE_STRICT_OBJC_MSGSEND = YES;
				ENABLE_TESTABILITY = YES;
				GCC_C_LANGUAGE_STANDARD = gnu11;
				GCC_DYNAMIC_NO_PIC = NO;
				GCC_NO_COMMON_BLOCKS = YES;
				GCC_OPTIMIZATION_LEVEL = 0;
				GCC_PREPROCESSOR_DEFINITIONS = (
					"$(inherited)",
					"DEBUG=1",
				);
				GCC_WARN_64_TO_32_BIT_CONVERSION = YES;
				GCC_WARN_ABOUT_RETURN_TYPE = YES_ERROR;
				GCC_WARN_UNDECLARED_SELECTOR = YES;
				GCC_WARN_UNINITIALIZED_AUTOS = YES_AGGRESSIVE;
				GCC_WARN_UNUSED_FUNCTION = YES;
				GCC_WARN_UNUSED_VARIABLE = YES;
				IPHONEOS_DEPLOYMENT_TARGET = 17.0;
				MACOSX_DEPLOYMENT_TARGET = 14.0;
				MARKETING_VERSION = 1.0.0;
				MTL_ENABLE_DEBUG_INFO = INCLUDE_SOURCE;
				MTL_FAST_MATH = YES;
				ONLY_ACTIVE_ARCH = YES;
				PRODUCT_NAME = "$(TARGET_NAME)";
				SWIFT_ACTIVE_COMPILATION_CONDITIONS = DEBUG;
				SWIFT_OPTIMIZATION_LEVEL = "-Onone";
				SWIFT_VERSION = 6.0;
			};
			name = Debug;
		};
		720B90D8965F4DA7721A16C3 /* Debug */ = {
			isa = XCBuildConfiguration;
			buildSettings = {
				APP_DISPLAY_NAME = chat94;
				ASSETCATALOG_COMPILER_APPICON_NAME = AppIcon;
				CODE_SIGN_ENTITLEMENTS = Resources/chat94Mac.entitlements;
				COMBINE_HIDPI_IMAGES = YES;
				ENABLE_HARDENED_RUNTIME = YES;
				INFOPLIST_FILE = "Resources/Info-macOS.plist";
				LD_RUNPATH_SEARCH_PATHS = (
					"$(inherited)",
					"@executable_path/../Frameworks",
				);
				PRODUCT_BUNDLE_IDENTIFIER = com.neonnode.chat94app;
				PRODUCT_MODULE_NAME = chat94;
				PRODUCT_NAME = chat94;
				SDKROOT = macosx;
			};
			name = Debug;
		};
		79BA3E0863F64215AC0D1D02 /* Release */ = {
			isa = XCBuildConfiguration;
			buildSettings = {
				APP_DISPLAY_NAME = chat94;
				ASSETCATALOG_COMPILER_APPICON_NAME = AppIcon;
				CODE_SIGN_ENTITLEMENTS = Resources/chat94Mac.entitlements;
				COMBINE_HIDPI_IMAGES = YES;
				DEBUG_INFORMATION_FORMAT = "dwarf-with-dsym";
				ENABLE_HARDENED_RUNTIME = YES;
				INFOPLIST_FILE = "Resources/Info-macOS.plist";
				LD_RUNPATH_SEARCH_PATHS = (
					"$(inherited)",
					"@executable_path/../Frameworks",
				);
				PRODUCT_BUNDLE_IDENTIFIER = com.neonnode.chat94app;
				PRODUCT_MODULE_NAME = chat94;
				PRODUCT_NAME = chat94;
				SDKROOT = macosx;
			};
			name = Release;
		};
		8D7A03429BF313E1AEA935F2 /* Release */ = {
			isa = XCBuildConfiguration;
			buildSettings = {
				APP_APNS_ENV = production;
				APP_APPATTEST_ENV = production;
				APP_DISPLAY_NAME = chat94;
				APP_DISTRIBUTION_CHANNEL = app_store;
				ASSETCATALOG_COMPILER_APPICON_NAME = AppIcon;
				CODE_SIGN_ENTITLEMENTS = Resources/chat94.entitlements;
				CODE_SIGN_IDENTITY = "iPhone Developer";
				DEBUG_INFORMATION_FORMAT = "dwarf-with-dsym";
				INFOPLIST_FILE = Resources/Info.plist;
				LD_RUNPATH_SEARCH_PATHS = (
					"$(inherited)",
					"@executable_path/Frameworks",
				);
				PRODUCT_BUNDLE_IDENTIFIER = com.neonnode.chat94app;
				PRODUCT_MODULE_NAME = chat94;
				SDKROOT = iphoneos;
				SUPPORTS_XR_DESIGNED_FOR_IPHONE_IPAD = NO;
				TARGETED_DEVICE_FAMILY = 1;
			};
			name = Release;
		};
		A039F267F3B119EE6DF73138 /* Release */ = {
			isa = XCBuildConfiguration;
			buildSettings = {
				APP_APNS_ENV = development;
				APP_APPATTEST_ENV = development;
				APP_DISPLAY_NAME = chat94;
				APP_DISTRIBUTION_CHANNEL = dev;
				ASSETCATALOG_COMPILER_APPICON_NAME = AppIcon;
				CODE_SIGN_ENTITLEMENTS = Resources/chat94.entitlements;
				CODE_SIGN_IDENTITY = "iPhone Developer";
				DEBUG_INFORMATION_FORMAT = "dwarf-with-dsym";
				INFOPLIST_FILE = Resources/Info.plist;
				LD_RUNPATH_SEARCH_PATHS = (
					"$(inherited)",
					"@executable_path/Frameworks",
				);
				PRODUCT_BUNDLE_IDENTIFIER = com.neonnode.chat94app;
				PRODUCT_MODULE_NAME = chat94;
				SDKROOT = iphoneos;
				SUPPORTS_XR_DESIGNED_FOR_IPHONE_IPAD = NO;
				TARGETED_DEVICE_FAMILY = 1;
			};
			name = Release;
		};
		A351A46C8B6ECF37FA1E51B0 /* Debug */ = {
			isa = XCBuildConfiguration;
			buildSettings = {
				APP_APNS_ENV = development;
				APP_APPATTEST_ENV = development;
				APP_DISPLAY_NAME = chat94;
				APP_DISTRIBUTION_CHANNEL = dev;
				ASSETCATALOG_COMPILER_APPICON_NAME = AppIcon;
				CODE_SIGN_ENTITLEMENTS = Resources/chat94Debug.entitlements;
				CODE_SIGN_IDENTITY = "iPhone Developer";
				INFOPLIST_FILE = Resources/Info.plist;
				LD_RUNPATH_SEARCH_PATHS = (
					"$(inherited)",
					"@executable_path/Frameworks",
				);
				PRODUCT_BUNDLE_IDENTIFIER = com.neonnode.chat94app;
				PRODUCT_MODULE_NAME = chat94;
				SDKROOT = iphoneos;
				SUPPORTS_XR_DESIGNED_FOR_IPHONE_IPAD = NO;
				TARGETED_DEVICE_FAMILY = 1;
			};
			name = Debug;
		};
		B254C6AD6792D1D86DCE0AAE /* Debug */ = {
			isa = XCBuildConfiguration;
			buildSettings = {
				APP_APNS_ENV = development;
				APP_APPATTEST_ENV = development;
				APP_DISPLAY_NAME = chat94Dev;
				APP_DISTRIBUTION_CHANNEL = dev;
				ASSETCATALOG_COMPILER_APPICON_NAME = AppIcon;
				CODE_SIGN_ENTITLEMENTS = Resources/chat94Debug.entitlements;
				CODE_SIGN_IDENTITY = "iPhone Developer";
				INFOPLIST_FILE = Resources/Info.plist;
				LD_RUNPATH_SEARCH_PATHS = (
					"$(inherited)",
					"@executable_path/Frameworks",
				);
				PRODUCT_BUNDLE_IDENTIFIER = com.neonnode.chat94app.dev;
				PRODUCT_MODULE_NAME = chat94;
				SDKROOT = iphoneos;
				SUPPORTS_XR_DESIGNED_FOR_IPHONE_IPAD = NO;
				TARGETED_DEVICE_FAMILY = 1;
			};
			name = Debug;
		};
		BE9BDA3A767F2327E531CC5F /* Debug */ = {
			isa = XCBuildConfiguration;
			buildSettings = {
				BUNDLE_LOADER = "$(TEST_HOST)";
				GENERATE_INFOPLIST_FILE = YES;
				LD_RUNPATH_SEARCH_PATHS = (
					"$(inherited)",
					"@executable_path/Frameworks",
					"@loader_path/Frameworks",
				);
				PRODUCT_BUNDLE_IDENTIFIER = com.chat94.chat94Tests;
				SDKROOT = iphoneos;
				TARGETED_DEVICE_FAMILY = "1,2";
				TEST_HOST = "$(BUILT_PRODUCTS_DIR)/chat94iphoneprod.app/chat94iphoneprod";
			};
			name = Debug;
		};
		CBAA7584AE3629E1082EBBE1 /* Release */ = {
			isa = XCBuildConfiguration;
			buildSettings = {
				ALWAYS_SEARCH_USER_PATHS = NO;
				APP_APNS_ENV = development;
				APP_APPATTEST_ENV = development;
				APP_DISPLAY_NAME = chat94;
				APP_DISTRIBUTION_CHANNEL = dev;
				CLANG_ANALYZER_NONNULL = YES;
				CLANG_ANALYZER_NUMBER_OBJECT_CONVERSION = YES_AGGRESSIVE;
				CLANG_CXX_LANGUAGE_STANDARD = "gnu++14";
				CLANG_CXX_LIBRARY = "libc++";
				CLANG_ENABLE_MODULES = YES;
				CLANG_ENABLE_OBJC_ARC = YES;
				CLANG_ENABLE_OBJC_WEAK = YES;
				CLANG_WARN_BLOCK_CAPTURE_AUTORELEASING = YES;
				CLANG_WARN_BOOL_CONVERSION = YES;
				CLANG_WARN_COMMA = YES;
				CLANG_WARN_CONSTANT_CONVERSION = YES;
				CLANG_WARN_DEPRECATED_OBJC_IMPLEMENTATIONS = YES;
				CLANG_WARN_DIRECT_OBJC_ISA_USAGE = YES_ERROR;
				CLANG_WARN_DOCUMENTATION_COMMENTS = YES;
				CLANG_WARN_EMPTY_BODY = YES;
				CLANG_WARN_ENUM_CONVERSION = YES;
				CLANG_WARN_INFINITE_RECURSION = YES;
				CLANG_WARN_INT_CONVERSION = YES;
				CLANG_WARN_NON_LITERAL_NULL_CONVERSION = YES;
				CLANG_WARN_OBJC_IMPLICIT_RETAIN_SELF = YES;
				CLANG_WARN_OBJC_LITERAL_CONVERSION = YES;
				CLANG_WARN_OBJC_ROOT_CLASS = YES_ERROR;
				CLANG_WARN_QUOTED_INCLUDE_IN_FRAMEWORK_HEADER = YES;
				CLANG_WARN_RANGE_LOOP_ANALYSIS = YES;
				CLANG_WARN_STRICT_PROTOTYPES = YES;
				CLANG_WARN_SUSPICIOUS_MOVE = YES;
				CLANG_WARN_UNGUARDED_AVAILABILITY = YES_AGGRESSIVE;
				CLANG_WARN_UNREACHABLE_CODE = YES;
				CLANG_WARN__DUPLICATE_METHOD_MATCH = YES;
				CODE_SIGN_STYLE = Automatic;
				COPY_PHASE_STRIP = NO;
				CURRENT_PROJECT_VERSION = 1;
				DEBUG_INFORMATION_FORMAT = "dwarf-with-dsym";
				DEVELOPMENT_TEAM = H45JD827CU;
				ENABLE_NS_ASSERTIONS = NO;
				ENABLE_STRICT_OBJC_MSGSEND = YES;
				GCC_C_LANGUAGE_STANDARD = gnu11;
				GCC_NO_COMMON_BLOCKS = YES;
				GCC_WARN_64_TO_32_BIT_CONVERSION = YES;
				GCC_WARN_ABOUT_RETURN_TYPE = YES_ERROR;
				GCC_WARN_UNDECLARED_SELECTOR = YES;
				GCC_WARN_UNINITIALIZED_AUTOS = YES_AGGRESSIVE;
				GCC_WARN_UNUSED_FUNCTION = YES;
				GCC_WARN_UNUSED_VARIABLE = YES;
				IPHONEOS_DEPLOYMENT_TARGET = 17.0;
				MACOSX_DEPLOYMENT_TARGET = 14.0;
				MARKETING_VERSION = 1.0.0;
				MTL_ENABLE_DEBUG_INFO = NO;
				MTL_FAST_MATH = YES;
				PRODUCT_NAME = "$(TARGET_NAME)";
				SWIFT_COMPILATION_MODE = wholemodule;
				SWIFT_OPTIMIZATION_LEVEL = "-O";
				SWIFT_VERSION = 6.0;
			};
			name = Release;
		};
/* End XCBuildConfiguration section */

/* Begin XCConfigurationList section */
		36FE7A04B9174694F5390DBE /* Build configuration list for PBXNativeTarget "chat94iphonedev" */ = {
			isa = XCConfigurationList;
			buildConfigurations = (
				B254C6AD6792D1D86DCE0AAE /* Debug */,
				4F85C2CDCF094C695F11FE15 /* Release */,
			);
			defaultConfigurationIsVisible = 0;
			defaultConfigurationName = Debug;
		};
		7A326C62F28D10163FE736CF /* Build configuration list for PBXNativeTarget "chat94Tests" */ = {
			isa = XCConfigurationList;
			buildConfigurations = (
				BE9BDA3A767F2327E531CC5F /* Debug */,
				02DA7CECC8B23D79E59FC63D /* Release */,
			);
			defaultConfigurationIsVisible = 0;
			defaultConfigurationName = Debug;
		};
		A770F927A9AA758AF529DFCA /* Build configuration list for PBXNativeTarget "chat94mac" */ = {
			isa = XCConfigurationList;
			buildConfigurations = (
				720B90D8965F4DA7721A16C3 /* Debug */,
				79BA3E0863F64215AC0D1D02 /* Release */,
			);
			defaultConfigurationIsVisible = 0;
			defaultConfigurationName = Debug;
		};
		E18917ED5E69C256B4DE1328 /* Build configuration list for PBXNativeTarget "chat94iphoneprod" */ = {
			isa = XCConfigurationList;
			buildConfigurations = (
				A351A46C8B6ECF37FA1E51B0 /* Debug */,
				A039F267F3B119EE6DF73138 /* Release */,
			);
			defaultConfigurationIsVisible = 0;
			defaultConfigurationName = Debug;
		};
		E217B3FF69893170247D2B70 /* Build configuration list for PBXNativeTarget "chat94iphoneappstore" */ = {
			isa = XCConfigurationList;
			buildConfigurations = (
				24B186D4829DA1A932BC9A43 /* Debug */,
				8D7A03429BF313E1AEA935F2 /* Release */,
			);
			defaultConfigurationIsVisible = 0;
			defaultConfigurationName = Debug;
		};
		EB6C2EAC6ABA17CA7C8948D1 /* Build configuration list for PBXProject "chat94" */ = {
			isa = XCConfigurationList;
			buildConfigurations = (
				691EFAC4967D4B1A2EB54298 /* Debug */,
				CBAA7584AE3629E1082EBBE1 /* Release */,
			);
			defaultConfigurationIsVisible = 0;
			defaultConfigurationName = Debug;
		};
/* End XCConfigurationList section */

/* Begin XCRemoteSwiftPackageReference section */
		3966106830328BD4B24000DE /* XCRemoteSwiftPackageReference "posthog-ios" */ = {
			isa = XCRemoteSwiftPackageReference;
			repositoryURL = "https://github.com/PostHog/posthog-ios.git";
			requirement = {
				kind = upToNextMajorVersion;
				minimumVersion = 3.0.0;
			};
		};
		3986C5E7F40B5752D67256AE /* XCRemoteSwiftPackageReference "swift-sodium" */ = {
			isa = XCRemoteSwiftPackageReference;
			repositoryURL = "https://github.com/jedisct1/swift-sodium.git";
			requirement = {
				kind = upToNextMajorVersion;
				minimumVersion = 0.9.1;
			};
		};
		F91564C9D3B90A9468D2A716 /* XCRemoteSwiftPackageReference "sentry-cocoa" */ = {
			isa = XCRemoteSwiftPackageReference;
			repositoryURL = "https://github.com/getsentry/sentry-cocoa.git";
			requirement = {
				kind = upToNextMajorVersion;
				minimumVersion = 9.10.0;
			};
		};
/* End XCRemoteSwiftPackageReference section */

/* Begin XCSwiftPackageProductDependency section */
		2733D8A6721878EA49E686C0 /* Sentry */ = {
			isa = XCSwiftPackageProductDependency;
			package = F91564C9D3B90A9468D2A716 /* XCRemoteSwiftPackageReference "sentry-cocoa" */;
			productName = Sentry;
		};
		4D4074E31998C3C714B6CE45 /* Sodium */ = {
			isa = XCSwiftPackageProductDependency;
			package = 3986C5E7F40B5752D67256AE /* XCRemoteSwiftPackageReference "swift-sodium" */;
			productName = Sodium;
		};
		4DEAC32190AE74BE2C8A2892 /* PostHog */ = {
			isa = XCSwiftPackageProductDependency;
			package = 3966106830328BD4B24000DE /* XCRemoteSwiftPackageReference "posthog-ios" */;
			productName = PostHog;
		};
		58BCDD3D3E5F7D3FA5D907BC /* Sentry */ = {
			isa = XCSwiftPackageProductDependency;
			package = F91564C9D3B90A9468D2A716 /* XCRemoteSwiftPackageReference "sentry-cocoa" */;
			productName = Sentry;
		};
		5F6758C4001873E6CDD7D872 /* PostHog */ = {
			isa = XCSwiftPackageProductDependency;
			package = 3966106830328BD4B24000DE /* XCRemoteSwiftPackageReference "posthog-ios" */;
			productName = PostHog;
		};
		61250F6A2C9172E30651022A /* Sentry */ = {
			isa = XCSwiftPackageProductDependency;
			package = F91564C9D3B90A9468D2A716 /* XCRemoteSwiftPackageReference "sentry-cocoa" */;
			productName = Sentry;
		};
		8E156C45D8B75231F21B0B19 /* Sodium */ = {
			isa = XCSwiftPackageProductDependency;
			package = 3986C5E7F40B5752D67256AE /* XCRemoteSwiftPackageReference "swift-sodium" */;
			productName = Sodium;
		};
		9973024F260BC48D06066F7C /* PostHog */ = {
			isa = XCSwiftPackageProductDependency;
			package = 3966106830328BD4B24000DE /* XCRemoteSwiftPackageReference "posthog-ios" */;
			productName = PostHog;
		};
		9C75A915106C614F5BB49E98 /* Sentry */ = {
			isa = XCSwiftPackageProductDependency;
			package = F91564C9D3B90A9468D2A716 /* XCRemoteSwiftPackageReference "sentry-cocoa" */;
			productName = Sentry;
		};
		A399E96E31D6F44EB9815242 /* Sodium */ = {
			isa = XCSwiftPackageProductDependency;
			package = 3986C5E7F40B5752D67256AE /* XCRemoteSwiftPackageReference "swift-sodium" */;
			productName = Sodium;
		};
		BF20820214D7974CE85F3556 /* Sodium */ = {
			isa = XCSwiftPackageProductDependency;
			package = 3986C5E7F40B5752D67256AE /* XCRemoteSwiftPackageReference "swift-sodium" */;
			productName = Sodium;
		};
		EC64B484044B2717CC97227D /* PostHog */ = {
			isa = XCSwiftPackageProductDependency;
			package = 3966106830328BD4B24000DE /* XCRemoteSwiftPackageReference "posthog-ios" */;
			productName = PostHog;
		};
/* End XCSwiftPackageProductDependency section */
	};
	rootObject = 4A28AE3F7D711CBC1D737F96 /* Project object */;
}
