// !$*UTF8*$!
{
	archiveVersion = 1;
	classes = {
	};
	objectVersion = 77;
	objects = {

/* Begin PBXBuildFile section */
		0074E4CED22D8224F9A75456 /* Vortex in Frameworks */ = {isa = PBXBuildFile; productRef = 17C44517B3E0325CF69F0E3C /* Vortex */; };
		00A7628C7B55491FDE2CDDD0 /* HapticsLab.swift in Sources */ = {isa = PBXBuildFile; fileRef = 01E7B14B025FB6F40EE0AC93 /* HapticsLab.swift */; };
		023A38F1C99E034E5DF1CDA2 /* ClientIdentity.swift in Sources */ = {isa = PBXBuildFile; fileRef = A32C9A19C1555716E6B56D5F /* ClientIdentity.swift */; };
		02794D67F6CA9B2669FC742E /* PostHog in Frameworks */ = {isa = PBXBuildFile; productRef = 27DD8B1B5470369FA558FD3B /* PostHog */; };
		0364B3874AAF31DED6B7C459 /* MatrixPairing.swift in Sources */ = {isa = PBXBuildFile; fileRef = E310131C1553FBB80D41A92D /* MatrixPairing.swift */; };
		037D7F783761A291BCD4C3EE /* ChatView.swift in Sources */ = {isa = PBXBuildFile; fileRef = 75B42D7242579BD437991A3C /* ChatView.swift */; };
		04ACE7EEF960016B96ED61CE /* ToolCallBubble.swift in Sources */ = {isa = PBXBuildFile; fileRef = 7FDC754FEDCCEA9F8AD0A3D3 /* ToolCallBubble.swift */; };
		054C58A6D63C373929305ED8 /* MatrixEnvironment.swift in Sources */ = {isa = PBXBuildFile; fileRef = 853062E21AF8E7B8FDDD38D4 /* MatrixEnvironment.swift */; };
		061DD07107510A886DFB24F6 /* ConnectionState.swift in Sources */ = {isa = PBXBuildFile; fileRef = 3E8858BAEA92394F0B597EA9 /* ConnectionState.swift */; };
		06A3761B4213833BD05E388F /* ErrorReporter.swift in Sources */ = {isa = PBXBuildFile; fileRef = 261757F4308024D0CDBD8824 /* ErrorReporter.swift */; };
		06C0F0A773C674CBA726DC3B /* SharedImageInbox.swift in Sources */ = {isa = PBXBuildFile; fileRef = 15D6AF1188169F2A12E2CA3F /* SharedImageInbox.swift */; };
		0775F69200598C722BD4FA4A /* Sentry in Frameworks */ = {isa = PBXBuildFile; productRef = 68D83A1025C08CB45A6EFF30 /* Sentry */; };
		0B109A8011F376F344AE74BF /* HTMLCardBubble.swift in Sources */ = {isa = PBXBuildFile; fileRef = F72C3CE61CF49762C2A0444C /* HTMLCardBubble.swift */; };
		0D290EDD37589C80800A63D9 /* ConfettiLab.swift in Sources */ = {isa = PBXBuildFile; fileRef = 6D51E8ACE688905C3A85420B /* ConfettiLab.swift */; };
		0D4A36A4EFAB57F66E79AA38 /* MatrixEnvironment.swift in Sources */ = {isa = PBXBuildFile; fileRef = 853062E21AF8E7B8FDDD38D4 /* MatrixEnvironment.swift */; };
		0F6B6A2A88F66B8740A2E4FA /* AppLog.swift in Sources */ = {isa = PBXBuildFile; fileRef = D577136CE593FD82EF78E86F /* AppLog.swift */; };
		13250B422AB05F59BF84F50A /* AppLog.swift in Sources */ = {isa = PBXBuildFile; fileRef = D577136CE593FD82EF78E86F /* AppLog.swift */; };
		1393DA6BDE4B93C89B36245F /* chat4000App.swift in Sources */ = {isa = PBXBuildFile; fileRef = 5A8BF1914A6E192A09704942 /* chat4000App.swift */; };
		13D7775D536B682D6C594A12 /* TelemetryManager.swift in Sources */ = {isa = PBXBuildFile; fileRef = 1D21E82B5B5AD29B0C7C2A2A /* TelemetryManager.swift */; };
		14FEC06F3A66903D6768BFA3 /* VersionPolicy.swift in Sources */ = {isa = PBXBuildFile; fileRef = 3D22FFACA5DC05AF48ADCA48 /* VersionPolicy.swift */; };
		17CD4E0AA892F9F7CBB04CE8 /* IntercomMacSheet.swift in Sources */ = {isa = PBXBuildFile; fileRef = 14B361122EBA34CDD2F91344 /* IntercomMacSheet.swift */; };
		17FF7D222DEC65AB68EE2188 /* ChatView.swift in Sources */ = {isa = PBXBuildFile; fileRef = 75B42D7242579BD437991A3C /* ChatView.swift */; };
		1A0D38BF09814FE22EB46221 /* PostHog in Frameworks */ = {isa = PBXBuildFile; productRef = 67F38D3ABCD80A814D60B2EF /* PostHog */; };
		1C39FF19A2CB13123832860A /* VersionPolicyTests.swift in Sources */ = {isa = PBXBuildFile; fileRef = A98FA24EA5A373862282F6C4 /* VersionPolicyTests.swift */; };
		1D1A63B60A2A7AE3A473C17F /* QRScannerView.swift in Sources */ = {isa = PBXBuildFile; fileRef = CB8627734E252FE4E0D03E22 /* QRScannerView.swift */; };
		1E339EE4124888C06623B7EA /* TelemetryPreferences.swift in Sources */ = {isa = PBXBuildFile; fileRef = 8E4370FBD02C8CD9273AAC41 /* TelemetryPreferences.swift */; };
		21AA69DB860A21EA7248D57C /* MatrixSession.swift in Sources */ = {isa = PBXBuildFile; fileRef = 2D677DBA9D52D33C5CD0D615 /* MatrixSession.swift */; };
		2247288E706BC0A2CE49AA35 /* QRScannerView.swift in Sources */ = {isa = PBXBuildFile; fileRef = CB8627734E252FE4E0D03E22 /* QRScannerView.swift */; };
		254205589902EB00DB9B618A /* MatrixCredentialStoreTests.swift in Sources */ = {isa = PBXBuildFile; fileRef = 74805CCF8BC6DBBDD7FC666E /* MatrixCredentialStoreTests.swift */; };
		267BBE8419C5B010B5B892E0 /* TalkToTeamButton.swift in Sources */ = {isa = PBXBuildFile; fileRef = 2C09A046D82165CC7FC62A91 /* TalkToTeamButton.swift */; };
		2720FC65EA9DDAC856774B90 /* Intercom in Frameworks */ = {isa = PBXBuildFile; productRef = 0F2511B4D08991E82A7177B4 /* Intercom */; };
		29583000ED3E1FF9BE5190DB /* ConfettiSwiftUI in Frameworks */ = {isa = PBXBuildFile; productRef = D8F3FFF42D72FD2800A712FD /* ConfettiSwiftUI */; };
		29C741B737A196510499D4C0 /* TelemetryManager.swift in Sources */ = {isa = PBXBuildFile; fileRef = 1D21E82B5B5AD29B0C7C2A2A /* TelemetryManager.swift */; };
		2AAD36F244CA62DD1A701188 /* MatrixCredentialStore.swift in Sources */ = {isa = PBXBuildFile; fileRef = 32122D2AB6339871185CC71A /* MatrixCredentialStore.swift */; };
		2D5517FB5C5CD2DBDC828765 /* MatrixMedia.swift in Sources */ = {isa = PBXBuildFile; fileRef = BD5502614502BB36DCC28ED7 /* MatrixMedia.swift */; };
		2F4D4A7B682E1DF720C4E51D /* dev-config.json in Resources */ = {isa = PBXBuildFile; fileRef = 987E633C3AE8037A73BDD2D2 /* dev-config.json */; };
		33C4F44E6857B7DDE3FBE61D /* VoiceNotes.swift in Sources */ = {isa = PBXBuildFile; fileRef = 1C08DE1E100F336266630F49 /* VoiceNotes.swift */; };
		34A6CA1519481C40CC07DEAF /* MatrixPairing.swift in Sources */ = {isa = PBXBuildFile; fileRef = E310131C1553FBB80D41A92D /* MatrixPairing.swift */; };
		37AEB826FD4E4255BEF0A8CE /* DiagnosticReportService.swift in Sources */ = {isa = PBXBuildFile; fileRef = 180349B31809B66A001D8B94 /* DiagnosticReportService.swift */; };
		3B682D685AF528D32A08FF03 /* CameraCaptureView.swift in Sources */ = {isa = PBXBuildFile; fileRef = 5B2FC9D4D806CA68BD6121AA /* CameraCaptureView.swift */; };
		3BCDAEE981D96DBAE6998A6A /* LaunchActionStore.swift in Sources */ = {isa = PBXBuildFile; fileRef = E9139BAA7941E71962E74A77 /* LaunchActionStore.swift */; };
		3C51C0C38CA6BCC5EE598377 /* CameraCaptureView.swift in Sources */ = {isa = PBXBuildFile; fileRef = 5B2FC9D4D806CA68BD6121AA /* CameraCaptureView.swift */; };
		3DF3D01BAA0374D35BBDE95C /* TwoCursorSyncTests.swift in Sources */ = {isa = PBXBuildFile; fileRef = CFD3EEA77A3CD28EFBB6D86F /* TwoCursorSyncTests.swift */; };
		3F526B0BF134FCC64086E91A /* SetupView.swift in Sources */ = {isa = PBXBuildFile; fileRef = 57E905F943A4177A6D5D3B75 /* SetupView.swift */; };
		3F9D35BA6B8C2DB58869F001 /* Assets.xcassets in Resources */ = {isa = PBXBuildFile; fileRef = 1574D1CDAB67C60CD828BBEE /* Assets.xcassets */; };
		40A99A5BCB7EC8B3307FC83F /* IntercomService.swift in Sources */ = {isa = PBXBuildFile; fileRef = AC864A0C51C9B9647423BC9F /* IntercomService.swift */; };
		425F525EF0BEA5A6001EB4F8 /* GatewayClient.swift in Sources */ = {isa = PBXBuildFile; fileRef = B050664DE997644E80B7EBD8 /* GatewayClient.swift */; };
		443327C01E32612D0585DD74 /* Theme.swift in Sources */ = {isa = PBXBuildFile; fileRef = DE9EA29D23E1AD0C71314E58 /* Theme.swift */; };
		452474235E7C879E9686978B /* FounderChatPromptModal.swift in Sources */ = {isa = PBXBuildFile; fileRef = 192964FAF1BD18F37F44D7E6 /* FounderChatPromptModal.swift */; };
		499A7F16C1608A8380374249 /* AppEnvironment.swift in Sources */ = {isa = PBXBuildFile; fileRef = 7E4C2242D46F0F1BBF019CAC /* AppEnvironment.swift */; };
		4A12CA78A6EA439016C04C6D /* AppError.swift in Sources */ = {isa = PBXBuildFile; fileRef = 292B92B50C5BCD4831BA1F5B /* AppError.swift */; };
		4AE8AC90DF5638962D2C19D9 /* IntercomMacSheet.swift in Sources */ = {isa = PBXBuildFile; fileRef = 14B361122EBA34CDD2F91344 /* IntercomMacSheet.swift */; };
		4C825D9B01473A59D9FF60C8 /* HapticsLab.swift in Sources */ = {isa = PBXBuildFile; fileRef = 01E7B14B025FB6F40EE0AC93 /* HapticsLab.swift */; };
		4FF28F296D92FD5D9FEEC01A /* MatrixSession.swift in Sources */ = {isa = PBXBuildFile; fileRef = 2D677DBA9D52D33C5CD0D615 /* MatrixSession.swift */; };
		5090338F809B82F32B646A93 /* MatrixSDKCrypto in Frameworks */ = {isa = PBXBuildFile; productRef = 199DD1E568D2E07267FC264D /* MatrixSDKCrypto */; };
		517FEC29AAE2F9F0E60A2785 /* ProtocolModels.swift in Sources */ = {isa = PBXBuildFile; fileRef = F449FB76C90C5D54D497DDCA /* ProtocolModels.swift */; };
		51A29C7B8CD891688DAC791F /* Pulsar in Frameworks */ = {isa = PBXBuildFile; productRef = 30DA2285855C6228B7905EAB /* Pulsar */; };
		5227965DD4F463C6015F4F26 /* RoomViewModel.swift in Sources */ = {isa = PBXBuildFile; fileRef = 5BC091E5444DA21F658F41CE /* RoomViewModel.swift */; };
		52A20FC77D9E6078C219A730 /* UpgradeViews.swift in Sources */ = {isa = PBXBuildFile; fileRef = B012389C8EFB22EEAF38F50D /* UpgradeViews.swift */; };
		5323913D55AE7DC01FF6522A /* SharedImageInbox.swift in Sources */ = {isa = PBXBuildFile; fileRef = 15D6AF1188169F2A12E2CA3F /* SharedImageInbox.swift */; };
		538D2E7BACB9AC0B3C7BF504 /* ToolCallBubble.swift in Sources */ = {isa = PBXBuildFile; fileRef = 7FDC754FEDCCEA9F8AD0A3D3 /* ToolCallBubble.swift */; };
		5490719B65442A8D721A22EF /* SessionsSidebar.swift in Sources */ = {isa = PBXBuildFile; fileRef = 28531A32EFC4C6B9AAA98089 /* SessionsSidebar.swift */; };
		552F1547A60FB14357F28FB4 /* MatrixTimelineMapper.swift in Sources */ = {isa = PBXBuildFile; fileRef = 7579907A305146E2DEA5C23F /* MatrixTimelineMapper.swift */; };
		5CC163962C05860B5CD9072F /* VoiceNotes.swift in Sources */ = {isa = PBXBuildFile; fileRef = 1C08DE1E100F336266630F49 /* VoiceNotes.swift */; };
		5DF35CCD8A3B97CA3FA2B79E /* Theme.swift in Sources */ = {isa = PBXBuildFile; fileRef = DE9EA29D23E1AD0C71314E58 /* Theme.swift */; };
		60342C78A130F40DD1726710 /* ConnectionState.swift in Sources */ = {isa = PBXBuildFile; fileRef = 3E8858BAEA92394F0B597EA9 /* ConnectionState.swift */; };
		61C94687A4B83B85DB92D515 /* ChatMessage.swift in Sources */ = {isa = PBXBuildFile; fileRef = A816A1C283669BC3405C6770 /* ChatMessage.swift */; };
		6344C9D91CC944DD0E689465 /* LegalConsent.swift in Sources */ = {isa = PBXBuildFile; fileRef = 1FE4F43A306BD85AB6667B6B /* LegalConsent.swift */; };
		64B7784CA3FFDA09C46E9385 /* MatrixCredentialStore.swift in Sources */ = {isa = PBXBuildFile; fileRef = 32122D2AB6339871185CC71A /* MatrixCredentialStore.swift */; };
		6BCE9DD3D1995A16B00DD592 /* AppError.swift in Sources */ = {isa = PBXBuildFile; fileRef = 292B92B50C5BCD4831BA1F5B /* AppError.swift */; };
		6BE18F56C9A382EBDF0D5FA5 /* MatrixRoomSnapshot.swift in Sources */ = {isa = PBXBuildFile; fileRef = 2669C135047550C97D672283 /* MatrixRoomSnapshot.swift */; };
		6C601D50DB95815E2F4E24FF /* SharedImageInboxTests.swift in Sources */ = {isa = PBXBuildFile; fileRef = 1ABDFF3FD47D523406C58DFB /* SharedImageInboxTests.swift */; };
		6D42E3F66D3E40C67839BDE2 /* TelemetryManager.swift in Sources */ = {isa = PBXBuildFile; fileRef = 1D21E82B5B5AD29B0C7C2A2A /* TelemetryManager.swift */; };
		733F83E70D072B59B90ECE90 /* DiagnosticReportService.swift in Sources */ = {isa = PBXBuildFile; fileRef = 180349B31809B66A001D8B94 /* DiagnosticReportService.swift */; };
		73F5D0F1CB8EFB33173C2392 /* AppEnvironment.swift in Sources */ = {isa = PBXBuildFile; fileRef = 7E4C2242D46F0F1BBF019CAC /* AppEnvironment.swift */; };
		74FF4074442D490556957AAE /* MatrixCredentialStore.swift in Sources */ = {isa = PBXBuildFile; fileRef = 32122D2AB6339871185CC71A /* MatrixCredentialStore.swift */; };
		75A06B6A6C891D12BD49669B /* MatrixMedia.swift in Sources */ = {isa = PBXBuildFile; fileRef = BD5502614502BB36DCC28ED7 /* MatrixMedia.swift */; };
		761FAE3555D8B0488582D61A /* PlatformAppDelegate.swift in Sources */ = {isa = PBXBuildFile; fileRef = 461D6E973E8C03EB39C8A28F /* PlatformAppDelegate.swift */; };
		7691307F059E1D2A7C61E178 /* Pulsar in Frameworks */ = {isa = PBXBuildFile; productRef = 73B03FFF4363C57CE04C2CCF /* Pulsar */; };
		7778A07554E94D197647FC00 /* ConfettiSwiftUI in Frameworks */ = {isa = PBXBuildFile; productRef = 436B4B23585838048168A1FB /* ConfettiSwiftUI */; };
		79B0E340CE62CFD00697BD26 /* ConnectingView.swift in Sources */ = {isa = PBXBuildFile; fileRef = 34FEDF9A158CCD55C122E4C0 /* ConnectingView.swift */; };
		7A1D32E7E45FA056F6F7A094 /* LegalConsent.swift in Sources */ = {isa = PBXBuildFile; fileRef = 1FE4F43A306BD85AB6667B6B /* LegalConsent.swift */; };
		7E7C85F28D65340254A2F302 /* ErrorReporter.swift in Sources */ = {isa = PBXBuildFile; fileRef = 261757F4308024D0CDBD8824 /* ErrorReporter.swift */; };
		7F515EA4403B08995793D5FB /* SPConfetti in Frameworks */ = {isa = PBXBuildFile; productRef = C14AFD743B5CAD21F46E0B88 /* SPConfetti */; };
		802911DBE04560F5A3C51867 /* TalkToTeamButton.swift in Sources */ = {isa = PBXBuildFile; fileRef = 2C09A046D82165CC7FC62A91 /* TalkToTeamButton.swift */; };
		80AA850977DA8EA94854B83D /* PostHog in Frameworks */ = {isa = PBXBuildFile; productRef = 35A4ED5BD998D05E585717A2 /* PostHog */; };
		8122D2340D8232055D544F33 /* SyncModelTests.swift in Sources */ = {isa = PBXBuildFile; fileRef = F88C5C81B4EDE2E1C11A6C15 /* SyncModelTests.swift */; };
		81C4D86A18C2D7868987B5CA /* SessionsSidebar.swift in Sources */ = {isa = PBXBuildFile; fileRef = 28531A32EFC4C6B9AAA98089 /* SessionsSidebar.swift */; };
		83A2F408D1CDD530D5D00040 /* SyncModel.swift in Sources */ = {isa = PBXBuildFile; fileRef = AE8F514C2A5C656F91CAAA2A /* SyncModel.swift */; };
		84ED60531807CBAF0A6653CF /* chat4000Shortcuts.swift in Sources */ = {isa = PBXBuildFile; fileRef = BED9769AC010F65D744662F8 /* chat4000Shortcuts.swift */; };
		851A2D6926F3E4E057C96E21 /* GatewayClient.swift in Sources */ = {isa = PBXBuildFile; fileRef = B050664DE997644E80B7EBD8 /* GatewayClient.swift */; };
		85871F19E67D9C1984BED023 /* SetupView.swift in Sources */ = {isa = PBXBuildFile; fileRef = 57E905F943A4177A6D5D3B75 /* SetupView.swift */; };
		8672CE672FC11561BD680863 /* MatrixTimelineMapper.swift in Sources */ = {isa = PBXBuildFile; fileRef = 7579907A305146E2DEA5C23F /* MatrixTimelineMapper.swift */; };
		86BFF22A041428209E6ED014 /* IntercomService.swift in Sources */ = {isa = PBXBuildFile; fileRef = AC864A0C51C9B9647423BC9F /* IntercomService.swift */; };
		87187C1F8BA83474C24D8CFA /* MessageTransport.swift in Sources */ = {isa = PBXBuildFile; fileRef = B9C463E211CCE7A8B204A526 /* MessageTransport.swift */; };
		8736C6B4AD69A58019841C2E /* ChatView.swift in Sources */ = {isa = PBXBuildFile; fileRef = 75B42D7242579BD437991A3C /* ChatView.swift */; };
		87B2EC9F900CA1BA9B76C99B /* RoomViewModel.swift in Sources */ = {isa = PBXBuildFile; fileRef = 5BC091E5444DA21F658F41CE /* RoomViewModel.swift */; };
		881EADD1FE460FF5CB568D96 /* Theme.swift in Sources */ = {isa = PBXBuildFile; fileRef = DE9EA29D23E1AD0C71314E58 /* Theme.swift */; };
		88703D51566895689C88B250 /* ToolCallBubble.swift in Sources */ = {isa = PBXBuildFile; fileRef = 7FDC754FEDCCEA9F8AD0A3D3 /* ToolCallBubble.swift */; };
		8997152C1D1C3F46D97009F6 /* SyncModel.swift in Sources */ = {isa = PBXBuildFile; fileRef = AE8F514C2A5C656F91CAAA2A /* SyncModel.swift */; };
		8AB0F868AB5D33C12F071EA0 /* Sentry in Frameworks */ = {isa = PBXBuildFile; productRef = 22A6C684720BC98F432DB9E2 /* Sentry */; };
		8ACDD02C4B7F64F036A9424F /* ConnectionState.swift in Sources */ = {isa = PBXBuildFile; fileRef = 3E8858BAEA92394F0B597EA9 /* ConnectionState.swift */; };
		8B1D8FECC36DB6B1378123F4 /* TelemetryPreferences.swift in Sources */ = {isa = PBXBuildFile; fileRef = 8E4370FBD02C8CD9273AAC41 /* TelemetryPreferences.swift */; };
		8CDE8E96667952C25B60E089 /* VoiceNotes.swift in Sources */ = {isa = PBXBuildFile; fileRef = 1C08DE1E100F336266630F49 /* VoiceNotes.swift */; };
		8E54EB443783828799BEB98C /* MatrixRoomSnapshot.swift in Sources */ = {isa = PBXBuildFile; fileRef = 2669C135047550C97D672283 /* MatrixRoomSnapshot.swift */; };
		8EAA0DB6BE568DE1EFD8D966 /* PushNotificationService.swift in Sources */ = {isa = PBXBuildFile; fileRef = ABF80C3D35458420BB02536E /* PushNotificationService.swift */; };
		901B4441638C91545DFBF037 /* VersionPolicy.swift in Sources */ = {isa = PBXBuildFile; fileRef = 3D22FFACA5DC05AF48ADCA48 /* VersionPolicy.swift */; };
		92008A1B23585FAFDED1FE7B /* SharedImageInbox.swift in Sources */ = {isa = PBXBuildFile; fileRef = 15D6AF1188169F2A12E2CA3F /* SharedImageInbox.swift */; };
		9414C8FA74298DE0DF48D759 /* ClientIdentity.swift in Sources */ = {isa = PBXBuildFile; fileRef = A32C9A19C1555716E6B56D5F /* ClientIdentity.swift */; };
		951BDD41D642B4F282A7394A /* CryptoEngine.swift in Sources */ = {isa = PBXBuildFile; fileRef = BE09C299166305E96D81033B /* CryptoEngine.swift */; };
		97641E21234E8E7EF2BCD7DF /* SlidingSync.swift in Sources */ = {isa = PBXBuildFile; fileRef = BCC626D09942862C10A3DE4B /* SlidingSync.swift */; };
		99E8BC0DAC306E76C0685513 /* IntercomMacWebView.swift in Sources */ = {isa = PBXBuildFile; fileRef = 514BEC078A9D49AD59117FC8 /* IntercomMacWebView.swift */; };
		9BB49FF0EC2415E7E31D445B /* TalkToTeamButton.swift in Sources */ = {isa = PBXBuildFile; fileRef = 2C09A046D82165CC7FC62A91 /* TalkToTeamButton.swift */; };
		9CBC2908C31E7A5261AC2C4A /* VoiceMessageViews.swift in Sources */ = {isa = PBXBuildFile; fileRef = D5FC8A46DD252A0D2CBFC988 /* VoiceMessageViews.swift */; };
		9CFA613F3EDAC6BDDE2E9A9B /* AppLog.swift in Sources */ = {isa = PBXBuildFile; fileRef = D577136CE593FD82EF78E86F /* AppLog.swift */; };
		9D1342D7CA48C38E55402397 /* AnalyticsEvent.swift in Sources */ = {isa = PBXBuildFile; fileRef = 9BCBD7E1C2B710B4BA75EBFF /* AnalyticsEvent.swift */; };
		9E0ABFA1C2F324731A0EB65A /* Assets.xcassets in Resources */ = {isa = PBXBuildFile; fileRef = 1574D1CDAB67C60CD828BBEE /* Assets.xcassets */; };
		A06A3D21029F79E807F38781 /* HapticsLab.swift in Sources */ = {isa = PBXBuildFile; fileRef = 01E7B14B025FB6F40EE0AC93 /* HapticsLab.swift */; };
		A0B6CC2D7E1C240C87D6EF61 /* MatrixEnvironment.swift in Sources */ = {isa = PBXBuildFile; fileRef = 853062E21AF8E7B8FDDD38D4 /* MatrixEnvironment.swift */; };
		A2D4032429C03DA3F87B7C0F /* ErrorReporter.swift in Sources */ = {isa = PBXBuildFile; fileRef = 261757F4308024D0CDBD8824 /* ErrorReporter.swift */; };
		A2E10BB4BC56CC9C20CA478B /* DiagnosticReportService.swift in Sources */ = {isa = PBXBuildFile; fileRef = 180349B31809B66A001D8B94 /* DiagnosticReportService.swift */; };
		A33A423C8D53EB552C3F24E5 /* FounderChatPromptModal.swift in Sources */ = {isa = PBXBuildFile; fileRef = 192964FAF1BD18F37F44D7E6 /* FounderChatPromptModal.swift */; };
		A5AE7A78FA1159C7E9227800 /* Vortex in Frameworks */ = {isa = PBXBuildFile; productRef = C413FCFC2A59AAC4F058EEE8 /* Vortex */; };
		A7C80BDC5C82EAF951CCF63E /* MatrixMediaTests.swift in Sources */ = {isa = PBXBuildFile; fileRef = 05027BA245E6C6A3547D1AFB /* MatrixMediaTests.swift */; };
		A8819B54D50F75A5475DBC3A /* AppError.swift in Sources */ = {isa = PBXBuildFile; fileRef = 292B92B50C5BCD4831BA1F5B /* AppError.swift */; };
		A90B5478003BBD843B523B97 /* AppEnvironment.swift in Sources */ = {isa = PBXBuildFile; fileRef = 7E4C2242D46F0F1BBF019CAC /* AppEnvironment.swift */; };
		ADBA7109CFF1CB68A63FDF12 /* Haptics.swift in Sources */ = {isa = PBXBuildFile; fileRef = F20986EDB38AB39E9B87CF73 /* Haptics.swift */; };
		AE9077B6572E9A1FAF84CC92 /* SlidingSync.swift in Sources */ = {isa = PBXBuildFile; fileRef = BCC626D09942862C10A3DE4B /* SlidingSync.swift */; };
		B02F39E74B2C5CDAE84AFECE /* chat4000App.swift in Sources */ = {isa = PBXBuildFile; fileRef = 5A8BF1914A6E192A09704942 /* chat4000App.swift */; };
		B0BE4C42C5F53E1A1B1AE53C /* SettingsSheet.swift in Sources */ = {isa = PBXBuildFile; fileRef = 3AB7CCE014B46CF4301D2661 /* SettingsSheet.swift */; };
		B0EEACC8B6E90E1E3EB0B781 /* HTMLCardSanitizer.swift in Sources */ = {isa = PBXBuildFile; fileRef = CFE14FB545F169BACAD1DB84 /* HTMLCardSanitizer.swift */; };
		B16AEEC41FE3E265CAEB1488 /* SettingsSheet.swift in Sources */ = {isa = PBXBuildFile; fileRef = 3AB7CCE014B46CF4301D2661 /* SettingsSheet.swift */; };
		B17C5F03F9550287E214BE74 /* TelemetryPreferences.swift in Sources */ = {isa = PBXBuildFile; fileRef = 8E4370FBD02C8CD9273AAC41 /* TelemetryPreferences.swift */; };
		B28C845296443884C4AD197C /* UpgradeViews.swift in Sources */ = {isa = PBXBuildFile; fileRef = B012389C8EFB22EEAF38F50D /* UpgradeViews.swift */; };
		B29686244A17ABDF9A0DAE35 /* HTMLCardSanitizer.swift in Sources */ = {isa = PBXBuildFile; fileRef = CFE14FB545F169BACAD1DB84 /* HTMLCardSanitizer.swift */; };
		B3191AE96E6215A7F3A2DF25 /* QRScannerView.swift in Sources */ = {isa = PBXBuildFile; fileRef = CB8627734E252FE4E0D03E22 /* QRScannerView.swift */; };
		B32DEB39084257E9A8EEA90F /* ChatMessage.swift in Sources */ = {isa = PBXBuildFile; fileRef = A816A1C283669BC3405C6770 /* ChatMessage.swift */; };
		B3439458F3DD828A0C77B797 /* SessionsSidebar.swift in Sources */ = {isa = PBXBuildFile; fileRef = 28531A32EFC4C6B9AAA98089 /* SessionsSidebar.swift */; };
		B4D78C33F0CA8FAD151AF058 /* MatrixSession.swift in Sources */ = {isa = PBXBuildFile; fileRef = 2D677DBA9D52D33C5CD0D615 /* MatrixSession.swift */; };
		B5A3069D49E9CBCAF3F8497F /* Intercom in Frameworks */ = {isa = PBXBuildFile; productRef = AA640C6F4DF4F7CCFC12E6B8 /* Intercom */; };
		B72E789C360692F416ABFCAE /* Assets.xcassets in Resources */ = {isa = PBXBuildFile; fileRef = 1574D1CDAB67C60CD828BBEE /* Assets.xcassets */; };
		B7990F311B888D25FD53C977 /* MatrixMedia.swift in Sources */ = {isa = PBXBuildFile; fileRef = BD5502614502BB36DCC28ED7 /* MatrixMedia.swift */; };
		B978F05F8D48E304A6AC6DAF /* PlatformAppDelegate.swift in Sources */ = {isa = PBXBuildFile; fileRef = 461D6E973E8C03EB39C8A28F /* PlatformAppDelegate.swift */; };
		B9F3980B184DDF86102D28A1 /* MessageTransport.swift in Sources */ = {isa = PBXBuildFile; fileRef = B9C463E211CCE7A8B204A526 /* MessageTransport.swift */; };
		BBFCF7DD06B72A18B1DBC63E /* ConnectingView.swift in Sources */ = {isa = PBXBuildFile; fileRef = 34FEDF9A158CCD55C122E4C0 /* ConnectingView.swift */; };
		BD79CE5F2BAA32E46AB29BE4 /* MatrixSDKCrypto in Frameworks */ = {isa = PBXBuildFile; productRef = 00E91CF623C55BA12FE6E91D /* MatrixSDKCrypto */; };
		BDB305F544DA4B3C01B8B3D3 /* MatrixTimelineMapper.swift in Sources */ = {isa = PBXBuildFile; fileRef = 7579907A305146E2DEA5C23F /* MatrixTimelineMapper.swift */; };
		BF513B9874C522794D7B414E /* SettingsSheet.swift in Sources */ = {isa = PBXBuildFile; fileRef = 3AB7CCE014B46CF4301D2661 /* SettingsSheet.swift */; };
		C02D7B2B31F4B312D0DB2014 /* SlidingSync.swift in Sources */ = {isa = PBXBuildFile; fileRef = BCC626D09942862C10A3DE4B /* SlidingSync.swift */; };
		C0A642664DD26D34F0EF7473 /* VoiceMessageViews.swift in Sources */ = {isa = PBXBuildFile; fileRef = D5FC8A46DD252A0D2CBFC988 /* VoiceMessageViews.swift */; };
		C0E817156022C9EA75130D3A /* SPConfetti in Frameworks */ = {isa = PBXBuildFile; productRef = 0BDCF56CEA31C1B624465D7C /* SPConfetti */; };
		C265CC61705A11DF0DF9B14B /* CameraCaptureView.swift in Sources */ = {isa = PBXBuildFile; fileRef = 5B2FC9D4D806CA68BD6121AA /* CameraCaptureView.swift */; };
		C57FE15325AD5536DBA5C4B1 /* ClientIdentity.swift in Sources */ = {isa = PBXBuildFile; fileRef = A32C9A19C1555716E6B56D5F /* ClientIdentity.swift */; };
		C5D9C9266871FE067F588E12 /* chat4000App.swift in Sources */ = {isa = PBXBuildFile; fileRef = 5A8BF1914A6E192A09704942 /* chat4000App.swift */; };
		C6BFD49641FDAA970C89B4F6 /* MatrixSDKCrypto in Frameworks */ = {isa = PBXBuildFile; productRef = 316A6E007883AD327A4A7B1F /* MatrixSDKCrypto */; };
		C6C26BAEFCA4F101DE1913C9 /* MessageBubble.swift in Sources */ = {isa = PBXBuildFile; fileRef = B2921479514ABE106F4A0EE2 /* MessageBubble.swift */; };
		CB01EEBA373523CC59166F46 /* FounderOutreach.swift in Sources */ = {isa = PBXBuildFile; fileRef = 78AD31081E6091BD749DF44D /* FounderOutreach.swift */; };
		CB3C14D241D85E5924906EFA /* ChatMessage.swift in Sources */ = {isa = PBXBuildFile; fileRef = A816A1C283669BC3405C6770 /* ChatMessage.swift */; };
		CB3C2A6CD51401A3AD732868 /* HTMLCardBubble.swift in Sources */ = {isa = PBXBuildFile; fileRef = F72C3CE61CF49762C2A0444C /* HTMLCardBubble.swift */; };
		CBD9415E86196C507B48311C /* Haptics.swift in Sources */ = {isa = PBXBuildFile; fileRef = F20986EDB38AB39E9B87CF73 /* Haptics.swift */; };
		CBF9C19ECD484466C60C197E /* MessageBubble.swift in Sources */ = {isa = PBXBuildFile; fileRef = B2921479514ABE106F4A0EE2 /* MessageBubble.swift */; };
		CD5F09A06E1587080F0072CD /* FounderOutreach.swift in Sources */ = {isa = PBXBuildFile; fileRef = 78AD31081E6091BD749DF44D /* FounderOutreach.swift */; };
		CECD701C81C1A5420877FB98 /* RoomViewModel.swift in Sources */ = {isa = PBXBuildFile; fileRef = 5BC091E5444DA21F658F41CE /* RoomViewModel.swift */; };
		CFB9A345D88CDCEA35C22EF2 /* LaunchActionStore.swift in Sources */ = {isa = PBXBuildFile; fileRef = E9139BAA7941E71962E74A77 /* LaunchActionStore.swift */; };
		D02C328A2EDEFFB92700EB9E /* ProtocolModels.swift in Sources */ = {isa = PBXBuildFile; fileRef = F449FB76C90C5D54D497DDCA /* ProtocolModels.swift */; };
		D0C76657330EBA5D20213B2C /* chat4000Shortcuts.swift in Sources */ = {isa = PBXBuildFile; fileRef = BED9769AC010F65D744662F8 /* chat4000Shortcuts.swift */; };
		D1123A5FFD13BDE42BCFDD0B /* CryptoEngine.swift in Sources */ = {isa = PBXBuildFile; fileRef = BE09C299166305E96D81033B /* CryptoEngine.swift */; };
		D19E4F7AD2D2372F6795BC42 /* FounderOutreach.swift in Sources */ = {isa = PBXBuildFile; fileRef = 78AD31081E6091BD749DF44D /* FounderOutreach.swift */; };
		D47B5B456C4F439AC588E559 /* UpgradeViews.swift in Sources */ = {isa = PBXBuildFile; fileRef = B012389C8EFB22EEAF38F50D /* UpgradeViews.swift */; };
		D4FCBCFFBE18E3ABF9590132 /* MatrixPairingTests.swift in Sources */ = {isa = PBXBuildFile; fileRef = AF3456DE2763129AAB854E7D /* MatrixPairingTests.swift */; };
		D6725C71873E18476DE50DFF /* IntercomMacSheet.swift in Sources */ = {isa = PBXBuildFile; fileRef = 14B361122EBA34CDD2F91344 /* IntercomMacSheet.swift */; };
		D68104E099A9D3E0D37A18D6 /* MatrixRoomSnapshot.swift in Sources */ = {isa = PBXBuildFile; fileRef = 2669C135047550C97D672283 /* MatrixRoomSnapshot.swift */; };
		D6A76607F110C0A29B30C871 /* IntercomMacWebView.swift in Sources */ = {isa = PBXBuildFile; fileRef = 514BEC078A9D49AD59117FC8 /* IntercomMacWebView.swift */; };
		D717C29B75D7CE6ABDBC042D /* IntercomService.swift in Sources */ = {isa = PBXBuildFile; fileRef = AC864A0C51C9B9647423BC9F /* IntercomService.swift */; };
		D71964EA9FCE6279922ED795 /* Haptics.swift in Sources */ = {isa = PBXBuildFile; fileRef = F20986EDB38AB39E9B87CF73 /* Haptics.swift */; };
		D844D398F476545D3D5531A7 /* AnalyticsEvent.swift in Sources */ = {isa = PBXBuildFile; fileRef = 9BCBD7E1C2B710B4BA75EBFF /* AnalyticsEvent.swift */; };
		D885756211A7C2C6BA821541 /* MatrixTimelineMapperTests.swift in Sources */ = {isa = PBXBuildFile; fileRef = 11EEBAD5675C62C828868186 /* MatrixTimelineMapperTests.swift */; };
		DA81A86F313D1C4ED4A16324 /* MatrixPairing.swift in Sources */ = {isa = PBXBuildFile; fileRef = E310131C1553FBB80D41A92D /* MatrixPairing.swift */; };
		DB36633D34F589487D8ED6D1 /* CryptoEngine.swift in Sources */ = {isa = PBXBuildFile; fileRef = BE09C299166305E96D81033B /* CryptoEngine.swift */; };
		DB7C6CCE509495B05D647B7E /* ChatViewModelRoomScopingTests.swift in Sources */ = {isa = PBXBuildFile; fileRef = EDCE40544DE6B79EB1ED760B /* ChatViewModelRoomScopingTests.swift */; };
		DBA6749ED450A352E7A54FEA /* HTMLCardBubble.swift in Sources */ = {isa = PBXBuildFile; fileRef = F72C3CE61CF49762C2A0444C /* HTMLCardBubble.swift */; };
		DCA0A87EFF5DEBD7471790AE /* AnalyticsEvent.swift in Sources */ = {isa = PBXBuildFile; fileRef = 9BCBD7E1C2B710B4BA75EBFF /* AnalyticsEvent.swift */; };
		DE1533CBEAC0FDC85942DCA5 /* dev-config.json in Resources */ = {isa = PBXBuildFile; fileRef = 987E633C3AE8037A73BDD2D2 /* dev-config.json */; };
		E013DEB8130901A6F927CD4D /* PushNotificationService.swift in Sources */ = {isa = PBXBuildFile; fileRef = ABF80C3D35458420BB02536E /* PushNotificationService.swift */; };
		E0CDCB82C7CE9FAA666FC30F /* ConnectingView.swift in Sources */ = {isa = PBXBuildFile; fileRef = 34FEDF9A158CCD55C122E4C0 /* ConnectingView.swift */; };
		E13BDFFEFC536E4250AEC77F /* VersionPolicy.swift in Sources */ = {isa = PBXBuildFile; fileRef = 3D22FFACA5DC05AF48ADCA48 /* VersionPolicy.swift */; };
		E1DDA50F8E16FC6476923644 /* dev-config.json in Resources */ = {isa = PBXBuildFile; fileRef = 987E633C3AE8037A73BDD2D2 /* dev-config.json */; };
		E1E75A684462EE02BB6849C7 /* Sentry in Frameworks */ = {isa = PBXBuildFile; productRef = 4CFD4AB9E3DE7ECDAA1A90DE /* Sentry */; };
		E34581EC1C72D2D844E95CA5 /* MessageTransport.swift in Sources */ = {isa = PBXBuildFile; fileRef = B9C463E211CCE7A8B204A526 /* MessageTransport.swift */; };
		E3B1CDFE6CC7AFB2E4EACBEE /* GatewayClient.swift in Sources */ = {isa = PBXBuildFile; fileRef = B050664DE997644E80B7EBD8 /* GatewayClient.swift */; };
		E42F63D988F87F7CDD8C3356 /* PlatformAppDelegate.swift in Sources */ = {isa = PBXBuildFile; fileRef = 461D6E973E8C03EB39C8A28F /* PlatformAppDelegate.swift */; };
		E4C3833143DDBF54829E9481 /* chat4000Shortcuts.swift in Sources */ = {isa = PBXBuildFile; fileRef = BED9769AC010F65D744662F8 /* chat4000Shortcuts.swift */; };
		E4D700BA3C2B3AE70B858BC3 /* MatrixSDKCrypto in Frameworks */ = {isa = PBXBuildFile; productRef = 460A9CDE00F06A4D8ABF23E8 /* MatrixSDKCrypto */; };
		E8436C5B504D38765372E21B /* FounderChatPromptModal.swift in Sources */ = {isa = PBXBuildFile; fileRef = 192964FAF1BD18F37F44D7E6 /* FounderChatPromptModal.swift */; };
		E914934D11E28D9A4A88EAD6 /* LegalConsent.swift in Sources */ = {isa = PBXBuildFile; fileRef = 1FE4F43A306BD85AB6667B6B /* LegalConsent.swift */; };
		EA71EAA46A46B7ED3009A942 /* ConfettiLab.swift in Sources */ = {isa = PBXBuildFile; fileRef = 6D51E8ACE688905C3A85420B /* ConfettiLab.swift */; };
		EB3D7D4904DAF37DC5187C36 /* SyncModel.swift in Sources */ = {isa = PBXBuildFile; fileRef = AE8F514C2A5C656F91CAAA2A /* SyncModel.swift */; };
		EEB2DAB553DDB617D1A33D1A /* IntercomMacWebView.swift in Sources */ = {isa = PBXBuildFile; fileRef = 514BEC078A9D49AD59117FC8 /* IntercomMacWebView.swift */; };
		F01BAE5B0DB77740AB438AC1 /* ConfettiLab.swift in Sources */ = {isa = PBXBuildFile; fileRef = 6D51E8ACE688905C3A85420B /* ConfettiLab.swift */; };
		F22B4670321D98EE3CD6DB28 /* MessageBubble.swift in Sources */ = {isa = PBXBuildFile; fileRef = B2921479514ABE106F4A0EE2 /* MessageBubble.swift */; };
		F26811CC469379438C76C3B3 /* ProtocolModels.swift in Sources */ = {isa = PBXBuildFile; fileRef = F449FB76C90C5D54D497DDCA /* ProtocolModels.swift */; };
		F7070CFFF020F789D8061919 /* PushNotificationService.swift in Sources */ = {isa = PBXBuildFile; fileRef = ABF80C3D35458420BB02536E /* PushNotificationService.swift */; };
		F72AF596F956CC0A0E19CA16 /* VoiceMessageViews.swift in Sources */ = {isa = PBXBuildFile; fileRef = D5FC8A46DD252A0D2CBFC988 /* VoiceMessageViews.swift */; };
		F76F3F4C0F5B22E79814406A /* HTMLCardSanitizer.swift in Sources */ = {isa = PBXBuildFile; fileRef = CFE14FB545F169BACAD1DB84 /* HTMLCardSanitizer.swift */; };
		FCFE7A586201F420E9AF6108 /* SetupView.swift in Sources */ = {isa = PBXBuildFile; fileRef = 57E905F943A4177A6D5D3B75 /* SetupView.swift */; };
		FE8E61893B9CEC1FCE1049BE /* LaunchActionStore.swift in Sources */ = {isa = PBXBuildFile; fileRef = E9139BAA7941E71962E74A77 /* LaunchActionStore.swift */; };
/* End PBXBuildFile section */

/* Begin PBXContainerItemProxy section */
		36D5504D9B625039E278C844 /* PBXContainerItemProxy */ = {
			isa = PBXContainerItemProxy;
			containerPortal = 8170F8DB11ABA22193CB59FB /* Project object */;
			proxyType = 1;
			remoteGlobalIDString = 0E98DC1C8258F3BA8ED9744C;
			remoteInfo = chat4000iphonedev;
		};
/* End PBXContainerItemProxy section */

/* Begin PBXFileReference section */
		01E7B14B025FB6F40EE0AC93 /* HapticsLab.swift */ = {isa = PBXFileReference; lastKnownFileType = sourcecode.swift; path = HapticsLab.swift; sourceTree = "<group>"; };
		05027BA245E6C6A3547D1AFB /* MatrixMediaTests.swift */ = {isa = PBXFileReference; lastKnownFileType = sourcecode.swift; path = MatrixMediaTests.swift; sourceTree = "<group>"; };
		0A112720006071299AA14823 /* chat4000iphoneappstore.app */ = {isa = PBXFileReference; includeInIndex = 0; lastKnownFileType = wrapper.application; path = chat4000iphoneappstore.app; sourceTree = BUILT_PRODUCTS_DIR; };
		11EEBAD5675C62C828868186 /* MatrixTimelineMapperTests.swift */ = {isa = PBXFileReference; lastKnownFileType = sourcecode.swift; path = MatrixTimelineMapperTests.swift; sourceTree = "<group>"; };
		14B361122EBA34CDD2F91344 /* IntercomMacSheet.swift */ = {isa = PBXFileReference; lastKnownFileType = sourcecode.swift; path = IntercomMacSheet.swift; sourceTree = "<group>"; };
		1574D1CDAB67C60CD828BBEE /* Assets.xcassets */ = {isa = PBXFileReference; lastKnownFileType = folder.assetcatalog; path = Assets.xcassets; sourceTree = "<group>"; };
		15D6AF1188169F2A12E2CA3F /* SharedImageInbox.swift */ = {isa = PBXFileReference; lastKnownFileType = sourcecode.swift; path = SharedImageInbox.swift; sourceTree = "<group>"; };
		173C0E4A4F3F06EDCF887C4B /* chat4000iphonedev.app */ = {isa = PBXFileReference; includeInIndex = 0; lastKnownFileType = wrapper.application; path = chat4000iphonedev.app; sourceTree = BUILT_PRODUCTS_DIR; };
		180349B31809B66A001D8B94 /* DiagnosticReportService.swift */ = {isa = PBXFileReference; lastKnownFileType = sourcecode.swift; path = DiagnosticReportService.swift; sourceTree = "<group>"; };
		192964FAF1BD18F37F44D7E6 /* FounderChatPromptModal.swift */ = {isa = PBXFileReference; lastKnownFileType = sourcecode.swift; path = FounderChatPromptModal.swift; sourceTree = "<group>"; };
		1ABDFF3FD47D523406C58DFB /* SharedImageInboxTests.swift */ = {isa = PBXFileReference; lastKnownFileType = sourcecode.swift; path = SharedImageInboxTests.swift; sourceTree = "<group>"; };
		1C08DE1E100F336266630F49 /* VoiceNotes.swift */ = {isa = PBXFileReference; lastKnownFileType = sourcecode.swift; path = VoiceNotes.swift; sourceTree = "<group>"; };
		1C266381533F0F1DA7D96666 /* MatrixSDKCrypto */ = {isa = PBXFileReference; lastKnownFileType = folder; name = MatrixSDKCrypto; path = Vendor/MatrixSDKCrypto; sourceTree = SOURCE_ROOT; };
		1D21E82B5B5AD29B0C7C2A2A /* TelemetryManager.swift */ = {isa = PBXFileReference; lastKnownFileType = sourcecode.swift; path = TelemetryManager.swift; sourceTree = "<group>"; };
		1FE4F43A306BD85AB6667B6B /* LegalConsent.swift */ = {isa = PBXFileReference; lastKnownFileType = sourcecode.swift; path = LegalConsent.swift; sourceTree = "<group>"; };
		261757F4308024D0CDBD8824 /* ErrorReporter.swift */ = {isa = PBXFileReference; lastKnownFileType = sourcecode.swift; path = ErrorReporter.swift; sourceTree = "<group>"; };
		2669C135047550C97D672283 /* MatrixRoomSnapshot.swift */ = {isa = PBXFileReference; lastKnownFileType = sourcecode.swift; path = MatrixRoomSnapshot.swift; sourceTree = "<group>"; };
		28531A32EFC4C6B9AAA98089 /* SessionsSidebar.swift */ = {isa = PBXFileReference; lastKnownFileType = sourcecode.swift; path = SessionsSidebar.swift; sourceTree = "<group>"; };
		292B92B50C5BCD4831BA1F5B /* AppError.swift */ = {isa = PBXFileReference; lastKnownFileType = sourcecode.swift; path = AppError.swift; sourceTree = "<group>"; };
		2C09A046D82165CC7FC62A91 /* TalkToTeamButton.swift */ = {isa = PBXFileReference; lastKnownFileType = sourcecode.swift; path = TalkToTeamButton.swift; sourceTree = "<group>"; };
		2D677DBA9D52D33C5CD0D615 /* MatrixSession.swift */ = {isa = PBXFileReference; lastKnownFileType = sourcecode.swift; path = MatrixSession.swift; sourceTree = "<group>"; };
		32122D2AB6339871185CC71A /* MatrixCredentialStore.swift */ = {isa = PBXFileReference; lastKnownFileType = sourcecode.swift; path = MatrixCredentialStore.swift; sourceTree = "<group>"; };
		34FEDF9A158CCD55C122E4C0 /* ConnectingView.swift */ = {isa = PBXFileReference; lastKnownFileType = sourcecode.swift; path = ConnectingView.swift; sourceTree = "<group>"; };
		37FDEE452BAC9D3CA968AC4E /* chat4000mac.app */ = {isa = PBXFileReference; explicitFileType = wrapper.application; includeInIndex = 0; path = chat4000mac.app; sourceTree = BUILT_PRODUCTS_DIR; };
		3AB7CCE014B46CF4301D2661 /* SettingsSheet.swift */ = {isa = PBXFileReference; lastKnownFileType = sourcecode.swift; path = SettingsSheet.swift; sourceTree = "<group>"; };
		3D22FFACA5DC05AF48ADCA48 /* VersionPolicy.swift */ = {isa = PBXFileReference; lastKnownFileType = sourcecode.swift; path = VersionPolicy.swift; sourceTree = "<group>"; };
		3E8858BAEA92394F0B597EA9 /* ConnectionState.swift */ = {isa = PBXFileReference; lastKnownFileType = sourcecode.swift; path = ConnectionState.swift; sourceTree = "<group>"; };
		461D6E973E8C03EB39C8A28F /* PlatformAppDelegate.swift */ = {isa = PBXFileReference; lastKnownFileType = sourcecode.swift; path = PlatformAppDelegate.swift; sourceTree = "<group>"; };
		514BEC078A9D49AD59117FC8 /* IntercomMacWebView.swift */ = {isa = PBXFileReference; lastKnownFileType = sourcecode.swift; path = IntercomMacWebView.swift; sourceTree = "<group>"; };
		57E905F943A4177A6D5D3B75 /* SetupView.swift */ = {isa = PBXFileReference; lastKnownFileType = sourcecode.swift; path = SetupView.swift; sourceTree = "<group>"; };
		5A8BF1914A6E192A09704942 /* chat4000App.swift */ = {isa = PBXFileReference; lastKnownFileType = sourcecode.swift; path = chat4000App.swift; sourceTree = "<group>"; };
		5B2FC9D4D806CA68BD6121AA /* CameraCaptureView.swift */ = {isa = PBXFileReference; lastKnownFileType = sourcecode.swift; path = CameraCaptureView.swift; sourceTree = "<group>"; };
		5BC091E5444DA21F658F41CE /* RoomViewModel.swift */ = {isa = PBXFileReference; lastKnownFileType = sourcecode.swift; path = RoomViewModel.swift; sourceTree = "<group>"; };
		6D51E8ACE688905C3A85420B /* ConfettiLab.swift */ = {isa = PBXFileReference; lastKnownFileType = sourcecode.swift; path = ConfettiLab.swift; sourceTree = "<group>"; };
		74805CCF8BC6DBBDD7FC666E /* MatrixCredentialStoreTests.swift */ = {isa = PBXFileReference; lastKnownFileType = sourcecode.swift; path = MatrixCredentialStoreTests.swift; sourceTree = "<group>"; };
		7579907A305146E2DEA5C23F /* MatrixTimelineMapper.swift */ = {isa = PBXFileReference; lastKnownFileType = sourcecode.swift; path = MatrixTimelineMapper.swift; sourceTree = "<group>"; };
		75B42D7242579BD437991A3C /* ChatView.swift */ = {isa = PBXFileReference; lastKnownFileType = sourcecode.swift; path = ChatView.swift; sourceTree = "<group>"; };
		78AD31081E6091BD749DF44D /* FounderOutreach.swift */ = {isa = PBXFileReference; lastKnownFileType = sourcecode.swift; path = FounderOutreach.swift; sourceTree = "<group>"; };
		7E4C2242D46F0F1BBF019CAC /* AppEnvironment.swift */ = {isa = PBXFileReference; lastKnownFileType = sourcecode.swift; path = AppEnvironment.swift; sourceTree = "<group>"; };
		7FDC754FEDCCEA9F8AD0A3D3 /* ToolCallBubble.swift */ = {isa = PBXFileReference; lastKnownFileType = sourcecode.swift; path = ToolCallBubble.swift; sourceTree = "<group>"; };
		853062E21AF8E7B8FDDD38D4 /* MatrixEnvironment.swift */ = {isa = PBXFileReference; lastKnownFileType = sourcecode.swift; path = MatrixEnvironment.swift; sourceTree = "<group>"; };
		8E4370FBD02C8CD9273AAC41 /* TelemetryPreferences.swift */ = {isa = PBXFileReference; lastKnownFileType = sourcecode.swift; path = TelemetryPreferences.swift; sourceTree = "<group>"; };
		987E633C3AE8037A73BDD2D2 /* dev-config.json */ = {isa = PBXFileReference; lastKnownFileType = text.json; path = "dev-config.json"; sourceTree = "<group>"; };
		9BCBD7E1C2B710B4BA75EBFF /* AnalyticsEvent.swift */ = {isa = PBXFileReference; lastKnownFileType = sourcecode.swift; path = AnalyticsEvent.swift; sourceTree = "<group>"; };
		A32C9A19C1555716E6B56D5F /* ClientIdentity.swift */ = {isa = PBXFileReference; lastKnownFileType = sourcecode.swift; path = ClientIdentity.swift; sourceTree = "<group>"; };
		A816A1C283669BC3405C6770 /* ChatMessage.swift */ = {isa = PBXFileReference; lastKnownFileType = sourcecode.swift; path = ChatMessage.swift; sourceTree = "<group>"; };
		A98FA24EA5A373862282F6C4 /* VersionPolicyTests.swift */ = {isa = PBXFileReference; lastKnownFileType = sourcecode.swift; path = VersionPolicyTests.swift; sourceTree = "<group>"; };
		ABF80C3D35458420BB02536E /* PushNotificationService.swift */ = {isa = PBXFileReference; lastKnownFileType = sourcecode.swift; path = PushNotificationService.swift; sourceTree = "<group>"; };
		AC864A0C51C9B9647423BC9F /* IntercomService.swift */ = {isa = PBXFileReference; lastKnownFileType = sourcecode.swift; path = IntercomService.swift; sourceTree = "<group>"; };
		AE8F514C2A5C656F91CAAA2A /* SyncModel.swift */ = {isa = PBXFileReference; lastKnownFileType = sourcecode.swift; path = SyncModel.swift; sourceTree = "<group>"; };
		AF3456DE2763129AAB854E7D /* MatrixPairingTests.swift */ = {isa = PBXFileReference; lastKnownFileType = sourcecode.swift; path = MatrixPairingTests.swift; sourceTree = "<group>"; };
		B012389C8EFB22EEAF38F50D /* UpgradeViews.swift */ = {isa = PBXFileReference; lastKnownFileType = sourcecode.swift; path = UpgradeViews.swift; sourceTree = "<group>"; };
		B050664DE997644E80B7EBD8 /* GatewayClient.swift */ = {isa = PBXFileReference; lastKnownFileType = sourcecode.swift; path = GatewayClient.swift; sourceTree = "<group>"; };
		B2921479514ABE106F4A0EE2 /* MessageBubble.swift */ = {isa = PBXFileReference; lastKnownFileType = sourcecode.swift; path = MessageBubble.swift; sourceTree = "<group>"; };
		B9C463E211CCE7A8B204A526 /* MessageTransport.swift */ = {isa = PBXFileReference; lastKnownFileType = sourcecode.swift; path = MessageTransport.swift; sourceTree = "<group>"; };
		BCC626D09942862C10A3DE4B /* SlidingSync.swift */ = {isa = PBXFileReference; lastKnownFileType = sourcecode.swift; path = SlidingSync.swift; sourceTree = "<group>"; };
		BD5502614502BB36DCC28ED7 /* MatrixMedia.swift */ = {isa = PBXFileReference; lastKnownFileType = sourcecode.swift; path = MatrixMedia.swift; sourceTree = "<group>"; };
		BE09C299166305E96D81033B /* CryptoEngine.swift */ = {isa = PBXFileReference; lastKnownFileType = sourcecode.swift; path = CryptoEngine.swift; sourceTree = "<group>"; };
		BED9769AC010F65D744662F8 /* chat4000Shortcuts.swift */ = {isa = PBXFileReference; lastKnownFileType = sourcecode.swift; path = chat4000Shortcuts.swift; sourceTree = "<group>"; };
		C60C6D511BF53E608B8BFAF1 /* chat4000Tests.xctest */ = {isa = PBXFileReference; includeInIndex = 0; lastKnownFileType = wrapper.cfbundle; path = chat4000Tests.xctest; sourceTree = BUILT_PRODUCTS_DIR; };
		CB8627734E252FE4E0D03E22 /* QRScannerView.swift */ = {isa = PBXFileReference; lastKnownFileType = sourcecode.swift; path = QRScannerView.swift; sourceTree = "<group>"; };
		CFD3EEA77A3CD28EFBB6D86F /* TwoCursorSyncTests.swift */ = {isa = PBXFileReference; lastKnownFileType = sourcecode.swift; path = TwoCursorSyncTests.swift; sourceTree = "<group>"; };
		CFE14FB545F169BACAD1DB84 /* HTMLCardSanitizer.swift */ = {isa = PBXFileReference; lastKnownFileType = sourcecode.swift; path = HTMLCardSanitizer.swift; sourceTree = "<group>"; };
		D577136CE593FD82EF78E86F /* AppLog.swift */ = {isa = PBXFileReference; lastKnownFileType = sourcecode.swift; path = AppLog.swift; sourceTree = "<group>"; };
		D5FC8A46DD252A0D2CBFC988 /* VoiceMessageViews.swift */ = {isa = PBXFileReference; lastKnownFileType = sourcecode.swift; path = VoiceMessageViews.swift; sourceTree = "<group>"; };
		DE9EA29D23E1AD0C71314E58 /* Theme.swift */ = {isa = PBXFileReference; lastKnownFileType = sourcecode.swift; path = Theme.swift; sourceTree = "<group>"; };
		E310131C1553FBB80D41A92D /* MatrixPairing.swift */ = {isa = PBXFileReference; lastKnownFileType = sourcecode.swift; path = MatrixPairing.swift; sourceTree = "<group>"; };
		E9139BAA7941E71962E74A77 /* LaunchActionStore.swift */ = {isa = PBXFileReference; lastKnownFileType = sourcecode.swift; path = LaunchActionStore.swift; sourceTree = "<group>"; };
		EDCE40544DE6B79EB1ED760B /* ChatViewModelRoomScopingTests.swift */ = {isa = PBXFileReference; lastKnownFileType = sourcecode.swift; path = ChatViewModelRoomScopingTests.swift; sourceTree = "<group>"; };
		F20986EDB38AB39E9B87CF73 /* Haptics.swift */ = {isa = PBXFileReference; lastKnownFileType = sourcecode.swift; path = Haptics.swift; sourceTree = "<group>"; };
		F449FB76C90C5D54D497DDCA /* ProtocolModels.swift */ = {isa = PBXFileReference; lastKnownFileType = sourcecode.swift; path = ProtocolModels.swift; sourceTree = "<group>"; };
		F72C3CE61CF49762C2A0444C /* HTMLCardBubble.swift */ = {isa = PBXFileReference; lastKnownFileType = sourcecode.swift; path = HTMLCardBubble.swift; sourceTree = "<group>"; };
		F88C5C81B4EDE2E1C11A6C15 /* SyncModelTests.swift */ = {isa = PBXFileReference; lastKnownFileType = sourcecode.swift; path = SyncModelTests.swift; sourceTree = "<group>"; };
/* End PBXFileReference section */

/* Begin PBXFrameworksBuildPhase section */
		1E8DB21465230D02A40A332F /* Frameworks */ = {
			isa = PBXFrameworksBuildPhase;
			buildActionMask = 2147483647;
			files = (
				E1E75A684462EE02BB6849C7 /* Sentry in Frameworks */,
				1A0D38BF09814FE22EB46221 /* PostHog in Frameworks */,
				5090338F809B82F32B646A93 /* MatrixSDKCrypto in Frameworks */,
			);
			runOnlyForDeploymentPostprocessing = 0;
		};
		4916E4CF70281DC4B34DF2C8 /* Frameworks */ = {
			isa = PBXFrameworksBuildPhase;
			buildActionMask = 2147483647;
			files = (
				8AB0F868AB5D33C12F071EA0 /* Sentry in Frameworks */,
				80AA850977DA8EA94854B83D /* PostHog in Frameworks */,
				B5A3069D49E9CBCAF3F8497F /* Intercom in Frameworks */,
				BD79CE5F2BAA32E46AB29BE4 /* MatrixSDKCrypto in Frameworks */,
				29583000ED3E1FF9BE5190DB /* ConfettiSwiftUI in Frameworks */,
				A5AE7A78FA1159C7E9227800 /* Vortex in Frameworks */,
				7F515EA4403B08995793D5FB /* SPConfetti in Frameworks */,
				7691307F059E1D2A7C61E178 /* Pulsar in Frameworks */,
			);
			runOnlyForDeploymentPostprocessing = 0;
		};
		765DFF621903E29985F8DF5F /* Frameworks */ = {
			isa = PBXFrameworksBuildPhase;
			buildActionMask = 2147483647;
			files = (
				0775F69200598C722BD4FA4A /* Sentry in Frameworks */,
				02794D67F6CA9B2669FC742E /* PostHog in Frameworks */,
				2720FC65EA9DDAC856774B90 /* Intercom in Frameworks */,
				E4D700BA3C2B3AE70B858BC3 /* MatrixSDKCrypto in Frameworks */,
				7778A07554E94D197647FC00 /* ConfettiSwiftUI in Frameworks */,
				0074E4CED22D8224F9A75456 /* Vortex in Frameworks */,
				C0E817156022C9EA75130D3A /* SPConfetti in Frameworks */,
				51A29C7B8CD891688DAC791F /* Pulsar in Frameworks */,
			);
			runOnlyForDeploymentPostprocessing = 0;
		};
		A02C3556EDB4B183E77CF295 /* Frameworks */ = {
			isa = PBXFrameworksBuildPhase;
			buildActionMask = 2147483647;
			files = (
				C6BFD49641FDAA970C89B4F6 /* MatrixSDKCrypto in Frameworks */,
			);
			runOnlyForDeploymentPostprocessing = 0;
		};
/* End PBXFrameworksBuildPhase section */

/* Begin PBXGroup section */
		1C2AB8301B27E765CE09C77F /* Gateway */ = {
			isa = PBXGroup;
			children = (
				B050664DE997644E80B7EBD8 /* GatewayClient.swift */,
				B9C463E211CCE7A8B204A526 /* MessageTransport.swift */,
				F449FB76C90C5D54D497DDCA /* ProtocolModels.swift */,
				BCC626D09942862C10A3DE4B /* SlidingSync.swift */,
				AE8F514C2A5C656F91CAAA2A /* SyncModel.swift */,
			);
			path = Gateway;
			sourceTree = "<group>";
		};
		3FAEB480AF83D474C995D675 /* Views */ = {
			isa = PBXGroup;
			children = (
				75B42D7242579BD437991A3C /* ChatView.swift */,
				6D51E8ACE688905C3A85420B /* ConfettiLab.swift */,
				34FEDF9A158CCD55C122E4C0 /* ConnectingView.swift */,
				192964FAF1BD18F37F44D7E6 /* FounderChatPromptModal.swift */,
				01E7B14B025FB6F40EE0AC93 /* HapticsLab.swift */,
				14B361122EBA34CDD2F91344 /* IntercomMacSheet.swift */,
				514BEC078A9D49AD59117FC8 /* IntercomMacWebView.swift */,
				CB8627734E252FE4E0D03E22 /* QRScannerView.swift */,
				5BC091E5444DA21F658F41CE /* RoomViewModel.swift */,
				28531A32EFC4C6B9AAA98089 /* SessionsSidebar.swift */,
				3AB7CCE014B46CF4301D2661 /* SettingsSheet.swift */,
				57E905F943A4177A6D5D3B75 /* SetupView.swift */,
				DE9EA29D23E1AD0C71314E58 /* Theme.swift */,
				B012389C8EFB22EEAF38F50D /* UpgradeViews.swift */,
				A07F252E761A1639763D74AC /* Components */,
			);
			path = Views;
			sourceTree = "<group>";
		};
		5B741E0F226F4AE2279ACCB6 /* Resources */ = {
			isa = PBXGroup;
			children = (
				1574D1CDAB67C60CD828BBEE /* Assets.xcassets */,
				987E633C3AE8037A73BDD2D2 /* dev-config.json */,
			);
			path = Resources;
			sourceTree = "<group>";
		};
		5C87E010D131127349B69FD9 /* Products */ = {
			isa = PBXGroup;
			children = (
				0A112720006071299AA14823 /* chat4000iphoneappstore.app */,
				173C0E4A4F3F06EDCF887C4B /* chat4000iphonedev.app */,
				37FDEE452BAC9D3CA968AC4E /* chat4000mac.app */,
				C60C6D511BF53E608B8BFAF1 /* chat4000Tests.xctest */,
			);
			name = Products;
			sourceTree = "<group>";
		};
		784E8F4F0AF893A5BCD43FC2 /* Packages */ = {
			isa = PBXGroup;
			children = (
				1C266381533F0F1DA7D96666 /* MatrixSDKCrypto */,
			);
			name = Packages;
			sourceTree = "<group>";
		};
		7E23D8E4DE1540CF4C953E17 /* App */ = {
			isa = PBXGroup;
			children = (
				5A8BF1914A6E192A09704942 /* chat4000App.swift */,
				BED9769AC010F65D744662F8 /* chat4000Shortcuts.swift */,
				461D6E973E8C03EB39C8A28F /* PlatformAppDelegate.swift */,
			);
			path = App;
			sourceTree = "<group>";
		};
		8EB9FD491E62FAE9FB31B7FD /* Models */ = {
			isa = PBXGroup;
			children = (
				292B92B50C5BCD4831BA1F5B /* AppError.swift */,
				A816A1C283669BC3405C6770 /* ChatMessage.swift */,
				3E8858BAEA92394F0B597EA9 /* ConnectionState.swift */,
				2669C135047550C97D672283 /* MatrixRoomSnapshot.swift */,
			);
			path = Models;
			sourceTree = "<group>";
		};
		989CCA4B7E50E5FA775102FB = {
			isa = PBXGroup;
			children = (
				784E8F4F0AF893A5BCD43FC2 /* Packages */,
				5B741E0F226F4AE2279ACCB6 /* Resources */,
				CFB5EE924E19E1329DA7CAFF /* Sources */,
				EC0F7BC08D3CACB0FF9992D4 /* Tests */,
				5C87E010D131127349B69FD9 /* Products */,
			);
			sourceTree = "<group>";
		};
		A07F252E761A1639763D74AC /* Components */ = {
			isa = PBXGroup;
			children = (
				5B2FC9D4D806CA68BD6121AA /* CameraCaptureView.swift */,
				F72C3CE61CF49762C2A0444C /* HTMLCardBubble.swift */,
				CFE14FB545F169BACAD1DB84 /* HTMLCardSanitizer.swift */,
				B2921479514ABE106F4A0EE2 /* MessageBubble.swift */,
				2C09A046D82165CC7FC62A91 /* TalkToTeamButton.swift */,
				7FDC754FEDCCEA9F8AD0A3D3 /* ToolCallBubble.swift */,
				D5FC8A46DD252A0D2CBFC988 /* VoiceMessageViews.swift */,
			);
			path = Components;
			sourceTree = "<group>";
		};
		A265DDA4B8E18FA5BC014A6B /* Matrix */ = {
			isa = PBXGroup;
			children = (
				BE09C299166305E96D81033B /* CryptoEngine.swift */,
				32122D2AB6339871185CC71A /* MatrixCredentialStore.swift */,
				853062E21AF8E7B8FDDD38D4 /* MatrixEnvironment.swift */,
				BD5502614502BB36DCC28ED7 /* MatrixMedia.swift */,
				E310131C1553FBB80D41A92D /* MatrixPairing.swift */,
				2D677DBA9D52D33C5CD0D615 /* MatrixSession.swift */,
				7579907A305146E2DEA5C23F /* MatrixTimelineMapper.swift */,
			);
			path = Matrix;
			sourceTree = "<group>";
		};
		CFB5EE924E19E1329DA7CAFF /* Sources */ = {
			isa = PBXGroup;
			children = (
				7E23D8E4DE1540CF4C953E17 /* App */,
				1C2AB8301B27E765CE09C77F /* Gateway */,
				A265DDA4B8E18FA5BC014A6B /* Matrix */,
				8EB9FD491E62FAE9FB31B7FD /* Models */,
				D1531AC67E0AE2EB73F18B31 /* Services */,
				3FAEB480AF83D474C995D675 /* Views */,
			);
			path = Sources;
			sourceTree = "<group>";
		};
		D1531AC67E0AE2EB73F18B31 /* Services */ = {
			isa = PBXGroup;
			children = (
				9BCBD7E1C2B710B4BA75EBFF /* AnalyticsEvent.swift */,
				7E4C2242D46F0F1BBF019CAC /* AppEnvironment.swift */,
				D577136CE593FD82EF78E86F /* AppLog.swift */,
				A32C9A19C1555716E6B56D5F /* ClientIdentity.swift */,
				180349B31809B66A001D8B94 /* DiagnosticReportService.swift */,
				261757F4308024D0CDBD8824 /* ErrorReporter.swift */,
				78AD31081E6091BD749DF44D /* FounderOutreach.swift */,
				F20986EDB38AB39E9B87CF73 /* Haptics.swift */,
				AC864A0C51C9B9647423BC9F /* IntercomService.swift */,
				E9139BAA7941E71962E74A77 /* LaunchActionStore.swift */,
				1FE4F43A306BD85AB6667B6B /* LegalConsent.swift */,
				ABF80C3D35458420BB02536E /* PushNotificationService.swift */,
				15D6AF1188169F2A12E2CA3F /* SharedImageInbox.swift */,
				1D21E82B5B5AD29B0C7C2A2A /* TelemetryManager.swift */,
				8E4370FBD02C8CD9273AAC41 /* TelemetryPreferences.swift */,
				3D22FFACA5DC05AF48ADCA48 /* VersionPolicy.swift */,
				1C08DE1E100F336266630F49 /* VoiceNotes.swift */,
			);
			path = Services;
			sourceTree = "<group>";
		};
		EC0F7BC08D3CACB0FF9992D4 /* Tests */ = {
			isa = PBXGroup;
			children = (
				EDCE40544DE6B79EB1ED760B /* ChatViewModelRoomScopingTests.swift */,
				74805CCF8BC6DBBDD7FC666E /* MatrixCredentialStoreTests.swift */,
				05027BA245E6C6A3547D1AFB /* MatrixMediaTests.swift */,
				AF3456DE2763129AAB854E7D /* MatrixPairingTests.swift */,
				11EEBAD5675C62C828868186 /* MatrixTimelineMapperTests.swift */,
				1ABDFF3FD47D523406C58DFB /* SharedImageInboxTests.swift */,
				F88C5C81B4EDE2E1C11A6C15 /* SyncModelTests.swift */,
				CFD3EEA77A3CD28EFBB6D86F /* TwoCursorSyncTests.swift */,
				A98FA24EA5A373862282F6C4 /* VersionPolicyTests.swift */,
			);
			path = Tests;
			sourceTree = "<group>";
		};
/* End PBXGroup section */

/* Begin PBXNativeTarget section */
		0E98DC1C8258F3BA8ED9744C /* chat4000iphonedev */ = {
			isa = PBXNativeTarget;
			buildConfigurationList = 84F7B8EDC57BA6F384FCD9F5 /* Build configuration list for PBXNativeTarget "chat4000iphonedev" */;
			buildPhases = (
				BB04E8A659C6E14D4AA858EF /* SwiftLint */,
				1E72328B7EDD9A8D5382A041 /* Sources */,
				5AA6AD9FCCF58DFA84B4D9BF /* Resources */,
				4916E4CF70281DC4B34DF2C8 /* Frameworks */,
				3208A8A6BFB11053A4C88207 /* Upload dSYM to Sentry */,
			);
			buildRules = (
			);
			dependencies = (
			);
			name = chat4000iphonedev;
			packageProductDependencies = (
				22A6C684720BC98F432DB9E2 /* Sentry */,
				35A4ED5BD998D05E585717A2 /* PostHog */,
				AA640C6F4DF4F7CCFC12E6B8 /* Intercom */,
				00E91CF623C55BA12FE6E91D /* MatrixSDKCrypto */,
				D8F3FFF42D72FD2800A712FD /* ConfettiSwiftUI */,
				C413FCFC2A59AAC4F058EEE8 /* Vortex */,
				C14AFD743B5CAD21F46E0B88 /* SPConfetti */,
				73B03FFF4363C57CE04C2CCF /* Pulsar */,
			);
			productName = chat4000iphonedev;
			productReference = 173C0E4A4F3F06EDCF887C4B /* chat4000iphonedev.app */;
			productType = "com.apple.product-type.application";
		};
		274E45C839C01C08DED5885A /* chat4000mac */ = {
			isa = PBXNativeTarget;
			buildConfigurationList = BA63EB2D426409544ABD3897 /* Build configuration list for PBXNativeTarget "chat4000mac" */;
			buildPhases = (
				8CA8AECBEC30C2856755D968 /* SwiftLint */,
				41073052465059B4F4E05942 /* Sources */,
				1BEDF18AB826E64850A899FC /* Resources */,
				1E8DB21465230D02A40A332F /* Frameworks */,
			);
			buildRules = (
			);
			dependencies = (
			);
			name = chat4000mac;
			packageProductDependencies = (
				4CFD4AB9E3DE7ECDAA1A90DE /* Sentry */,
				67F38D3ABCD80A814D60B2EF /* PostHog */,
				199DD1E568D2E07267FC264D /* MatrixSDKCrypto */,
			);
			productName = chat4000mac;
			productReference = 37FDEE452BAC9D3CA968AC4E /* chat4000mac.app */;
			productType = "com.apple.product-type.application";
		};
		8FCB569B42B4FD8AACCBF568 /* chat4000Tests */ = {
			isa = PBXNativeTarget;
			buildConfigurationList = AB7E31965365BB00E1E390C9 /* Build configuration list for PBXNativeTarget "chat4000Tests" */;
			buildPhases = (
				50FE4C6B770F8F62D46DD1D9 /* Sources */,
				A02C3556EDB4B183E77CF295 /* Frameworks */,
			);
			buildRules = (
			);
			dependencies = (
				71A55B04B3C5831EB38F65CE /* PBXTargetDependency */,
			);
			name = chat4000Tests;
			packageProductDependencies = (
				316A6E007883AD327A4A7B1F /* MatrixSDKCrypto */,
			);
			productName = chat4000Tests;
			productReference = C60C6D511BF53E608B8BFAF1 /* chat4000Tests.xctest */;
			productType = "com.apple.product-type.bundle.unit-test";
		};
		F5A1478ECCF1B164155FCFB4 /* chat4000iphoneappstore */ = {
			isa = PBXNativeTarget;
			buildConfigurationList = F660539E8465EAA836AA513C /* Build configuration list for PBXNativeTarget "chat4000iphoneappstore" */;
			buildPhases = (
				66B3C46ACD4001F9350B6868 /* SwiftLint */,
				23936579A3E2825DC9760E43 /* Sources */,
				EBBDB14C200F47E242C26B16 /* Resources */,
				765DFF621903E29985F8DF5F /* Frameworks */,
				52754A409DE7431FB4772D2D /* Upload dSYM to Sentry */,
			);
			buildRules = (
			);
			dependencies = (
			);
			name = chat4000iphoneappstore;
			packageProductDependencies = (
				68D83A1025C08CB45A6EFF30 /* Sentry */,
				27DD8B1B5470369FA558FD3B /* PostHog */,
				0F2511B4D08991E82A7177B4 /* Intercom */,
				460A9CDE00F06A4D8ABF23E8 /* MatrixSDKCrypto */,
				436B4B23585838048168A1FB /* ConfettiSwiftUI */,
				17C44517B3E0325CF69F0E3C /* Vortex */,
				0BDCF56CEA31C1B624465D7C /* SPConfetti */,
				30DA2285855C6228B7905EAB /* Pulsar */,
			);
			productName = chat4000iphoneappstore;
			productReference = 0A112720006071299AA14823 /* chat4000iphoneappstore.app */;
			productType = "com.apple.product-type.application";
		};
/* End PBXNativeTarget section */

/* Begin PBXProject section */
		8170F8DB11ABA22193CB59FB /* Project object */ = {
			isa = PBXProject;
			attributes = {
				BuildIndependentTargetsInParallel = YES;
				LastUpgradeCheck = 1600;
				TargetAttributes = {
					0E98DC1C8258F3BA8ED9744C = {
						DevelopmentTeam = H45JD827CU;
						ProvisioningStyle = Automatic;
					};
					274E45C839C01C08DED5885A = {
						DevelopmentTeam = H45JD827CU;
						ProvisioningStyle = Automatic;
					};
					8FCB569B42B4FD8AACCBF568 = {
						DevelopmentTeam = H45JD827CU;
						ProvisioningStyle = Automatic;
					};
					F5A1478ECCF1B164155FCFB4 = {
						DevelopmentTeam = H45JD827CU;
						ProvisioningStyle = Automatic;
					};
				};
			};
			buildConfigurationList = E160940FFC5C4C1BBEA02091 /* Build configuration list for PBXProject "chat4000" */;
			developmentRegion = en;
			hasScannedForEncodings = 0;
			knownRegions = (
				Base,
				en,
			);
			mainGroup = 989CCA4B7E50E5FA775102FB;
			minimizedProjectReferenceProxies = 1;
			packageReferences = (
				05CA5C54ECE0805ED05E7153 /* XCRemoteSwiftPackageReference "ConfettiSwiftUI" */,
				51D2BA239BCAAC8B96EF092D /* XCRemoteSwiftPackageReference "intercom-ios" */,
				470AC38DD02E6BEBD00C54B6 /* XCRemoteSwiftPackageReference "posthog-ios" */,
				380A8C4A79077054310203EE /* XCRemoteSwiftPackageReference "pulsar-ios" */,
				551E5CB24E9746ED850C6C0C /* XCRemoteSwiftPackageReference "SPConfetti" */,
				BD038A46DC6A65B5312F82EA /* XCRemoteSwiftPackageReference "sentry-cocoa" */,
				54FCA7AEB5AC85CFA7DAC861 /* XCRemoteSwiftPackageReference "Vortex" */,
				9B677A4439616EF3D960455D /* XCLocalSwiftPackageReference "Vendor/MatrixSDKCrypto" */,
			);
			preferredProjectObjectVersion = 77;
			productRefGroup = 5C87E010D131127349B69FD9 /* Products */;
			projectDirPath = "";
			projectRoot = "";
			targets = (
				8FCB569B42B4FD8AACCBF568 /* chat4000Tests */,
				F5A1478ECCF1B164155FCFB4 /* chat4000iphoneappstore */,
				0E98DC1C8258F3BA8ED9744C /* chat4000iphonedev */,
				274E45C839C01C08DED5885A /* chat4000mac */,
			);
		};
/* End PBXProject section */

/* Begin PBXResourcesBuildPhase section */
		1BEDF18AB826E64850A899FC /* Resources */ = {
			isa = PBXResourcesBuildPhase;
			buildActionMask = 2147483647;
			files = (
				9E0ABFA1C2F324731A0EB65A /* Assets.xcassets in Resources */,
				2F4D4A7B682E1DF720C4E51D /* dev-config.json in Resources */,
			);
			runOnlyForDeploymentPostprocessing = 0;
		};
		5AA6AD9FCCF58DFA84B4D9BF /* Resources */ = {
			isa = PBXResourcesBuildPhase;
			buildActionMask = 2147483647;
			files = (
				3F9D35BA6B8C2DB58869F001 /* Assets.xcassets in Resources */,
				E1DDA50F8E16FC6476923644 /* dev-config.json in Resources */,
			);
			runOnlyForDeploymentPostprocessing = 0;
		};
		EBBDB14C200F47E242C26B16 /* Resources */ = {
			isa = PBXResourcesBuildPhase;
			buildActionMask = 2147483647;
			files = (
				B72E789C360692F416ABFCAE /* Assets.xcassets in Resources */,
				DE1533CBEAC0FDC85942DCA5 /* dev-config.json in Resources */,
			);
			runOnlyForDeploymentPostprocessing = 0;
		};
/* End PBXResourcesBuildPhase section */

/* Begin PBXShellScriptBuildPhase section */
		3208A8A6BFB11053A4C88207 /* Upload dSYM to Sentry */ = {
			isa = PBXShellScriptBuildPhase;
			alwaysOutOfDate = 1;
			buildActionMask = 2147483647;
			files = (
			);
			inputFileListPaths = (
			);
			inputPaths = (
			);
			name = "Upload dSYM to Sentry";
			outputFileListPaths = (
			);
			outputPaths = (
			);
			runOnlyForDeploymentPostprocessing = 0;
			shellPath = /bin/sh;
			shellScript = "\"$SRCROOT/scripts/upload-dsym-to-sentry.sh\"\n";
		};
		52754A409DE7431FB4772D2D /* Upload dSYM to Sentry */ = {
			isa = PBXShellScriptBuildPhase;
			alwaysOutOfDate = 1;
			buildActionMask = 2147483647;
			files = (
			);
			inputFileListPaths = (
			);
			inputPaths = (
			);
			name = "Upload dSYM to Sentry";
			outputFileListPaths = (
			);
			outputPaths = (
			);
			runOnlyForDeploymentPostprocessing = 0;
			shellPath = /bin/sh;
			shellScript = "\"$SRCROOT/scripts/upload-dsym-to-sentry.sh\"\n";
		};
		66B3C46ACD4001F9350B6868 /* SwiftLint */ = {
			isa = PBXShellScriptBuildPhase;
			alwaysOutOfDate = 1;
			buildActionMask = 2147483647;
			files = (
			);
			inputFileListPaths = (
			);
			inputPaths = (
			);
			name = SwiftLint;
			outputFileListPaths = (
			);
			outputPaths = (
			);
			runOnlyForDeploymentPostprocessing = 0;
			shellPath = /bin/sh;
			shellScript = "if command -v swiftlint >/dev/null 2>&1; then\n  swiftlint lint --strict --config \"$SRCROOT/.swiftlint.yml\"\nelse\n  echo \"warning: swiftlint not installed — skipping (brew install swiftlint)\"\nfi\n";
		};
		8CA8AECBEC30C2856755D968 /* SwiftLint */ = {
			isa = PBXShellScriptBuildPhase;
			alwaysOutOfDate = 1;
			buildActionMask = 2147483647;
			files = (
			);
			inputFileListPaths = (
			);
			inputPaths = (
			);
			name = SwiftLint;
			outputFileListPaths = (
			);
			outputPaths = (
			);
			runOnlyForDeploymentPostprocessing = 0;
			shellPath = /bin/sh;
			shellScript = "if command -v swiftlint >/dev/null 2>&1; then\n  swiftlint lint --strict --config \"$SRCROOT/.swiftlint.yml\"\nelse\n  echo \"warning: swiftlint not installed — skipping (brew install swiftlint)\"\nfi\n";
		};
		BB04E8A659C6E14D4AA858EF /* SwiftLint */ = {
			isa = PBXShellScriptBuildPhase;
			alwaysOutOfDate = 1;
			buildActionMask = 2147483647;
			files = (
			);
			inputFileListPaths = (
			);
			inputPaths = (
			);
			name = SwiftLint;
			outputFileListPaths = (
			);
			outputPaths = (
			);
			runOnlyForDeploymentPostprocessing = 0;
			shellPath = /bin/sh;
			shellScript = "if command -v swiftlint >/dev/null 2>&1; then\n  swiftlint lint --strict --config \"$SRCROOT/.swiftlint.yml\"\nelse\n  echo \"warning: swiftlint not installed — skipping (brew install swiftlint)\"\nfi\n";
		};
/* End PBXShellScriptBuildPhase section */

/* Begin PBXSourcesBuildPhase section */
		1E72328B7EDD9A8D5382A041 /* Sources */ = {
			isa = PBXSourcesBuildPhase;
			buildActionMask = 2147483647;
			files = (
				DCA0A87EFF5DEBD7471790AE /* AnalyticsEvent.swift in Sources */,
				A90B5478003BBD843B523B97 /* AppEnvironment.swift in Sources */,
				A8819B54D50F75A5475DBC3A /* AppError.swift in Sources */,
				0F6B6A2A88F66B8740A2E4FA /* AppLog.swift in Sources */,
				C265CC61705A11DF0DF9B14B /* CameraCaptureView.swift in Sources */,
				61C94687A4B83B85DB92D515 /* ChatMessage.swift in Sources */,
				8736C6B4AD69A58019841C2E /* ChatView.swift in Sources */,
				023A38F1C99E034E5DF1CDA2 /* ClientIdentity.swift in Sources */,
				0D290EDD37589C80800A63D9 /* ConfettiLab.swift in Sources */,
				79B0E340CE62CFD00697BD26 /* ConnectingView.swift in Sources */,
				061DD07107510A886DFB24F6 /* ConnectionState.swift in Sources */,
				D1123A5FFD13BDE42BCFDD0B /* CryptoEngine.swift in Sources */,
				A2E10BB4BC56CC9C20CA478B /* DiagnosticReportService.swift in Sources */,
				06A3761B4213833BD05E388F /* ErrorReporter.swift in Sources */,
				E8436C5B504D38765372E21B /* FounderChatPromptModal.swift in Sources */,
				CD5F09A06E1587080F0072CD /* FounderOutreach.swift in Sources */,
				E3B1CDFE6CC7AFB2E4EACBEE /* GatewayClient.swift in Sources */,
				0B109A8011F376F344AE74BF /* HTMLCardBubble.swift in Sources */,
				F76F3F4C0F5B22E79814406A /* HTMLCardSanitizer.swift in Sources */,
				CBD9415E86196C507B48311C /* Haptics.swift in Sources */,
				00A7628C7B55491FDE2CDDD0 /* HapticsLab.swift in Sources */,
				17CD4E0AA892F9F7CBB04CE8 /* IntercomMacSheet.swift in Sources */,
				D6A76607F110C0A29B30C871 /* IntercomMacWebView.swift in Sources */,
				D717C29B75D7CE6ABDBC042D /* IntercomService.swift in Sources */,
				FE8E61893B9CEC1FCE1049BE /* LaunchActionStore.swift in Sources */,
				6344C9D91CC944DD0E689465 /* LegalConsent.swift in Sources */,
				74FF4074442D490556957AAE /* MatrixCredentialStore.swift in Sources */,
				054C58A6D63C373929305ED8 /* MatrixEnvironment.swift in Sources */,
				2D5517FB5C5CD2DBDC828765 /* MatrixMedia.swift in Sources */,
				0364B3874AAF31DED6B7C459 /* MatrixPairing.swift in Sources */,
				6BE18F56C9A382EBDF0D5FA5 /* MatrixRoomSnapshot.swift in Sources */,
				B4D78C33F0CA8FAD151AF058 /* MatrixSession.swift in Sources */,
				8672CE672FC11561BD680863 /* MatrixTimelineMapper.swift in Sources */,
				F22B4670321D98EE3CD6DB28 /* MessageBubble.swift in Sources */,
				B9F3980B184DDF86102D28A1 /* MessageTransport.swift in Sources */,
				E42F63D988F87F7CDD8C3356 /* PlatformAppDelegate.swift in Sources */,
				517FEC29AAE2F9F0E60A2785 /* ProtocolModels.swift in Sources */,
				F7070CFFF020F789D8061919 /* PushNotificationService.swift in Sources */,
				B3191AE96E6215A7F3A2DF25 /* QRScannerView.swift in Sources */,
				5227965DD4F463C6015F4F26 /* RoomViewModel.swift in Sources */,
				5490719B65442A8D721A22EF /* SessionsSidebar.swift in Sources */,
				BF513B9874C522794D7B414E /* SettingsSheet.swift in Sources */,
				3F526B0BF134FCC64086E91A /* SetupView.swift in Sources */,
				06C0F0A773C674CBA726DC3B /* SharedImageInbox.swift in Sources */,
				AE9077B6572E9A1FAF84CC92 /* SlidingSync.swift in Sources */,
				8997152C1D1C3F46D97009F6 /* SyncModel.swift in Sources */,
				9BB49FF0EC2415E7E31D445B /* TalkToTeamButton.swift in Sources */,
				13D7775D536B682D6C594A12 /* TelemetryManager.swift in Sources */,
				B17C5F03F9550287E214BE74 /* TelemetryPreferences.swift in Sources */,
				881EADD1FE460FF5CB568D96 /* Theme.swift in Sources */,
				538D2E7BACB9AC0B3C7BF504 /* ToolCallBubble.swift in Sources */,
				D47B5B456C4F439AC588E559 /* UpgradeViews.swift in Sources */,
				901B4441638C91545DFBF037 /* VersionPolicy.swift in Sources */,
				C0A642664DD26D34F0EF7473 /* VoiceMessageViews.swift in Sources */,
				5CC163962C05860B5CD9072F /* VoiceNotes.swift in Sources */,
				C5D9C9266871FE067F588E12 /* chat4000App.swift in Sources */,
				E4C3833143DDBF54829E9481 /* chat4000Shortcuts.swift in Sources */,
			);
			runOnlyForDeploymentPostprocessing = 0;
		};
		23936579A3E2825DC9760E43 /* Sources */ = {
			isa = PBXSourcesBuildPhase;
			buildActionMask = 2147483647;
			files = (
				D844D398F476545D3D5531A7 /* AnalyticsEvent.swift in Sources */,
				73F5D0F1CB8EFB33173C2392 /* AppEnvironment.swift in Sources */,
				4A12CA78A6EA439016C04C6D /* AppError.swift in Sources */,
				13250B422AB05F59BF84F50A /* AppLog.swift in Sources */,
				3B682D685AF528D32A08FF03 /* CameraCaptureView.swift in Sources */,
				CB3C14D241D85E5924906EFA /* ChatMessage.swift in Sources */,
				17FF7D222DEC65AB68EE2188 /* ChatView.swift in Sources */,
				C57FE15325AD5536DBA5C4B1 /* ClientIdentity.swift in Sources */,
				F01BAE5B0DB77740AB438AC1 /* ConfettiLab.swift in Sources */,
				E0CDCB82C7CE9FAA666FC30F /* ConnectingView.swift in Sources */,
				8ACDD02C4B7F64F036A9424F /* ConnectionState.swift in Sources */,
				951BDD41D642B4F282A7394A /* CryptoEngine.swift in Sources */,
				733F83E70D072B59B90ECE90 /* DiagnosticReportService.swift in Sources */,
				A2D4032429C03DA3F87B7C0F /* ErrorReporter.swift in Sources */,
				A33A423C8D53EB552C3F24E5 /* FounderChatPromptModal.swift in Sources */,
				CB01EEBA373523CC59166F46 /* FounderOutreach.swift in Sources */,
				425F525EF0BEA5A6001EB4F8 /* GatewayClient.swift in Sources */,
				CB3C2A6CD51401A3AD732868 /* HTMLCardBubble.swift in Sources */,
				B0EEACC8B6E90E1E3EB0B781 /* HTMLCardSanitizer.swift in Sources */,
				ADBA7109CFF1CB68A63FDF12 /* Haptics.swift in Sources */,
				4C825D9B01473A59D9FF60C8 /* HapticsLab.swift in Sources */,
				4AE8AC90DF5638962D2C19D9 /* IntercomMacSheet.swift in Sources */,
				99E8BC0DAC306E76C0685513 /* IntercomMacWebView.swift in Sources */,
				86BFF22A041428209E6ED014 /* IntercomService.swift in Sources */,
				CFB9A345D88CDCEA35C22EF2 /* LaunchActionStore.swift in Sources */,
				7A1D32E7E45FA056F6F7A094 /* LegalConsent.swift in Sources */,
				64B7784CA3FFDA09C46E9385 /* MatrixCredentialStore.swift in Sources */,
				0D4A36A4EFAB57F66E79AA38 /* MatrixEnvironment.swift in Sources */,
				B7990F311B888D25FD53C977 /* MatrixMedia.swift in Sources */,
				34A6CA1519481C40CC07DEAF /* MatrixPairing.swift in Sources */,
				8E54EB443783828799BEB98C /* MatrixRoomSnapshot.swift in Sources */,
				4FF28F296D92FD5D9FEEC01A /* MatrixSession.swift in Sources */,
				552F1547A60FB14357F28FB4 /* MatrixTimelineMapper.swift in Sources */,
				C6C26BAEFCA4F101DE1913C9 /* MessageBubble.swift in Sources */,
				E34581EC1C72D2D844E95CA5 /* MessageTransport.swift in Sources */,
				761FAE3555D8B0488582D61A /* PlatformAppDelegate.swift in Sources */,
				F26811CC469379438C76C3B3 /* ProtocolModels.swift in Sources */,
				E013DEB8130901A6F927CD4D /* PushNotificationService.swift in Sources */,
				1D1A63B60A2A7AE3A473C17F /* QRScannerView.swift in Sources */,
				87B2EC9F900CA1BA9B76C99B /* RoomViewModel.swift in Sources */,
				81C4D86A18C2D7868987B5CA /* SessionsSidebar.swift in Sources */,
				B0BE4C42C5F53E1A1B1AE53C /* SettingsSheet.swift in Sources */,
				85871F19E67D9C1984BED023 /* SetupView.swift in Sources */,
				92008A1B23585FAFDED1FE7B /* SharedImageInbox.swift in Sources */,
				97641E21234E8E7EF2BCD7DF /* SlidingSync.swift in Sources */,
				EB3D7D4904DAF37DC5187C36 /* SyncModel.swift in Sources */,
				267BBE8419C5B010B5B892E0 /* TalkToTeamButton.swift in Sources */,
				6D42E3F66D3E40C67839BDE2 /* TelemetryManager.swift in Sources */,
				1E339EE4124888C06623B7EA /* TelemetryPreferences.swift in Sources */,
				443327C01E32612D0585DD74 /* Theme.swift in Sources */,
				04ACE7EEF960016B96ED61CE /* ToolCallBubble.swift in Sources */,
				52A20FC77D9E6078C219A730 /* UpgradeViews.swift in Sources */,
				14FEC06F3A66903D6768BFA3 /* VersionPolicy.swift in Sources */,
				9CBC2908C31E7A5261AC2C4A /* VoiceMessageViews.swift in Sources */,
				33C4F44E6857B7DDE3FBE61D /* VoiceNotes.swift in Sources */,
				1393DA6BDE4B93C89B36245F /* chat4000App.swift in Sources */,
				84ED60531807CBAF0A6653CF /* chat4000Shortcuts.swift in Sources */,
			);
			runOnlyForDeploymentPostprocessing = 0;
		};
		41073052465059B4F4E05942 /* Sources */ = {
			isa = PBXSourcesBuildPhase;
			buildActionMask = 2147483647;
			files = (
				9D1342D7CA48C38E55402397 /* AnalyticsEvent.swift in Sources */,
				499A7F16C1608A8380374249 /* AppEnvironment.swift in Sources */,
				6BCE9DD3D1995A16B00DD592 /* AppError.swift in Sources */,
				9CFA613F3EDAC6BDDE2E9A9B /* AppLog.swift in Sources */,
				3C51C0C38CA6BCC5EE598377 /* CameraCaptureView.swift in Sources */,
				B32DEB39084257E9A8EEA90F /* ChatMessage.swift in Sources */,
				037D7F783761A291BCD4C3EE /* ChatView.swift in Sources */,
				9414C8FA74298DE0DF48D759 /* ClientIdentity.swift in Sources */,
				EA71EAA46A46B7ED3009A942 /* ConfettiLab.swift in Sources */,
				BBFCF7DD06B72A18B1DBC63E /* ConnectingView.swift in Sources */,
				60342C78A130F40DD1726710 /* ConnectionState.swift in Sources */,
				DB36633D34F589487D8ED6D1 /* CryptoEngine.swift in Sources */,
				37AEB826FD4E4255BEF0A8CE /* DiagnosticReportService.swift in Sources */,
				7E7C85F28D65340254A2F302 /* ErrorReporter.swift in Sources */,
				452474235E7C879E9686978B /* FounderChatPromptModal.swift in Sources */,
				D19E4F7AD2D2372F6795BC42 /* FounderOutreach.swift in Sources */,
				851A2D6926F3E4E057C96E21 /* GatewayClient.swift in Sources */,
				DBA6749ED450A352E7A54FEA /* HTMLCardBubble.swift in Sources */,
				B29686244A17ABDF9A0DAE35 /* HTMLCardSanitizer.swift in Sources */,
				D71964EA9FCE6279922ED795 /* Haptics.swift in Sources */,
				A06A3D21029F79E807F38781 /* HapticsLab.swift in Sources */,
				D6725C71873E18476DE50DFF /* IntercomMacSheet.swift in Sources */,
				EEB2DAB553DDB617D1A33D1A /* IntercomMacWebView.swift in Sources */,
				40A99A5BCB7EC8B3307FC83F /* IntercomService.swift in Sources */,
				3BCDAEE981D96DBAE6998A6A /* LaunchActionStore.swift in Sources */,
				E914934D11E28D9A4A88EAD6 /* LegalConsent.swift in Sources */,
				2AAD36F244CA62DD1A701188 /* MatrixCredentialStore.swift in Sources */,
				A0B6CC2D7E1C240C87D6EF61 /* MatrixEnvironment.swift in Sources */,
				75A06B6A6C891D12BD49669B /* MatrixMedia.swift in Sources */,
				DA81A86F313D1C4ED4A16324 /* MatrixPairing.swift in Sources */,
				D68104E099A9D3E0D37A18D6 /* MatrixRoomSnapshot.swift in Sources */,
				21AA69DB860A21EA7248D57C /* MatrixSession.swift in Sources */,
				BDB305F544DA4B3C01B8B3D3 /* MatrixTimelineMapper.swift in Sources */,
				CBF9C19ECD484466C60C197E /* MessageBubble.swift in Sources */,
				87187C1F8BA83474C24D8CFA /* MessageTransport.swift in Sources */,
				B978F05F8D48E304A6AC6DAF /* PlatformAppDelegate.swift in Sources */,
				D02C328A2EDEFFB92700EB9E /* ProtocolModels.swift in Sources */,
				8EAA0DB6BE568DE1EFD8D966 /* PushNotificationService.swift in Sources */,
				2247288E706BC0A2CE49AA35 /* QRScannerView.swift in Sources */,
				CECD701C81C1A5420877FB98 /* RoomViewModel.swift in Sources */,
				B3439458F3DD828A0C77B797 /* SessionsSidebar.swift in Sources */,
				B16AEEC41FE3E265CAEB1488 /* SettingsSheet.swift in Sources */,
				FCFE7A586201F420E9AF6108 /* SetupView.swift in Sources */,
				5323913D55AE7DC01FF6522A /* SharedImageInbox.swift in Sources */,
				C02D7B2B31F4B312D0DB2014 /* SlidingSync.swift in Sources */,
				83A2F408D1CDD530D5D00040 /* SyncModel.swift in Sources */,
				802911DBE04560F5A3C51867 /* TalkToTeamButton.swift in Sources */,
				29C741B737A196510499D4C0 /* TelemetryManager.swift in Sources */,
				8B1D8FECC36DB6B1378123F4 /* TelemetryPreferences.swift in Sources */,
				5DF35CCD8A3B97CA3FA2B79E /* Theme.swift in Sources */,
				88703D51566895689C88B250 /* ToolCallBubble.swift in Sources */,
				B28C845296443884C4AD197C /* UpgradeViews.swift in Sources */,
				E13BDFFEFC536E4250AEC77F /* VersionPolicy.swift in Sources */,
				F72AF596F956CC0A0E19CA16 /* VoiceMessageViews.swift in Sources */,
				8CDE8E96667952C25B60E089 /* VoiceNotes.swift in Sources */,
				B02F39E74B2C5CDAE84AFECE /* chat4000App.swift in Sources */,
				D0C76657330EBA5D20213B2C /* chat4000Shortcuts.swift in Sources */,
			);
			runOnlyForDeploymentPostprocessing = 0;
		};
		50FE4C6B770F8F62D46DD1D9 /* Sources */ = {
			isa = PBXSourcesBuildPhase;
			buildActionMask = 2147483647;
			files = (
				DB7C6CCE509495B05D647B7E /* ChatViewModelRoomScopingTests.swift in Sources */,
				254205589902EB00DB9B618A /* MatrixCredentialStoreTests.swift in Sources */,
				A7C80BDC5C82EAF951CCF63E /* MatrixMediaTests.swift in Sources */,
				D4FCBCFFBE18E3ABF9590132 /* MatrixPairingTests.swift in Sources */,
				D885756211A7C2C6BA821541 /* MatrixTimelineMapperTests.swift in Sources */,
				6C601D50DB95815E2F4E24FF /* SharedImageInboxTests.swift in Sources */,
				8122D2340D8232055D544F33 /* SyncModelTests.swift in Sources */,
				3DF3D01BAA0374D35BBDE95C /* TwoCursorSyncTests.swift in Sources */,
				1C39FF19A2CB13123832860A /* VersionPolicyTests.swift in Sources */,
			);
			runOnlyForDeploymentPostprocessing = 0;
		};
/* End PBXSourcesBuildPhase section */

/* Begin PBXTargetDependency section */
		71A55B04B3C5831EB38F65CE /* PBXTargetDependency */ = {
			isa = PBXTargetDependency;
			target = 0E98DC1C8258F3BA8ED9744C /* chat4000iphonedev */;
			targetProxy = 36D5504D9B625039E278C844 /* PBXContainerItemProxy */;
		};
/* End PBXTargetDependency section */

/* Begin XCBuildConfiguration section */
		34E5C3F9F7320905A73016B7 /* Release */ = {
			isa = XCBuildConfiguration;
			buildSettings = {
				APP_APNS_ENV = "";
				APP_DISPLAY_NAME = chat4000;
				ASSETCATALOG_COMPILER_APPICON_NAME = AppIcon;
				CODE_SIGN_ENTITLEMENTS = Resources/chat4000Mac.entitlements;
				COMBINE_HIDPI_IMAGES = YES;
				DEBUG_INFORMATION_FORMAT = "dwarf-with-dsym";
				ENABLE_HARDENED_RUNTIME = YES;
				INFOPLIST_FILE = "Resources/Info-macOS.plist";
				LD_RUNPATH_SEARCH_PATHS = (
					"$(inherited)",
					"@executable_path/../Frameworks",
				);
				PRODUCT_BUNDLE_IDENTIFIER = com.neonnode.chat94app;
				PRODUCT_MODULE_NAME = chat4000;
				PRODUCT_NAME = chat4000;
				SDKROOT = macosx;
			};
			name = Release;
		};
		3A734B8989BD9E4FBC84F15F /* Debug */ = {
			isa = XCBuildConfiguration;
			buildSettings = {
				APP_APNS_ENV = development;
				APP_APPATTEST_ENV = development;
				APP_DISPLAY_NAME = chat4000;
				APP_DISTRIBUTION_CHANNEL = dev;
				ASSETCATALOG_COMPILER_APPICON_NAME = AppIcon;
				CODE_SIGN_ENTITLEMENTS = Resources/chat4000Debug.entitlements;
				CODE_SIGN_IDENTITY = "iPhone Developer";
				INFOPLIST_FILE = Resources/Info.plist;
				LD_RUNPATH_SEARCH_PATHS = (
					"$(inherited)",
					"@executable_path/Frameworks",
				);
				PRODUCT_BUNDLE_IDENTIFIER = com.neonnode.chat94app;
				PRODUCT_MODULE_NAME = chat4000;
				SDKROOT = iphoneos;
				SUPPORTS_XR_DESIGNED_FOR_IPHONE_IPAD = NO;
				TARGETED_DEVICE_FAMILY = 1;
			};
			name = Debug;
		};
		6359C0756E9FF5B0DBA7A434 /* Debug */ = {
			isa = XCBuildConfiguration;
			buildSettings = {
				BUNDLE_LOADER = "$(TEST_HOST)";
				GENERATE_INFOPLIST_FILE = YES;
				LD_RUNPATH_SEARCH_PATHS = (
					"$(inherited)",
					"@executable_path/Frameworks",
					"@loader_path/Frameworks",
				);
				PRODUCT_BUNDLE_IDENTIFIER = com.chat94.chat4000Tests;
				SDKROOT = iphoneos;
				SWIFT_TREAT_WARNINGS_AS_ERRORS = NO;
				TARGETED_DEVICE_FAMILY = "1,2";
				TEST_HOST = "$(BUILT_PRODUCTS_DIR)/chat4000iphonedev.app/chat4000iphonedev";
			};
			name = Debug;
		};
		68E0C4AF36727923C62980F3 /* Release */ = {
			isa = XCBuildConfiguration;
			buildSettings = {
				APP_APNS_ENV = development;
				APP_APPATTEST_ENV = development;
				APP_DISPLAY_NAME = chat4000Dev;
				APP_DISTRIBUTION_CHANNEL = dev;
				ASSETCATALOG_COMPILER_APPICON_NAME = AppIcon;
				CODE_SIGN_ENTITLEMENTS = Resources/chat4000.entitlements;
				CODE_SIGN_IDENTITY = "iPhone Developer";
				DEBUG_INFORMATION_FORMAT = "dwarf-with-dsym";
				INFOPLIST_FILE = Resources/Info.plist;
				LD_RUNPATH_SEARCH_PATHS = (
					"$(inherited)",
					"@executable_path/Frameworks",
				);
				PRODUCT_BUNDLE_IDENTIFIER = com.neonnode.chat94app.dev;
				PRODUCT_MODULE_NAME = chat4000;
				SDKROOT = iphoneos;
				SUPPORTS_XR_DESIGNED_FOR_IPHONE_IPAD = NO;
				TARGETED_DEVICE_FAMILY = 1;
			};
			name = Release;
		};
		A3E8525B508B8C7698A5B519 /* Debug */ = {
			isa = XCBuildConfiguration;
			buildSettings = {
				APP_APNS_ENV = "";
				APP_DISPLAY_NAME = chat4000;
				ASSETCATALOG_COMPILER_APPICON_NAME = AppIcon;
				CODE_SIGN_ENTITLEMENTS = Resources/chat4000Mac.entitlements;
				COMBINE_HIDPI_IMAGES = YES;
				ENABLE_HARDENED_RUNTIME = YES;
				INFOPLIST_FILE = "Resources/Info-macOS.plist";
				LD_RUNPATH_SEARCH_PATHS = (
					"$(inherited)",
					"@executable_path/../Frameworks",
				);
				PRODUCT_BUNDLE_IDENTIFIER = com.neonnode.chat94app;
				PRODUCT_MODULE_NAME = chat4000;
				PRODUCT_NAME = chat4000;
				SDKROOT = macosx;
			};
			name = Debug;
		};
		A6E78C1EDAA6613F0FB65339 /* Debug */ = {
			isa = XCBuildConfiguration;
			buildSettings = {
				ALWAYS_SEARCH_USER_PATHS = NO;
				APP_APNS_ENV = development;
				APP_APPATTEST_ENV = development;
				APP_DISPLAY_NAME = chat4000;
				APP_DISTRIBUTION_CHANNEL = dev;
				CLANG_ANALYZER_NONNULL = YES;
				CLANG_ANALYZER_NUMBER_OBJECT_CONVERSION = YES_AGGRESSIVE;
				CLANG_CXX_LANGUAGE_STANDARD = "gnu++14";
				CLANG_CXX_LIBRARY = "libc++";
				CLANG_ENABLE_MODULES = YES;
				CLANG_ENABLE_OBJC_ARC = YES;
				CLANG_ENABLE_OBJC_WEAK = YES;
				CLANG_WARN_BLOCK_CAPTURE_AUTORELEASING = YES;
				CLANG_WARN_BOOL_CONVERSION = YES;
				CLANG_WARN_COMMA = YES;
				CLANG_WARN_CONSTANT_CONVERSION = YES;
				CLANG_WARN_DEPRECATED_OBJC_IMPLEMENTATIONS = YES;
				CLANG_WARN_DIRECT_OBJC_ISA_USAGE = YES_ERROR;
				CLANG_WARN_DOCUMENTATION_COMMENTS = YES;
				CLANG_WARN_EMPTY_BODY = YES;
				CLANG_WARN_ENUM_CONVERSION = YES;
				CLANG_WARN_INFINITE_RECURSION = YES;
				CLANG_WARN_INT_CONVERSION = YES;
				CLANG_WARN_NON_LITERAL_NULL_CONVERSION = YES;
				CLANG_WARN_OBJC_IMPLICIT_RETAIN_SELF = YES;
				CLANG_WARN_OBJC_LITERAL_CONVERSION = YES;
				CLANG_WARN_OBJC_ROOT_CLASS = YES_ERROR;
				CLANG_WARN_QUOTED_INCLUDE_IN_FRAMEWORK_HEADER = YES;
				CLANG_WARN_RANGE_LOOP_ANALYSIS = YES;
				CLANG_WARN_STRICT_PROTOTYPES = YES;
				CLANG_WARN_SUSPICIOUS_MOVE = YES;
				CLANG_WARN_UNGUARDED_AVAILABILITY = YES_AGGRESSIVE;
				CLANG_WARN_UNREACHABLE_CODE = YES;
				CLANG_WARN__DUPLICATE_METHOD_MATCH = YES;
				CODE_SIGN_STYLE = Automatic;
				COPY_PHASE_STRIP = NO;
				CURRENT_PROJECT_VERSION = 9;
				DEBUG_INFORMATION_FORMAT = dwarf;
				DEVELOPMENT_TEAM = H45JD827CU;
				ENABLE_STRICT_OBJC_MSGSEND = YES;
				ENABLE_TESTABILITY = YES;
				GCC_C_LANGUAGE_STANDARD = gnu11;
				GCC_DYNAMIC_NO_PIC = NO;
				GCC_NO_COMMON_BLOCKS = YES;
				GCC_OPTIMIZATION_LEVEL = 0;
				GCC_PREPROCESSOR_DEFINITIONS = (
					"$(inherited)",
					"DEBUG=1",
				);
				GCC_WARN_64_TO_32_BIT_CONVERSION = YES;
				GCC_WARN_ABOUT_RETURN_TYPE = YES_ERROR;
				GCC_WARN_UNDECLARED_SELECTOR = YES;
				GCC_WARN_UNINITIALIZED_AUTOS = YES_AGGRESSIVE;
				GCC_WARN_UNUSED_FUNCTION = YES;
				GCC_WARN_UNUSED_VARIABLE = YES;
				IPHONEOS_DEPLOYMENT_TARGET = 17.0;
				MACOSX_DEPLOYMENT_TARGET = 14.0;
				MARKETING_VERSION = 1.1.0;
				MTL_ENABLE_DEBUG_INFO = INCLUDE_SOURCE;
				MTL_FAST_MATH = YES;
				ONLY_ACTIVE_ARCH = YES;
				PRODUCT_NAME = "$(TARGET_NAME)";
				SWIFT_ACTIVE_COMPILATION_CONDITIONS = DEBUG;
				SWIFT_OPTIMIZATION_LEVEL = "-Onone";
				SWIFT_STRICT_CONCURRENCY = complete;
				SWIFT_TREAT_WARNINGS_AS_ERRORS = YES;
				SWIFT_VERSION = 6.0;
			};
			name = Debug;
		};
		C05EEF4F9793F448F85E85BC /* Release */ = {
			isa = XCBuildConfiguration;
			buildSettings = {
				BUNDLE_LOADER = "$(TEST_HOST)";
				GENERATE_INFOPLIST_FILE = YES;
				LD_RUNPATH_SEARCH_PATHS = (
					"$(inherited)",
					"@executable_path/Frameworks",
					"@loader_path/Frameworks",
				);
				PRODUCT_BUNDLE_IDENTIFIER = com.chat94.chat4000Tests;
				SDKROOT = iphoneos;
				SWIFT_TREAT_WARNINGS_AS_ERRORS = NO;
				TARGETED_DEVICE_FAMILY = "1,2";
				TEST_HOST = "$(BUILT_PRODUCTS_DIR)/chat4000iphonedev.app/chat4000iphonedev";
			};
			name = Release;
		};
		DDD6820A13DFA46205929B82 /* Release */ = {
			isa = XCBuildConfiguration;
			buildSettings = {
				ALWAYS_SEARCH_USER_PATHS = NO;
				APP_APNS_ENV = development;
				APP_APPATTEST_ENV = development;
				APP_DISPLAY_NAME = chat4000;
				APP_DISTRIBUTION_CHANNEL = dev;
				CLANG_ANALYZER_NONNULL = YES;
				CLANG_ANALYZER_NUMBER_OBJECT_CONVERSION = YES_AGGRESSIVE;
				CLANG_CXX_LANGUAGE_STANDARD = "gnu++14";
				CLANG_CXX_LIBRARY = "libc++";
				CLANG_ENABLE_MODULES = YES;
				CLANG_ENABLE_OBJC_ARC = YES;
				CLANG_ENABLE_OBJC_WEAK = YES;
				CLANG_WARN_BLOCK_CAPTURE_AUTORELEASING = YES;
				CLANG_WARN_BOOL_CONVERSION = YES;
				CLANG_WARN_COMMA = YES;
				CLANG_WARN_CONSTANT_CONVERSION = YES;
				CLANG_WARN_DEPRECATED_OBJC_IMPLEMENTATIONS = YES;
				CLANG_WARN_DIRECT_OBJC_ISA_USAGE = YES_ERROR;
				CLANG_WARN_DOCUMENTATION_COMMENTS = YES;
				CLANG_WARN_EMPTY_BODY = YES;
				CLANG_WARN_ENUM_CONVERSION = YES;
				CLANG_WARN_INFINITE_RECURSION = YES;
				CLANG_WARN_INT_CONVERSION = YES;
				CLANG_WARN_NON_LITERAL_NULL_CONVERSION = YES;
				CLANG_WARN_OBJC_IMPLICIT_RETAIN_SELF = YES;
				CLANG_WARN_OBJC_LITERAL_CONVERSION = YES;
				CLANG_WARN_OBJC_ROOT_CLASS = YES_ERROR;
				CLANG_WARN_QUOTED_INCLUDE_IN_FRAMEWORK_HEADER = YES;
				CLANG_WARN_RANGE_LOOP_ANALYSIS = YES;
				CLANG_WARN_STRICT_PROTOTYPES = YES;
				CLANG_WARN_SUSPICIOUS_MOVE = YES;
				CLANG_WARN_UNGUARDED_AVAILABILITY = YES_AGGRESSIVE;
				CLANG_WARN_UNREACHABLE_CODE = YES;
				CLANG_WARN__DUPLICATE_METHOD_MATCH = YES;
				CODE_SIGN_STYLE = Automatic;
				COPY_PHASE_STRIP = NO;
				CURRENT_PROJECT_VERSION = 9;
				DEBUG_INFORMATION_FORMAT = "dwarf-with-dsym";
				DEVELOPMENT_TEAM = H45JD827CU;
				ENABLE_NS_ASSERTIONS = NO;
				ENABLE_STRICT_OBJC_MSGSEND = YES;
				GCC_C_LANGUAGE_STANDARD = gnu11;
				GCC_NO_COMMON_BLOCKS = YES;
				GCC_WARN_64_TO_32_BIT_CONVERSION = YES;
				GCC_WARN_ABOUT_RETURN_TYPE = YES_ERROR;
				GCC_WARN_UNDECLARED_SELECTOR = YES;
				GCC_WARN_UNINITIALIZED_AUTOS = YES_AGGRESSIVE;
				GCC_WARN_UNUSED_FUNCTION = YES;
				GCC_WARN_UNUSED_VARIABLE = YES;
				IPHONEOS_DEPLOYMENT_TARGET = 17.0;
				MACOSX_DEPLOYMENT_TARGET = 14.0;
				MARKETING_VERSION = 1.1.0;
				MTL_ENABLE_DEBUG_INFO = NO;
				MTL_FAST_MATH = YES;
				PRODUCT_NAME = "$(TARGET_NAME)";
				SWIFT_COMPILATION_MODE = wholemodule;
				SWIFT_OPTIMIZATION_LEVEL = "-O";
				SWIFT_STRICT_CONCURRENCY = complete;
				SWIFT_TREAT_WARNINGS_AS_ERRORS = YES;
				SWIFT_VERSION = 6.0;
			};
			name = Release;
		};
		E3421C07733AFC6591DC2FF2 /* Release */ = {
			isa = XCBuildConfiguration;
			buildSettings = {
				APP_APNS_ENV = production;
				APP_APPATTEST_ENV = production;
				APP_DISPLAY_NAME = chat4000;
				APP_DISTRIBUTION_CHANNEL = appstore;
				ASSETCATALOG_COMPILER_APPICON_NAME = AppIcon;
				CODE_SIGN_ENTITLEMENTS = Resources/chat4000.entitlements;
				CODE_SIGN_IDENTITY = "iPhone Developer";
				DEBUG_INFORMATION_FORMAT = "dwarf-with-dsym";
				INFOPLIST_FILE = Resources/Info.plist;
				LD_RUNPATH_SEARCH_PATHS = (
					"$(inherited)",
					"@executable_path/Frameworks",
				);
				PRODUCT_BUNDLE_IDENTIFIER = com.neonnode.chat94app;
				PRODUCT_MODULE_NAME = chat4000;
				SDKROOT = iphoneos;
				SUPPORTS_XR_DESIGNED_FOR_IPHONE_IPAD = NO;
				TARGETED_DEVICE_FAMILY = 1;
			};
			name = Release;
		};
		F0D5C80277A3C46A3FDC15CE /* Debug */ = {
			isa = XCBuildConfiguration;
			buildSettings = {
				APP_APNS_ENV = development;
				APP_APPATTEST_ENV = development;
				APP_DISPLAY_NAME = chat4000Dev;
				APP_DISTRIBUTION_CHANNEL = dev;
				ASSETCATALOG_COMPILER_APPICON_NAME = AppIcon;
				CODE_SIGN_ENTITLEMENTS = Resources/chat4000Debug.entitlements;
				CODE_SIGN_IDENTITY = "iPhone Developer";
				INFOPLIST_FILE = Resources/Info.plist;
				LD_RUNPATH_SEARCH_PATHS = (
					"$(inherited)",
					"@executable_path/Frameworks",
				);
				PRODUCT_BUNDLE_IDENTIFIER = com.neonnode.chat94app.dev;
				PRODUCT_MODULE_NAME = chat4000;
				SDKROOT = iphoneos;
				SUPPORTS_XR_DESIGNED_FOR_IPHONE_IPAD = NO;
				TARGETED_DEVICE_FAMILY = 1;
			};
			name = Debug;
		};
/* End XCBuildConfiguration section */

/* Begin XCConfigurationList section */
		84F7B8EDC57BA6F384FCD9F5 /* Build configuration list for PBXNativeTarget "chat4000iphonedev" */ = {
			isa = XCConfigurationList;
			buildConfigurations = (
				F0D5C80277A3C46A3FDC15CE /* Debug */,
				68E0C4AF36727923C62980F3 /* Release */,
			);
			defaultConfigurationIsVisible = 0;
			defaultConfigurationName = Debug;
		};
		AB7E31965365BB00E1E390C9 /* Build configuration list for PBXNativeTarget "chat4000Tests" */ = {
			isa = XCConfigurationList;
			buildConfigurations = (
				6359C0756E9FF5B0DBA7A434 /* Debug */,
				C05EEF4F9793F448F85E85BC /* Release */,
			);
			defaultConfigurationIsVisible = 0;
			defaultConfigurationName = Debug;
		};
		BA63EB2D426409544ABD3897 /* Build configuration list for PBXNativeTarget "chat4000mac" */ = {
			isa = XCConfigurationList;
			buildConfigurations = (
				A3E8525B508B8C7698A5B519 /* Debug */,
				34E5C3F9F7320905A73016B7 /* Release */,
			);
			defaultConfigurationIsVisible = 0;
			defaultConfigurationName = Debug;
		};
		E160940FFC5C4C1BBEA02091 /* Build configuration list for PBXProject "chat4000" */ = {
			isa = XCConfigurationList;
			buildConfigurations = (
				A6E78C1EDAA6613F0FB65339 /* Debug */,
				DDD6820A13DFA46205929B82 /* Release */,
			);
			defaultConfigurationIsVisible = 0;
			defaultConfigurationName = Debug;
		};
		F660539E8465EAA836AA513C /* Build configuration list for PBXNativeTarget "chat4000iphoneappstore" */ = {
			isa = XCConfigurationList;
			buildConfigurations = (
				3A734B8989BD9E4FBC84F15F /* Debug */,
				E3421C07733AFC6591DC2FF2 /* Release */,
			);
			defaultConfigurationIsVisible = 0;
			defaultConfigurationName = Debug;
		};
/* End XCConfigurationList section */

/* Begin XCLocalSwiftPackageReference section */
		9B677A4439616EF3D960455D /* XCLocalSwiftPackageReference "Vendor/MatrixSDKCrypto" */ = {
			isa = XCLocalSwiftPackageReference;
			relativePath = Vendor/MatrixSDKCrypto;
		};
/* End XCLocalSwiftPackageReference section */

/* Begin XCRemoteSwiftPackageReference section */
		05CA5C54ECE0805ED05E7153 /* XCRemoteSwiftPackageReference "ConfettiSwiftUI" */ = {
			isa = XCRemoteSwiftPackageReference;
			repositoryURL = "https://github.com/simibac/ConfettiSwiftUI.git";
			requirement = {
				kind = upToNextMajorVersion;
				minimumVersion = 1.0.0;
			};
		};
		380A8C4A79077054310203EE /* XCRemoteSwiftPackageReference "pulsar-ios" */ = {
			isa = XCRemoteSwiftPackageReference;
			repositoryURL = "https://github.com/software-mansion-labs/pulsar-ios.git";
			requirement = {
				kind = upToNextMajorVersion;
				minimumVersion = 1.0.0;
			};
		};
		470AC38DD02E6BEBD00C54B6 /* XCRemoteSwiftPackageReference "posthog-ios" */ = {
			isa = XCRemoteSwiftPackageReference;
			repositoryURL = "https://github.com/PostHog/posthog-ios.git";
			requirement = {
				kind = upToNextMajorVersion;
				minimumVersion = 3.0.0;
			};
		};
		51D2BA239BCAAC8B96EF092D /* XCRemoteSwiftPackageReference "intercom-ios" */ = {
			isa = XCRemoteSwiftPackageReference;
			repositoryURL = "https://github.com/intercom/intercom-ios.git";
			requirement = {
				kind = upToNextMajorVersion;
				minimumVersion = 19.0.0;
			};
		};
		54FCA7AEB5AC85CFA7DAC861 /* XCRemoteSwiftPackageReference "Vortex" */ = {
			isa = XCRemoteSwiftPackageReference;
			repositoryURL = "https://github.com/twostraws/Vortex.git";
			requirement = {
				kind = upToNextMajorVersion;
				minimumVersion = 1.0.0;
			};
		};
		551E5CB24E9746ED850C6C0C /* XCRemoteSwiftPackageReference "SPConfetti" */ = {
			isa = XCRemoteSwiftPackageReference;
			repositoryURL = "https://github.com/ivanvorobei/SPConfetti.git";
			requirement = {
				kind = upToNextMajorVersion;
				minimumVersion = 1.0.0;
			};
		};
		BD038A46DC6A65B5312F82EA /* XCRemoteSwiftPackageReference "sentry-cocoa" */ = {
			isa = XCRemoteSwiftPackageReference;
			repositoryURL = "https://github.com/getsentry/sentry-cocoa.git";
			requirement = {
				kind = upToNextMajorVersion;
				minimumVersion = 9.10.0;
			};
		};
/* End XCRemoteSwiftPackageReference section */

/* Begin XCSwiftPackageProductDependency section */
		00E91CF623C55BA12FE6E91D /* MatrixSDKCrypto */ = {
			isa = XCSwiftPackageProductDependency;
			productName = MatrixSDKCrypto;
		};
		0BDCF56CEA31C1B624465D7C /* SPConfetti */ = {
			isa = XCSwiftPackageProductDependency;
			package = 551E5CB24E9746ED850C6C0C /* XCRemoteSwiftPackageReference "SPConfetti" */;
			productName = SPConfetti;
		};
		0F2511B4D08991E82A7177B4 /* Intercom */ = {
			isa = XCSwiftPackageProductDependency;
			package = 51D2BA239BCAAC8B96EF092D /* XCRemoteSwiftPackageReference "intercom-ios" */;
			productName = Intercom;
		};
		17C44517B3E0325CF69F0E3C /* Vortex */ = {
			isa = XCSwiftPackageProductDependency;
			package = 54FCA7AEB5AC85CFA7DAC861 /* XCRemoteSwiftPackageReference "Vortex" */;
			productName = Vortex;
		};
		199DD1E568D2E07267FC264D /* MatrixSDKCrypto */ = {
			isa = XCSwiftPackageProductDependency;
			productName = MatrixSDKCrypto;
		};
		22A6C684720BC98F432DB9E2 /* Sentry */ = {
			isa = XCSwiftPackageProductDependency;
			package = BD038A46DC6A65B5312F82EA /* XCRemoteSwiftPackageReference "sentry-cocoa" */;
			productName = Sentry;
		};
		27DD8B1B5470369FA558FD3B /* PostHog */ = {
			isa = XCSwiftPackageProductDependency;
			package = 470AC38DD02E6BEBD00C54B6 /* XCRemoteSwiftPackageReference "posthog-ios" */;
			productName = PostHog;
		};
		30DA2285855C6228B7905EAB /* Pulsar */ = {
			isa = XCSwiftPackageProductDependency;
			package = 380A8C4A79077054310203EE /* XCRemoteSwiftPackageReference "pulsar-ios" */;
			productName = Pulsar;
		};
		316A6E007883AD327A4A7B1F /* MatrixSDKCrypto */ = {
			isa = XCSwiftPackageProductDependency;
			productName = MatrixSDKCrypto;
		};
		35A4ED5BD998D05E585717A2 /* PostHog */ = {
			isa = XCSwiftPackageProductDependency;
			package = 470AC38DD02E6BEBD00C54B6 /* XCRemoteSwiftPackageReference "posthog-ios" */;
			productName = PostHog;
		};
		436B4B23585838048168A1FB /* ConfettiSwiftUI */ = {
			isa = XCSwiftPackageProductDependency;
			package = 05CA5C54ECE0805ED05E7153 /* XCRemoteSwiftPackageReference "ConfettiSwiftUI" */;
			productName = ConfettiSwiftUI;
		};
		460A9CDE00F06A4D8ABF23E8 /* MatrixSDKCrypto */ = {
			isa = XCSwiftPackageProductDependency;
			productName = MatrixSDKCrypto;
		};
		4CFD4AB9E3DE7ECDAA1A90DE /* Sentry */ = {
			isa = XCSwiftPackageProductDependency;
			package = BD038A46DC6A65B5312F82EA /* XCRemoteSwiftPackageReference "sentry-cocoa" */;
			productName = Sentry;
		};
		67F38D3ABCD80A814D60B2EF /* PostHog */ = {
			isa = XCSwiftPackageProductDependency;
			package = 470AC38DD02E6BEBD00C54B6 /* XCRemoteSwiftPackageReference "posthog-ios" */;
			productName = PostHog;
		};
		68D83A1025C08CB45A6EFF30 /* Sentry */ = {
			isa = XCSwiftPackageProductDependency;
			package = BD038A46DC6A65B5312F82EA /* XCRemoteSwiftPackageReference "sentry-cocoa" */;
			productName = Sentry;
		};
		73B03FFF4363C57CE04C2CCF /* Pulsar */ = {
			isa = XCSwiftPackageProductDependency;
			package = 380A8C4A79077054310203EE /* XCRemoteSwiftPackageReference "pulsar-ios" */;
			productName = Pulsar;
		};
		AA640C6F4DF4F7CCFC12E6B8 /* Intercom */ = {
			isa = XCSwiftPackageProductDependency;
			package = 51D2BA239BCAAC8B96EF092D /* XCRemoteSwiftPackageReference "intercom-ios" */;
			productName = Intercom;
		};
		C14AFD743B5CAD21F46E0B88 /* SPConfetti */ = {
			isa = XCSwiftPackageProductDependency;
			package = 551E5CB24E9746ED850C6C0C /* XCRemoteSwiftPackageReference "SPConfetti" */;
			productName = SPConfetti;
		};
		C413FCFC2A59AAC4F058EEE8 /* Vortex */ = {
			isa = XCSwiftPackageProductDependency;
			package = 54FCA7AEB5AC85CFA7DAC861 /* XCRemoteSwiftPackageReference "Vortex" */;
			productName = Vortex;
		};
		D8F3FFF42D72FD2800A712FD /* ConfettiSwiftUI */ = {
			isa = XCSwiftPackageProductDependency;
			package = 05CA5C54ECE0805ED05E7153 /* XCRemoteSwiftPackageReference "ConfettiSwiftUI" */;
			productName = ConfettiSwiftUI;
		};
/* End XCSwiftPackageProductDependency section */
	};
	rootObject = 8170F8DB11ABA22193CB59FB /* Project object */;
}
